<?xml version="1.0" encoding="utf-8"?>
<Project ToolsVersion="4.0" xmlns="http://schemas.microsoft.com/developer/msbuild/2003">
  <ItemGroup>
    <Filter Include="Source Files">
      <UniqueIdentifier>{4FC737F1-C7A5-4376-A066-2A32D752A2FF}</UniqueIdentifier>
      <Extensions>cpp;c;cc;cxx;c++;cppm;ixx;def;odl;idl;hpj;bat;asm;asmx</Extensions>
    </Filter>
    <Filter Include="Header Files">
      <UniqueIdentifier>{93995380-89BD-4b04-88EB-625FBE52EBFB}</UniqueIdentifier>
      <Extensions>h;hh;hpp;hxx;h++;hm;inl;inc;ipp;xsd</Extensions>
    </Filter>
    <Filter Include="Resource Files">
      <UniqueIdentifier>{67DA6AB6-F800-4c08-8B7A-83BB121AAD01}</UniqueIdentifier>
      <Extensions>rc;ico;cur;bmp;dlg;rc2;rct;bin;rgs;gif;jpg;jpeg;jpe;resx;tiff;tif;png;wav;mfcribbon-ms</Extensions>
    </Filter>
  </ItemGroup>
  <ItemGroup>
    <ClInclude Include="ImageOperators.h">
      <Filter>Header Files</Filter>
    </ClInclude>
    <ClInclude Include="ImageData.h">
      <Filter>Header Files</Filter>
    </ClInclude>
    <ClInclude Include="Tools.h">
      <Filter>Header Files</Filter>
    </ClInclude>
    <ClInclude Include="BareWaferAlignmentImageData.h">
      <Filter>Header Files</Filter>
    </ClInclude>
    <ClInclude Include="PixelSize.h">
      <Filter>Header Files</Filter>
    </ClInclude>
    <ClInclude Include="PointsDetector.h">
      <Filter>Header Files</Filter>
    </ClInclude>
    <ClInclude Include="TypeAdapters.h">
      <Filter>Header Files</Filter>
    </ClInclude>
    <ClInclude Include="ManagedEventQueue.h">
      <Filter>Header Files</Filter>
    </ClInclude>
    <ClInclude Include="ShapeDetector.h">
      <Filter>Header Files</Filter>
    </ClInclude>
    <ClInclude Include="SpikeDetector.h">
      <Filter>Header Files</Filter>
    </ClInclude>
    <ClInclude Include="EdgeDetector.h">
      <Filter>Header Files</Filter>
    </ClInclude>
    <ClInclude Include="Registration.h">
      <Filter>Header Files</Filter>
    </ClInclude>
    <ClInclude Include="PhaseShiftingInterferometry.h">
      <Filter>Header Files</Filter>
    </ClInclude>
    <ClInclude Include="BareWaferAlignment.h">
      <Filter>Header Files</Filter>
    </ClInclude>
    <ClInclude Include="resource.h">
      <Filter>Header Files</Filter>
    </ClInclude>
    <ClInclude Include="WaferDetector.h">
      <Filter>Header Files</Filter>
    </ClInclude>
    <ClInclude Include="NotchDetector.h">
      <Filter>Header Files</Filter>
    </ClInclude>
    <ClInclude Include="Filter.h">
      <Filter>Header Files</Filter>
    </ClInclude>
    <ClInclude Include="PositionImageData.h">
      <Filter>Header Files</Filter>
    </ClInclude>
    <ClInclude Include="PSDMat.h">
      <Filter>Header Files</Filter>
    </ClInclude>
    <ClInclude Include="Stitcher.h">
      <Filter>Header Files</Filter>
    </ClInclude>
    <ClInclude Include="PhaseShiftingDeflectometry.h">
      <Filter>Header Files</Filter>
    </ClInclude>
    <ClInclude Include="Convertor.h">
      <Filter>Header Files</Filter>
    </ClInclude>
    <ClInclude Include="ImageType.h">
      <Filter>Header Files</Filter>
    </ClInclude>
    <ClInclude Include="PSDCalibration.h">
      <Filter>Header Files</Filter>
    </ClInclude>
    <ClInclude Include="DistortionCalibration.h">
      <Filter>Header Files</Filter>
    </ClInclude>
    <ClInclude Include="NanoTopography.h">
      <Filter>Header Files</Filter>
    </ClInclude>
    <ClInclude Include="MetroCDCircle.h">
      <Filter>Header Files</Filter>
    </ClInclude>
  </ItemGroup>
  <ItemGroup>
    <ClCompile Include="ImageOperators.cpp">
      <Filter>Source Files</Filter>
    </ClCompile>
    <ClCompile Include="Tools.cpp">
      <Filter>Source Files</Filter>
    </ClCompile>
    <ClCompile Include="TypeAdapters.cpp">
      <Filter>Source Files</Filter>
    </ClCompile>
    <ClCompile Include="ManagedEventQueue.cpp">
      <Filter>Source Files</Filter>
    </ClCompile>
    <ClCompile Include="PointsDetector.cpp">
      <Filter>Source Files</Filter>
    </ClCompile>
    <ClCompile Include="ShapeDetector.cpp">
      <Filter>Source Files</Filter>
    </ClCompile>
    <ClCompile Include="SpikeDetector.cpp">
      <Filter>Source Files</Filter>
    </ClCompile>
    <ClCompile Include="EdgeDetector.cpp">
      <Filter>Source Files</Filter>
    </ClCompile>
    <ClCompile Include="Registration.cpp">
      <Filter>Source Files</Filter>
    </ClCompile>
    <ClCompile Include="PhaseShiftingInterferometry.cpp">
      <Filter>Source Files</Filter>
    </ClCompile>
    <ClCompile Include="BareWaferAlignment.cpp">
      <Filter>Source Files</Filter>
    </ClCompile>
    <ClCompile Include="WaferDetector.cpp">
      <Filter>Source Files</Filter>
    </ClCompile>
    <ClCompile Include="NotchDetector.cpp">
      <Filter>Source Files</Filter>
    </ClCompile>
    <ClCompile Include="Filter.cpp">
      <Filter>Source Files</Filter>
    </ClCompile>
    <ClCompile Include="PSDMat.cpp">
      <Filter>Source Files</Filter>
    </ClCompile>
    <ClCompile Include="Stitcher.cpp">
      <Filter>Source Files</Filter>
    </ClCompile>
    <ClCompile Include="PhaseShiftingDeflectometry.cpp">
      <Filter>Source Files</Filter>
    </ClCompile>
    <ClCompile Include="Convertor.cpp">
      <Filter>Source Files</Filter>
    </ClCompile>
    <ClCompile Include="PSDCalibration.cpp">
      <Filter>Source Files</Filter>
    </ClCompile>
    <ClCompile Include="DistortionCalibration.cpp">
      <Filter>Source Files</Filter>
    </ClCompile>
    <ClCompile Include="NanoTopography.cpp">
      <Filter>Source Files</Filter>
    </ClCompile>
    <ClCompile Include="MetroCDCircle.cpp">
      <Filter>Source Files</Filter>
    </ClCompile>
  </ItemGroup>
  <ItemGroup>
    <ResourceCompile Include="UnitySC.Shared.Algos.OpenCVWrapper.rc">
      <Filter>Resource Files</Filter>
    </ResourceCompile>
  </ItemGroup>
</Project>