<?xml version="1.0" encoding="utf-8"?>
<Project ToolsVersion="4.0" xmlns="http://schemas.microsoft.com/developer/msbuild/2003">
  <ItemGroup>
    <Filter Include="BaseAlgos">
      <UniqueIdentifier>{b9095a8a-b8c7-41a1-b0c1-070ba2710b39}</UniqueIdentifier>
    </Filter>
    <Filter Include="EventLogger">
      <UniqueIdentifier>{5122c905-6e0a-471c-b6cd-0451e73a58f3}</UniqueIdentifier>
    </Filter>
    <Filter Include="Topography">
      <UniqueIdentifier>{4e634609-e2f7-4925-91e0-a216cc01b291}</UniqueIdentifier>
    </Filter>
    <Filter Include="Convertor">
      <UniqueIdentifier>{2948e08c-1e1e-4de5-bb53-1888dc91d0cf}</UniqueIdentifier>
    </Filter>
    <Filter Include="LibInternals">
      <UniqueIdentifier>{a99daf28-d338-46f6-84a3-e27bf0af6c14}</UniqueIdentifier>
    </Filter>
    <Filter Include="BareWaferAlignment">
      <UniqueIdentifier>{6107a8fd-1296-4b9a-8179-f2f47c526e26}</UniqueIdentifier>
    </Filter>
    <Filter Include="PSD">
      <UniqueIdentifier>{c54689d2-82b9-4181-9fb4-bc0a67b24366}</UniqueIdentifier>
    </Filter>
    <Filter Include="PSDCalibration">
      <UniqueIdentifier>{de5ad159-c810-41f5-bc05-29751e289dbd}</UniqueIdentifier>
    </Filter>
    <Filter Include="MetrologyCD">
      <UniqueIdentifier>{217e0206-a8bd-4fb8-928d-7fe1fa0e122d}</UniqueIdentifier>
    </Filter>
  </ItemGroup>
  <ItemGroup>
    <ClInclude Include="..\Include\2DMatrixAnalysis.hpp">
      <Filter>BaseAlgos</Filter>
    </ClInclude>
    <ClInclude Include="..\Include\C1DSignalAnalysis.hpp">
      <Filter>BaseAlgos</Filter>
    </ClInclude>
    <ClInclude Include="..\Include\C2DSignalAnalysis.hpp">
      <Filter>BaseAlgos</Filter>
    </ClInclude>
    <ClInclude Include="..\Include\CEdgeDetector.hpp">
      <Filter>BaseAlgos</Filter>
    </ClInclude>
    <ClInclude Include="..\Include\CFilters.hpp">
      <Filter>BaseAlgos</Filter>
    </ClInclude>
    <ClInclude Include="..\Include\CImageOperators.hpp">
      <Filter>BaseAlgos</Filter>
    </ClInclude>
    <ClInclude Include="..\Include\CShapeFinder.hpp">
      <Filter>BaseAlgos</Filter>
    </ClInclude>
    <ClInclude Include="..\Include\CRegistration.hpp">
      <Filter>BaseAlgos</Filter>
    </ClInclude>
    <ClInclude Include="LoggerOCV.hpp">
      <Filter>EventLogger</Filter>
    </ClInclude>
    <ClInclude Include="..\Include\CEvent.hpp">
      <Filter>EventLogger</Filter>
    </ClInclude>
    <ClInclude Include="..\Include\CEventHandler.hpp">
      <Filter>EventLogger</Filter>
    </ClInclude>
    <ClInclude Include="..\Include\CEventQueue.hpp">
      <Filter>EventLogger</Filter>
    </ClInclude>
    <ClInclude Include="ReliabilityHistUnwrap.hpp">
      <Filter>Topography</Filter>
    </ClInclude>
    <ClInclude Include="GoldsteinUnwrap.hpp">
      <Filter>Topography</Filter>
    </ClInclude>
    <ClInclude Include="PhaseMapping.hpp">
      <Filter>Topography</Filter>
    </ClInclude>
    <ClInclude Include="..\Include\CPhaseShiftingInterferometry.hpp">
      <Filter>Topography</Filter>
    </ClInclude>
    <ClInclude Include="QualGuidedUnwrap.hpp">
      <Filter>Topography</Filter>
    </ClInclude>
    <ClInclude Include="Linspace.hpp">
      <Filter>LibInternals</Filter>
    </ClInclude>
    <ClInclude Include="ReportingUtils.hpp">
      <Filter>LibInternals</Filter>
    </ClInclude>
    <ClInclude Include="..\Include\CImageTypeConvertor.hpp">
      <Filter>Convertor</Filter>
    </ClInclude>
    <ClInclude Include="PolarTransform.hpp">
      <Filter>LibInternals</Filter>
    </ClInclude>
    <ClInclude Include="SymmetryDetector.hpp">
      <Filter>LibInternals</Filter>
    </ClInclude>
    <ClInclude Include="Point.hpp">
      <Filter>LibInternals</Filter>
    </ClInclude>
    <ClInclude Include="PolarImageCropper.hpp">
      <Filter>LibInternals</Filter>
    </ClInclude>
    <ClInclude Include="WaferImageGenerator.hpp">
      <Filter>BareWaferAlignment</Filter>
    </ClInclude>
    <ClInclude Include="..\Include\Wafer.hpp">
      <Filter>BareWaferAlignment</Filter>
    </ClInclude>
    <ClInclude Include="..\Include\EdgeImage.hpp">
      <Filter>BareWaferAlignment</Filter>
    </ClInclude>
    <ClInclude Include="..\Include\NotchImage.hpp">
      <Filter>BareWaferAlignment</Filter>
    </ClInclude>
    <ClInclude Include="..\Include\HyperAccurateCircleFitter.hpp">
      <Filter>BareWaferAlignment</Filter>
    </ClInclude>
    <ClInclude Include="..\Include\ICircleFitter.hpp">
      <Filter>BareWaferAlignment</Filter>
    </ClInclude>
    <ClInclude Include="..\Include\Status.hpp">
      <Filter>BareWaferAlignment</Filter>
    </ClInclude>
    <ClInclude Include="..\Include\NamedType.hpp">
      <Filter>BareWaferAlignment</Filter>
    </ClInclude>
    <ClInclude Include="ErrorLogging.hpp">
      <Filter>EventLogger</Filter>
    </ClInclude>
    <ClInclude Include="PhaseMappingWithResidualFringeRemoving.hpp">
      <Filter>Topography</Filter>
    </ClInclude>
    <ClInclude Include="FourierTransform.hpp">
      <Filter>BaseAlgos</Filter>
    </ClInclude>
    <ClInclude Include="PhaseMappingWithHariharan.hpp">
      <Filter>Topography</Filter>
    </ClInclude>
    <ClInclude Include="Utils.hpp">
      <Filter>Topography</Filter>
    </ClInclude>
    <ClInclude Include="..\Include\NotchFinder.hpp">
      <Filter>PSD</Filter>
    </ClInclude>
    <ClInclude Include="..\Include\WaferFinder.hpp">
      <Filter>PSD</Filter>
    </ClInclude>
    <ClInclude Include="GeneralizedPhaseMapping.hpp">
      <Filter>Topography</Filter>
    </ClInclude>
    <ClInclude Include="..\Include\CPhaseShiftingDeflectometry.hpp">
      <Filter>Topography</Filter>
    </ClInclude>
    <ClInclude Include="..\Include\WrappedPhaseMap.hpp">
      <Filter>Topography</Filter>
    </ClInclude>
    <ClInclude Include="..\Include\MultiperiodUnwrap.hpp">
      <Filter>Topography</Filter>
    </ClInclude>
    <ClInclude Include="CheckerBoardsDetector.hpp">
      <Filter>PSDCalibration</Filter>
    </ClInclude>
    <ClInclude Include="..\Include\CameraCalibration.hpp">
      <Filter>PSDCalibration</Filter>
    </ClInclude>
    <ClInclude Include="..\Include\SystemCalibration.hpp">
      <Filter>PSDCalibration</Filter>
    </ClInclude>
    <ClInclude Include="..\Include\CalibrationParameters.hpp">
      <Filter>PSDCalibration</Filter>
    </ClInclude>
    <ClInclude Include="..\Include\CheckerBoardOrigins.hpp">
      <Filter>PSDCalibration</Filter>
    </ClInclude>
    <ClInclude Include="..\Include\CheckerBoardsSettings.hpp">
      <Filter>PSDCalibration</Filter>
    </ClInclude>
    <ClInclude Include="..\Include\InputSystemParameters.hpp">
      <Filter>PSDCalibration</Filter>
    </ClInclude>
    <ClInclude Include="..\Include\WaferDetector.hpp">
      <Filter>PSDCalibration</Filter>
    </ClInclude>
    <ClInclude Include="..\Include\CUtils.hpp">
      <Filter>BaseAlgos</Filter>
    </ClInclude>
    <ClInclude Include="..\Include\CDistortionCalibration.hpp">
      <Filter>BaseAlgos</Filter>
    </ClInclude>
    <ClInclude Include="..\Include\BWAReportOption.hpp">
      <Filter>BareWaferAlignment</Filter>
    </ClInclude>
    <ClInclude Include="..\Include\AngularReflectionsCalibration.hpp">
      <Filter>PSDCalibration</Filter>
    </ClInclude>
    <ClInclude Include="..\Include\NormalEstimation.hpp">
      <Filter>PSDCalibration</Filter>
    </ClInclude>
    <ClInclude Include="..\Include\MetroBaseEnums.hpp">
      <Filter>MetrologyCD</Filter>
    </ClInclude>
    <ClInclude Include="..\Include\MetroBase.hpp">
      <Filter>MetrologyCD</Filter>
    </ClInclude>
    <ClInclude Include="..\Include\MetroCircleSeeker.hpp">
      <Filter>MetrologyCD</Filter>
    </ClInclude>
    <ClInclude Include="..\Include\MetroSeeker.hpp">
      <Filter>MetrologyCD</Filter>
    </ClInclude>
    <ClInclude Include="RadonTransform.hpp">
      <Filter>BaseAlgos</Filter>
    </ClInclude>
    <ClInclude Include="HyperAccurateEllipseFitter.hpp">
      <Filter>BareWaferAlignment</Filter>
    </ClInclude>
    <ClInclude Include="IEllipseFitter.hpp">
      <Filter>BareWaferAlignment</Filter>
    </ClInclude>
    <ClInclude Include="CircularTheoricalGrid.hpp">
      <Filter>PSD</Filter>
    </ClInclude>
  </ItemGroup>
  <ItemGroup>
    <ClCompile Include="2DMatrixAnalysis.Cpp">
      <Filter>BaseAlgos</Filter>
    </ClCompile>
    <ClCompile Include="C1DSignalAnalysis.cpp">
      <Filter>BaseAlgos</Filter>
    </ClCompile>
    <ClCompile Include="C2DSignalAnalysis.cpp">
      <Filter>BaseAlgos</Filter>
    </ClCompile>
    <ClCompile Include="CEdgeDetector.cpp">
      <Filter>BaseAlgos</Filter>
    </ClCompile>
    <ClCompile Include="CFilters.cpp">
      <Filter>BaseAlgos</Filter>
    </ClCompile>
    <ClCompile Include="CImageOperators.cpp">
      <Filter>BaseAlgos</Filter>
    </ClCompile>
    <ClCompile Include="CRegistration.cpp">
      <Filter>BaseAlgos</Filter>
    </ClCompile>
    <ClCompile Include="CShapeFinder.cpp">
      <Filter>BaseAlgos</Filter>
    </ClCompile>
    <ClCompile Include="CEventQueue.cpp">
      <Filter>EventLogger</Filter>
    </ClCompile>
    <ClCompile Include="CEvent.cpp">
      <Filter>EventLogger</Filter>
    </ClCompile>
    <ClCompile Include="ReliabilityHistUnwrap.cpp">
      <Filter>Topography</Filter>
    </ClCompile>
    <ClCompile Include="GoldsteinUnwrap.cpp">
      <Filter>Topography</Filter>
    </ClCompile>
    <ClCompile Include="PhaseMapping.cpp">
      <Filter>Topography</Filter>
    </ClCompile>
    <ClCompile Include="CPhaseShiftingInterferometry.cpp">
      <Filter>Topography</Filter>
    </ClCompile>
    <ClCompile Include="QualGuidedUnwrap.cpp">
      <Filter>Topography</Filter>
    </ClCompile>
    <ClCompile Include="ReportingUtils.cpp">
      <Filter>LibInternals</Filter>
    </ClCompile>
    <ClCompile Include="CImageTypeConvertor.cpp">
      <Filter>Convertor</Filter>
    </ClCompile>
    <ClCompile Include="PolarTransform.cpp">
      <Filter>LibInternals</Filter>
    </ClCompile>
    <ClCompile Include="SymmetryDetector.cpp">
      <Filter>LibInternals</Filter>
    </ClCompile>
    <ClCompile Include="Point.cpp">
      <Filter>LibInternals</Filter>
    </ClCompile>
    <ClCompile Include="PolarImageCropper.cpp">
      <Filter>LibInternals</Filter>
    </ClCompile>
    <ClCompile Include="Wafer.cpp">
      <Filter>BareWaferAlignment</Filter>
    </ClCompile>
    <ClCompile Include="WaferImageGenerator.cpp">
      <Filter>BareWaferAlignment</Filter>
    </ClCompile>
    <ClCompile Include="EdgeImage.cpp">
      <Filter>BareWaferAlignment</Filter>
    </ClCompile>
    <ClCompile Include="NotchImage.cpp">
      <Filter>BareWaferAlignment</Filter>
    </ClCompile>
    <ClCompile Include="HyperAccurateCircleFitter.cpp">
      <Filter>BareWaferAlignment</Filter>
    </ClCompile>
    <ClCompile Include="PhaseMappingWithResidualFringeRemoving.cpp">
      <Filter>Topography</Filter>
    </ClCompile>
    <ClCompile Include="FourierTransform.cpp">
      <Filter>BaseAlgos</Filter>
    </ClCompile>
    <ClCompile Include="PhaseMappingWithHariharan.cpp">
      <Filter>Topography</Filter>
    </ClCompile>
    <ClCompile Include="Utils.cpp">
      <Filter>Topography</Filter>
    </ClCompile>
    <ClCompile Include="NotchFinder.cpp">
      <Filter>PSD</Filter>
    </ClCompile>
    <ClCompile Include="WaferFinder.cpp">
      <Filter>PSD</Filter>
    </ClCompile>
    <ClCompile Include="GeneralizedPhaseMapping.cpp">
      <Filter>Topography</Filter>
    </ClCompile>
    <ClCompile Include="CPhaseShiftingDeflectometry.cpp">
      <Filter>Topography</Filter>
    </ClCompile>
    <ClCompile Include="MultiperiodUnwrap.cpp">
      <Filter>Topography</Filter>
    </ClCompile>
    <ClCompile Include="NormalEstimation.cpp">
      <Filter>PSDCAlibration</Filter>
    </ClCompile>
    <ClCompile Include="SystemCalibration.cpp">
      <Filter>PSDCalibration</Filter>
    </ClCompile>
    <ClCompile Include="CheckerBoardsDetector.cpp">
      <Filter>PSDCalibration</Filter>
    </ClCompile>
    <ClCompile Include="CameraCalibration.cpp">
      <Filter>PSDCalibration</Filter>
    </ClCompile>
    <ClCompile Include="WaferDetector.cpp">
      <Filter>PSDCalibration</Filter>
    </ClCompile>
    <ClCompile Include="CUtils.cpp">
      <Filter>BaseAlgos</Filter>
    </ClCompile>
    <ClCompile Include="AngularReflectionsCalibration.cpp">
      <Filter>PSDCalibration</Filter>
    </ClCompile>
    <ClCompile Include="CDistortionCalibration.cpp">
      <Filter>BaseAlgos</Filter>
    </ClCompile>
    <ClCompile Include="MetroSeeker.cpp">
      <Filter>MetrologyCD</Filter>
    </ClCompile>
    <ClCompile Include="MetroBase.cpp">
      <Filter>MetrologyCD</Filter>
    </ClCompile>
    <ClCompile Include="MetroCircleSeeker.cpp">
      <Filter>MetrologyCD</Filter>
    </ClCompile>
    <ClCompile Include="RadonTransform.cpp">
      <Filter>BaseAlgos</Filter>
    </ClCompile>
    <ClCompile Include="HyperAccurateEllipseFitter.cpp">
      <Filter>BareWaferAlignment</Filter>
    </ClCompile>
    <ClCompile Include="NanoTopography.cpp">
      <Filter>Topography</Filter>
    </ClCompile>
    <ClCompile Include="NanoTopography.hpp">
      <Filter>Topography</Filter>
    </ClCompile>
    <ClCompile Include="CircularTheoricalGrid.cpp">
      <Filter>PSD</Filter>
    </ClCompile>
  </ItemGroup>
</Project>
