
Microsoft Visual Studio Solution File, Format Version 12.00
# Visual Studio Version 17
VisualStudioVersion = 17.10.35004.147
MinimumVisualStudioVersion = 10.0.40219.1
Project("{FAE04EC0-301F-11D3-BF4B-00C04F79EFBC}") = "UnitySC.Shared.Format.Base", "UnitySC.Shared.Format.Base\UnitySC.Shared.Format.Base.csproj", "{9C64DC4B-5DFB-4E28-8C2E-C5907B6D729F}"
EndProject
Project("{FAE04EC0-301F-11D3-BF4B-00C04F79EFBC}") = "UnitySC.Shared.Format.001", "UnitySC.Shared.Format.001\UnitySC.Shared.Format.001.csproj", "{9DD55FF9-EB75-4D58-B643-65E4572E021F}"
EndProject
Project("{FAE04EC0-301F-11D3-BF4B-00C04F79EFBC}") = "Format.001.Test", "Tests\Format.001.Test\Format.001.Test.csproj", "{C380069F-A438-4ACD-8E14-98298A44A0E1}"
EndProject
Project("{2150E333-8FDC-42A3-9474-1A3956D46DE8}") = "Tests", "Tests", "{AF3E1D87-C2C7-4030-9C67-E7EBCD76B5A3}"
EndProject
Project("{FAE04EC0-301F-11D3-BF4B-00C04F79EFBC}") = "UnitySC.Shared.Format.Factory", "UnitySC.Shared.Format.Factory\UnitySC.Shared.Format.Factory.csproj", "{8297566A-E410-457A-A985-52B294C49CD5}"
EndProject
Project("{FAE04EC0-301F-11D3-BF4B-00C04F79EFBC}") = "Format.Factory.Test", "Tests\Format.Factory.Test\Format.Factory.Test.csproj", "{A4B4BDB2-D524-4263-9C7B-266035BFF8BF}"
EndProject
Project("{FAE04EC0-301F-11D3-BF4B-00C04F79EFBC}") = "UnitySC.Shared.Data", "..\UnitySC.Shared.Data\UnitySC.Shared.Data.csproj", "{2F55B3A5-F966-4650-9EDB-EDA8F4B4F3E2}"
EndProject
Project("{FAE04EC0-301F-11D3-BF4B-00C04F79EFBC}") = "UnitySC.Shared.Tools", "..\UnitySC.Shared.Tools\UnitySC.Shared.Tools.csproj", "{FC8ED3A2-FF0A-48B1-A35D-BF6AF5C3DDC7}"
EndProject
Project("{FAE04EC0-301F-11D3-BF4B-00C04F79EFBC}") = "Helper", "Tests\Helper\Helper.csproj", "{B10E87CA-38EF-4ADF-8F4D-BF12C9683850}"
EndProject
Project("{2150E333-8FDC-42A3-9474-1A3956D46DE8}") = "Shared", "Shared", "{E5325112-A45A-49C5-AD74-AB89F2C0FFC9}"
EndProject
Project("{2150E333-8FDC-42A3-9474-1A3956D46DE8}") = "BaseAndFactory", "BaseAndFactory", "{A7BBFC14-C437-4161-B45C-DEA56EDFB05B}"
EndProject
Project("{FAE04EC0-301F-11D3-BF4B-00C04F79EFBC}") = "UnitySC.Shared.Display.001", "UnitySC.Shared.Display.001\UnitySC.Shared.Display.001.csproj", "{0039AEC4-4376-46BC-8717-39DBE6DA4F29}"
EndProject
Project("{FAE04EC0-301F-11D3-BF4B-00C04F79EFBC}") = "UnitySC.Shared.Format.Helper", "UnitySC.Shared.Format.Helper\UnitySC.Shared.Format.Helper.csproj", "{35911960-2EA5-4505-AB61-C98D8B5345F7}"
EndProject
Project("{2150E333-8FDC-42A3-9474-1A3956D46DE8}") = "_001-Klarf", "_001-Klarf", "{8AB01E4D-3509-4C11-8291-A701A4F00B07}"
EndProject
Project("{FAE04EC0-301F-11D3-BF4B-00C04F79EFBC}") = "UnitySC.Shared.Logger", "..\UnitySC.Shared.Logger\UnitySC.Shared.Logger.csproj", "{5E8633AB-C625-49EF-A0A1-632C630E97C8}"
EndProject
Project("{2150E333-8FDC-42A3-9474-1A3956D46DE8}") = "_ASO", "_ASO", "{D4101E2B-C3E8-49EA-83E5-31F322A2404D}"
EndProject
Project("{FAE04EC0-301F-11D3-BF4B-00C04F79EFBC}") = "UnitySC.Shared.Format.ASO", "UnitySC.Shared.Format.ASO\UnitySC.Shared.Format.ASO.csproj", "{9C65F137-2C18-41E2-8627-54D49A254189}"
EndProject
Project("{FAE04EC0-301F-11D3-BF4B-00C04F79EFBC}") = "UnitySC.Shared.Display.ASO", "UnitySC.Shared.Display.ASO\UnitySC.Shared.Display.ASO.csproj", "{7C604A22-8D8D-4CAD-AEE9-80E96DE4402F}"
EndProject
Project("{FAE04EC0-301F-11D3-BF4B-00C04F79EFBC}") = "Format.ASO.Test", "Tests\Format.ASO.Test\Format.ASO.Test.csproj", "{1E3896DF-211B-4B5A-9A8E-A19194C47C52}"
EndProject
Project("{2150E333-8FDC-42A3-9474-1A3956D46DE8}") = "_Haze", "_Haze", "{DE22E9FD-0386-440A-BF19-9E85D1044DDE}"
EndProject
Project("{FAE04EC0-301F-11D3-BF4B-00C04F79EFBC}") = "UnitySC.Shared.Format.HAZE", "UnitySC.Shared.Format.HAZE\UnitySC.Shared.Format.HAZE.csproj", "{36B3D208-5A0E-4F29-B9E0-7F3408778BD9}"
EndProject
Project("{FAE04EC0-301F-11D3-BF4B-00C04F79EFBC}") = "UnitySC.Shared.Display.HAZE", "UnitySC.Shared.Display.HAZE\UnitySC.Shared.Display.HAZE.csproj", "{18BC0645-C0F2-46DD-A1A8-7FC58730D756}"
EndProject
Project("{FAE04EC0-301F-11D3-BF4B-00C04F79EFBC}") = "Format.HAZE.Test", "Tests\Format.HAZE.Test\Format.HAZE.Test.csproj", "{6069F6AD-62C3-4F2A-9F4D-4F151BDA4AD3}"
EndProject
Project("{2150E333-8FDC-42A3-9474-1A3956D46DE8}") = "_Metro", "_Metro", "{42A91D80-E51A-41CD-8753-817DACB77ED4}"
EndProject
Project("{FAE04EC0-301F-11D3-BF4B-00C04F79EFBC}") = "UnitySC.Shared.Format.Metro", "UnitySC.Shared.Format.Metro\UnitySC.Shared.Format.Metro.csproj", "{79893DE6-6FE7-4DC0-B5C0-D451F8628A98}"
EndProject
Project("{FAE04EC0-301F-11D3-BF4B-00C04F79EFBC}") = "UnitySC.Shared.Display.Metro", "UnitySC.Shared.Display.Metro\UnitySC.Shared.Display.Metro.csproj", "{BD4440F5-8D16-4609-88C0-F643F583921B}"
EndProject
Project("{FAE04EC0-301F-11D3-BF4B-00C04F79EFBC}") = "UnitySC.Shared.Format.Metro.Test", "Tests\UnitySC.Shared.Format.Metro.Test\UnitySC.Shared.Format.Metro.Test.csproj", "{B82E81AF-AA91-4228-9D02-AEFDD481DB14}"
EndProject
Project("{FAE04EC0-301F-11D3-BF4B-00C04F79EFBC}") = "UnitySC.Shared.Format.Data.FormatFile.Test", "Tests\UnitySC.Shared.Format.Data.FormatFile.Test\UnitySC.Shared.Format.Data.FormatFile.Test.csproj", "{933354D0-B3C1-4490-8C40-3431C86D64BC}"
EndProject
Project("{FAE04EC0-301F-11D3-BF4B-00C04F79EFBC}") = "UnitySC.ADCAS300Like.Common", "..\..\Dataflow\ADC\AS300Like\ADCCommon\UnitySC.ADCAS300Like.Common.csproj", "{946EB8CB-20F1-4219-9361-35C0E7D60EB3}"
EndProject
Global
	GlobalSection(SolutionConfigurationPlatforms) = preSolution
		Debug|Any CPU = Debug|Any CPU
		Debug|x64 = Debug|x64
		Release|Any CPU = Release|Any CPU
		Release|x64 = Release|x64
	EndGlobalSection
	GlobalSection(ProjectConfigurationPlatforms) = postSolution
		{9C64DC4B-5DFB-4E28-8C2E-C5907B6D729F}.Debug|Any CPU.ActiveCfg = Debug|Any CPU
		{9C64DC4B-5DFB-4E28-8C2E-C5907B6D729F}.Debug|Any CPU.Build.0 = Debug|Any CPU
		{9C64DC4B-5DFB-4E28-8C2E-C5907B6D729F}.Debug|x64.ActiveCfg = Debug|x64
		{9C64DC4B-5DFB-4E28-8C2E-C5907B6D729F}.Debug|x64.Build.0 = Debug|x64
		{9C64DC4B-5DFB-4E28-8C2E-C5907B6D729F}.Release|Any CPU.ActiveCfg = Release|Any CPU
		{9C64DC4B-5DFB-4E28-8C2E-C5907B6D729F}.Release|Any CPU.Build.0 = Release|Any CPU
		{9C64DC4B-5DFB-4E28-8C2E-C5907B6D729F}.Release|x64.ActiveCfg = Release|x64
		{9C64DC4B-5DFB-4E28-8C2E-C5907B6D729F}.Release|x64.Build.0 = Release|x64
		{9DD55FF9-EB75-4D58-B643-65E4572E021F}.Debug|Any CPU.ActiveCfg = Debug|Any CPU
		{9DD55FF9-EB75-4D58-B643-65E4572E021F}.Debug|Any CPU.Build.0 = Debug|Any CPU
		{9DD55FF9-EB75-4D58-B643-65E4572E021F}.Debug|x64.ActiveCfg = Debug|x64
		{9DD55FF9-EB75-4D58-B643-65E4572E021F}.Debug|x64.Build.0 = Debug|x64
		{9DD55FF9-EB75-4D58-B643-65E4572E021F}.Release|Any CPU.ActiveCfg = Release|Any CPU
		{9DD55FF9-EB75-4D58-B643-65E4572E021F}.Release|Any CPU.Build.0 = Release|Any CPU
		{9DD55FF9-EB75-4D58-B643-65E4572E021F}.Release|x64.ActiveCfg = Release|x64
		{9DD55FF9-EB75-4D58-B643-65E4572E021F}.Release|x64.Build.0 = Release|x64
		{C380069F-A438-4ACD-8E14-98298A44A0E1}.Debug|Any CPU.ActiveCfg = Debug|Any CPU
		{C380069F-A438-4ACD-8E14-98298A44A0E1}.Debug|Any CPU.Build.0 = Debug|Any CPU
		{C380069F-A438-4ACD-8E14-98298A44A0E1}.Debug|x64.ActiveCfg = Debug|x64
		{C380069F-A438-4ACD-8E14-98298A44A0E1}.Debug|x64.Build.0 = Debug|x64
		{C380069F-A438-4ACD-8E14-98298A44A0E1}.Release|Any CPU.ActiveCfg = Release|Any CPU
		{C380069F-A438-4ACD-8E14-98298A44A0E1}.Release|Any CPU.Build.0 = Release|Any CPU
		{C380069F-A438-4ACD-8E14-98298A44A0E1}.Release|x64.ActiveCfg = Release|x64
		{C380069F-A438-4ACD-8E14-98298A44A0E1}.Release|x64.Build.0 = Release|x64
		{8297566A-E410-457A-A985-52B294C49CD5}.Debug|Any CPU.ActiveCfg = Debug|Any CPU
		{8297566A-E410-457A-A985-52B294C49CD5}.Debug|Any CPU.Build.0 = Debug|Any CPU
		{8297566A-E410-457A-A985-52B294C49CD5}.Debug|x64.ActiveCfg = Debug|x64
		{8297566A-E410-457A-A985-52B294C49CD5}.Debug|x64.Build.0 = Debug|x64
		{8297566A-E410-457A-A985-52B294C49CD5}.Release|Any CPU.ActiveCfg = Release|Any CPU
		{8297566A-E410-457A-A985-52B294C49CD5}.Release|Any CPU.Build.0 = Release|Any CPU
		{8297566A-E410-457A-A985-52B294C49CD5}.Release|x64.ActiveCfg = Release|x64
		{8297566A-E410-457A-A985-52B294C49CD5}.Release|x64.Build.0 = Release|x64
		{A4B4BDB2-D524-4263-9C7B-266035BFF8BF}.Debug|Any CPU.ActiveCfg = Debug|Any CPU
		{A4B4BDB2-D524-4263-9C7B-266035BFF8BF}.Debug|Any CPU.Build.0 = Debug|Any CPU
		{A4B4BDB2-D524-4263-9C7B-266035BFF8BF}.Debug|x64.ActiveCfg = Debug|x64
		{A4B4BDB2-D524-4263-9C7B-266035BFF8BF}.Debug|x64.Build.0 = Debug|x64
		{A4B4BDB2-D524-4263-9C7B-266035BFF8BF}.Release|Any CPU.ActiveCfg = Release|Any CPU
		{A4B4BDB2-D524-4263-9C7B-266035BFF8BF}.Release|Any CPU.Build.0 = Release|Any CPU
		{A4B4BDB2-D524-4263-9C7B-266035BFF8BF}.Release|x64.ActiveCfg = Release|x64
		{A4B4BDB2-D524-4263-9C7B-266035BFF8BF}.Release|x64.Build.0 = Release|x64
		{2F55B3A5-F966-4650-9EDB-EDA8F4B4F3E2}.Debug|Any CPU.ActiveCfg = Debug|Any CPU
		{2F55B3A5-F966-4650-9EDB-EDA8F4B4F3E2}.Debug|Any CPU.Build.0 = Debug|Any CPU
		{2F55B3A5-F966-4650-9EDB-EDA8F4B4F3E2}.Debug|x64.ActiveCfg = Debug|x64
		{2F55B3A5-F966-4650-9EDB-EDA8F4B4F3E2}.Debug|x64.Build.0 = Debug|x64
		{2F55B3A5-F966-4650-9EDB-EDA8F4B4F3E2}.Release|Any CPU.ActiveCfg = Release|Any CPU
		{2F55B3A5-F966-4650-9EDB-EDA8F4B4F3E2}.Release|Any CPU.Build.0 = Release|Any CPU
		{2F55B3A5-F966-4650-9EDB-EDA8F4B4F3E2}.Release|x64.ActiveCfg = Release|x64
		{2F55B3A5-F966-4650-9EDB-EDA8F4B4F3E2}.Release|x64.Build.0 = Release|x64
		{FC8ED3A2-FF0A-48B1-A35D-BF6AF5C3DDC7}.Debug|Any CPU.ActiveCfg = Debug|Any CPU
		{FC8ED3A2-FF0A-48B1-A35D-BF6AF5C3DDC7}.Debug|Any CPU.Build.0 = Debug|Any CPU
		{FC8ED3A2-FF0A-48B1-A35D-BF6AF5C3DDC7}.Debug|x64.ActiveCfg = Debug|x64
		{FC8ED3A2-FF0A-48B1-A35D-BF6AF5C3DDC7}.Debug|x64.Build.0 = Debug|x64
		{FC8ED3A2-FF0A-48B1-A35D-BF6AF5C3DDC7}.Release|Any CPU.ActiveCfg = Release|Any CPU
		{FC8ED3A2-FF0A-48B1-A35D-BF6AF5C3DDC7}.Release|Any CPU.Build.0 = Release|Any CPU
		{FC8ED3A2-FF0A-48B1-A35D-BF6AF5C3DDC7}.Release|x64.ActiveCfg = Release|x64
		{FC8ED3A2-FF0A-48B1-A35D-BF6AF5C3DDC7}.Release|x64.Build.0 = Release|x64
		{B10E87CA-38EF-4ADF-8F4D-BF12C9683850}.Debug|Any CPU.ActiveCfg = Debug|Any CPU
		{B10E87CA-38EF-4ADF-8F4D-BF12C9683850}.Debug|Any CPU.Build.0 = Debug|Any CPU
		{B10E87CA-38EF-4ADF-8F4D-BF12C9683850}.Debug|x64.ActiveCfg = Debug|x64
		{B10E87CA-38EF-4ADF-8F4D-BF12C9683850}.Debug|x64.Build.0 = Debug|x64
		{B10E87CA-38EF-4ADF-8F4D-BF12C9683850}.Release|Any CPU.ActiveCfg = Release|Any CPU
		{B10E87CA-38EF-4ADF-8F4D-BF12C9683850}.Release|Any CPU.Build.0 = Release|Any CPU
		{B10E87CA-38EF-4ADF-8F4D-BF12C9683850}.Release|x64.ActiveCfg = Release|x64
		{B10E87CA-38EF-4ADF-8F4D-BF12C9683850}.Release|x64.Build.0 = Release|x64
		{0039AEC4-4376-46BC-8717-39DBE6DA4F29}.Debug|Any CPU.ActiveCfg = Debug|Any CPU
		{0039AEC4-4376-46BC-8717-39DBE6DA4F29}.Debug|Any CPU.Build.0 = Debug|Any CPU
		{0039AEC4-4376-46BC-8717-39DBE6DA4F29}.Debug|x64.ActiveCfg = Debug|x64
		{0039AEC4-4376-46BC-8717-39DBE6DA4F29}.Debug|x64.Build.0 = Debug|x64
		{0039AEC4-4376-46BC-8717-39DBE6DA4F29}.Release|Any CPU.ActiveCfg = Release|Any CPU
		{0039AEC4-4376-46BC-8717-39DBE6DA4F29}.Release|Any CPU.Build.0 = Release|Any CPU
		{0039AEC4-4376-46BC-8717-39DBE6DA4F29}.Release|x64.ActiveCfg = Release|x64
		{0039AEC4-4376-46BC-8717-39DBE6DA4F29}.Release|x64.Build.0 = Release|x64
		{35911960-2EA5-4505-AB61-C98D8B5345F7}.Debug|Any CPU.ActiveCfg = Debug|Any CPU
		{35911960-2EA5-4505-AB61-C98D8B5345F7}.Debug|Any CPU.Build.0 = Debug|Any CPU
		{35911960-2EA5-4505-AB61-C98D8B5345F7}.Debug|x64.ActiveCfg = Debug|x64
		{35911960-2EA5-4505-AB61-C98D8B5345F7}.Debug|x64.Build.0 = Debug|x64
		{35911960-2EA5-4505-AB61-C98D8B5345F7}.Release|Any CPU.ActiveCfg = Release|Any CPU
		{35911960-2EA5-4505-AB61-C98D8B5345F7}.Release|Any CPU.Build.0 = Release|Any CPU
		{35911960-2EA5-4505-AB61-C98D8B5345F7}.Release|x64.ActiveCfg = Release|x64
		{35911960-2EA5-4505-AB61-C98D8B5345F7}.Release|x64.Build.0 = Release|x64
		{5E8633AB-C625-49EF-A0A1-632C630E97C8}.Debug|Any CPU.ActiveCfg = Debug|Any CPU
		{5E8633AB-C625-49EF-A0A1-632C630E97C8}.Debug|Any CPU.Build.0 = Debug|Any CPU
		{5E8633AB-C625-49EF-A0A1-632C630E97C8}.Debug|x64.ActiveCfg = Debug|x64
		{5E8633AB-C625-49EF-A0A1-632C630E97C8}.Debug|x64.Build.0 = Debug|x64
		{5E8633AB-C625-49EF-A0A1-632C630E97C8}.Release|Any CPU.ActiveCfg = Release|Any CPU
		{5E8633AB-C625-49EF-A0A1-632C630E97C8}.Release|Any CPU.Build.0 = Release|Any CPU
		{5E8633AB-C625-49EF-A0A1-632C630E97C8}.Release|x64.ActiveCfg = Release|x64
		{5E8633AB-C625-49EF-A0A1-632C630E97C8}.Release|x64.Build.0 = Release|x64
		{9C65F137-2C18-41E2-8627-54D49A254189}.Debug|Any CPU.ActiveCfg = Debug|Any CPU
		{9C65F137-2C18-41E2-8627-54D49A254189}.Debug|Any CPU.Build.0 = Debug|Any CPU
		{9C65F137-2C18-41E2-8627-54D49A254189}.Debug|x64.ActiveCfg = Debug|x64
		{9C65F137-2C18-41E2-8627-54D49A254189}.Debug|x64.Build.0 = Debug|x64
		{9C65F137-2C18-41E2-8627-54D49A254189}.Release|Any CPU.ActiveCfg = Release|Any CPU
		{9C65F137-2C18-41E2-8627-54D49A254189}.Release|Any CPU.Build.0 = Release|Any CPU
		{9C65F137-2C18-41E2-8627-54D49A254189}.Release|x64.ActiveCfg = Release|x64
		{9C65F137-2C18-41E2-8627-54D49A254189}.Release|x64.Build.0 = Release|x64
		{7C604A22-8D8D-4CAD-AEE9-80E96DE4402F}.Debug|Any CPU.ActiveCfg = Debug|Any CPU
		{7C604A22-8D8D-4CAD-AEE9-80E96DE4402F}.Debug|Any CPU.Build.0 = Debug|Any CPU
		{7C604A22-8D8D-4CAD-AEE9-80E96DE4402F}.Debug|x64.ActiveCfg = Debug|x64
		{7C604A22-8D8D-4CAD-AEE9-80E96DE4402F}.Debug|x64.Build.0 = Debug|x64
		{7C604A22-8D8D-4CAD-AEE9-80E96DE4402F}.Release|Any CPU.ActiveCfg = Release|Any CPU
		{7C604A22-8D8D-4CAD-AEE9-80E96DE4402F}.Release|Any CPU.Build.0 = Release|Any CPU
		{7C604A22-8D8D-4CAD-AEE9-80E96DE4402F}.Release|x64.ActiveCfg = Release|x64
		{7C604A22-8D8D-4CAD-AEE9-80E96DE4402F}.Release|x64.Build.0 = Release|x64
		{1E3896DF-211B-4B5A-9A8E-A19194C47C52}.Debug|Any CPU.ActiveCfg = Debug|Any CPU
		{1E3896DF-211B-4B5A-9A8E-A19194C47C52}.Debug|Any CPU.Build.0 = Debug|Any CPU
		{1E3896DF-211B-4B5A-9A8E-A19194C47C52}.Debug|x64.ActiveCfg = Debug|x64
		{1E3896DF-211B-4B5A-9A8E-A19194C47C52}.Debug|x64.Build.0 = Debug|x64
		{1E3896DF-211B-4B5A-9A8E-A19194C47C52}.Release|Any CPU.ActiveCfg = Release|Any CPU
		{1E3896DF-211B-4B5A-9A8E-A19194C47C52}.Release|Any CPU.Build.0 = Release|Any CPU
		{1E3896DF-211B-4B5A-9A8E-A19194C47C52}.Release|x64.ActiveCfg = Release|x64
		{1E3896DF-211B-4B5A-9A8E-A19194C47C52}.Release|x64.Build.0 = Release|x64
		{36B3D208-5A0E-4F29-B9E0-7F3408778BD9}.Debug|Any CPU.ActiveCfg = Debug|Any CPU
		{36B3D208-5A0E-4F29-B9E0-7F3408778BD9}.Debug|Any CPU.Build.0 = Debug|Any CPU
		{36B3D208-5A0E-4F29-B9E0-7F3408778BD9}.Debug|x64.ActiveCfg = Debug|x64
		{36B3D208-5A0E-4F29-B9E0-7F3408778BD9}.Debug|x64.Build.0 = Debug|x64
		{36B3D208-5A0E-4F29-B9E0-7F3408778BD9}.Release|Any CPU.ActiveCfg = Release|Any CPU
		{36B3D208-5A0E-4F29-B9E0-7F3408778BD9}.Release|Any CPU.Build.0 = Release|Any CPU
		{36B3D208-5A0E-4F29-B9E0-7F3408778BD9}.Release|x64.ActiveCfg = Release|x64
		{36B3D208-5A0E-4F29-B9E0-7F3408778BD9}.Release|x64.Build.0 = Release|x64
		{18BC0645-C0F2-46DD-A1A8-7FC58730D756}.Debug|Any CPU.ActiveCfg = Debug|Any CPU
		{18BC0645-C0F2-46DD-A1A8-7FC58730D756}.Debug|Any CPU.Build.0 = Debug|Any CPU
		{18BC0645-C0F2-46DD-A1A8-7FC58730D756}.Debug|x64.ActiveCfg = Debug|x64
		{18BC0645-C0F2-46DD-A1A8-7FC58730D756}.Debug|x64.Build.0 = Debug|x64
		{18BC0645-C0F2-46DD-A1A8-7FC58730D756}.Release|Any CPU.ActiveCfg = Release|Any CPU
		{18BC0645-C0F2-46DD-A1A8-7FC58730D756}.Release|Any CPU.Build.0 = Release|Any CPU
		{18BC0645-C0F2-46DD-A1A8-7FC58730D756}.Release|x64.ActiveCfg = Release|x64
		{18BC0645-C0F2-46DD-A1A8-7FC58730D756}.Release|x64.Build.0 = Release|x64
		{6069F6AD-62C3-4F2A-9F4D-4F151BDA4AD3}.Debug|Any CPU.ActiveCfg = Debug|Any CPU
		{6069F6AD-62C3-4F2A-9F4D-4F151BDA4AD3}.Debug|Any CPU.Build.0 = Debug|Any CPU
		{6069F6AD-62C3-4F2A-9F4D-4F151BDA4AD3}.Debug|x64.ActiveCfg = Debug|x64
		{6069F6AD-62C3-4F2A-9F4D-4F151BDA4AD3}.Debug|x64.Build.0 = Debug|x64
		{6069F6AD-62C3-4F2A-9F4D-4F151BDA4AD3}.Release|Any CPU.ActiveCfg = Release|Any CPU
		{6069F6AD-62C3-4F2A-9F4D-4F151BDA4AD3}.Release|Any CPU.Build.0 = Release|Any CPU
		{6069F6AD-62C3-4F2A-9F4D-4F151BDA4AD3}.Release|x64.ActiveCfg = Release|x64
		{6069F6AD-62C3-4F2A-9F4D-4F151BDA4AD3}.Release|x64.Build.0 = Release|x64
		{79893DE6-6FE7-4DC0-B5C0-D451F8628A98}.Debug|Any CPU.ActiveCfg = Debug|Any CPU
		{79893DE6-6FE7-4DC0-B5C0-D451F8628A98}.Debug|Any CPU.Build.0 = Debug|Any CPU
		{79893DE6-6FE7-4DC0-B5C0-D451F8628A98}.Debug|x64.ActiveCfg = Debug|x64
		{79893DE6-6FE7-4DC0-B5C0-D451F8628A98}.Debug|x64.Build.0 = Debug|x64
		{79893DE6-6FE7-4DC0-B5C0-D451F8628A98}.Release|Any CPU.ActiveCfg = Release|Any CPU
		{79893DE6-6FE7-4DC0-B5C0-D451F8628A98}.Release|Any CPU.Build.0 = Release|Any CPU
		{79893DE6-6FE7-4DC0-B5C0-D451F8628A98}.Release|x64.ActiveCfg = Release|x64
		{79893DE6-6FE7-4DC0-B5C0-D451F8628A98}.Release|x64.Build.0 = Release|x64
		{BD4440F5-8D16-4609-88C0-F643F583921B}.Debug|Any CPU.ActiveCfg = Debug|Any CPU
		{BD4440F5-8D16-4609-88C0-F643F583921B}.Debug|Any CPU.Build.0 = Debug|Any CPU
		{BD4440F5-8D16-4609-88C0-F643F583921B}.Debug|x64.ActiveCfg = Debug|x64
		{BD4440F5-8D16-4609-88C0-F643F583921B}.Debug|x64.Build.0 = Debug|x64
		{BD4440F5-8D16-4609-88C0-F643F583921B}.Release|Any CPU.ActiveCfg = Release|Any CPU
		{BD4440F5-8D16-4609-88C0-F643F583921B}.Release|Any CPU.Build.0 = Release|Any CPU
		{BD4440F5-8D16-4609-88C0-F643F583921B}.Release|x64.ActiveCfg = Release|x64
		{BD4440F5-8D16-4609-88C0-F643F583921B}.Release|x64.Build.0 = Release|x64
		{B82E81AF-AA91-4228-9D02-AEFDD481DB14}.Debug|Any CPU.ActiveCfg = Debug|Any CPU
		{B82E81AF-AA91-4228-9D02-AEFDD481DB14}.Debug|Any CPU.Build.0 = Debug|Any CPU
		{B82E81AF-AA91-4228-9D02-AEFDD481DB14}.Debug|x64.ActiveCfg = Debug|x64
		{B82E81AF-AA91-4228-9D02-AEFDD481DB14}.Debug|x64.Build.0 = Debug|x64
		{B82E81AF-AA91-4228-9D02-AEFDD481DB14}.Release|Any CPU.ActiveCfg = Release|Any CPU
		{B82E81AF-AA91-4228-9D02-AEFDD481DB14}.Release|Any CPU.Build.0 = Release|Any CPU
		{B82E81AF-AA91-4228-9D02-AEFDD481DB14}.Release|x64.ActiveCfg = Release|x64
		{B82E81AF-AA91-4228-9D02-AEFDD481DB14}.Release|x64.Build.0 = Release|x64
		{933354D0-B3C1-4490-8C40-3431C86D64BC}.Debug|Any CPU.ActiveCfg = Debug|Any CPU
		{933354D0-B3C1-4490-8C40-3431C86D64BC}.Debug|Any CPU.Build.0 = Debug|Any CPU
		{933354D0-B3C1-4490-8C40-3431C86D64BC}.Debug|x64.ActiveCfg = Debug|x64
		{933354D0-B3C1-4490-8C40-3431C86D64BC}.Debug|x64.Build.0 = Debug|x64
		{933354D0-B3C1-4490-8C40-3431C86D64BC}.Release|Any CPU.ActiveCfg = Release|Any CPU
		{933354D0-B3C1-4490-8C40-3431C86D64BC}.Release|Any CPU.Build.0 = Release|Any CPU
		{933354D0-B3C1-4490-8C40-3431C86D64BC}.Release|x64.ActiveCfg = Release|x64
		{933354D0-B3C1-4490-8C40-3431C86D64BC}.Release|x64.Build.0 = Release|x64
		{946EB8CB-20F1-4219-9361-35C0E7D60EB3}.Debug|Any CPU.ActiveCfg = Debug|Any CPU
		{946EB8CB-20F1-4219-9361-35C0E7D60EB3}.Debug|Any CPU.Build.0 = Debug|Any CPU
		{946EB8CB-20F1-4219-9361-35C0E7D60EB3}.Debug|x64.ActiveCfg = Debug|x64
		{946EB8CB-20F1-4219-9361-35C0E7D60EB3}.Debug|x64.Build.0 = Debug|x64
		{946EB8CB-20F1-4219-9361-35C0E7D60EB3}.Release|Any CPU.ActiveCfg = Release|Any CPU
		{946EB8CB-20F1-4219-9361-35C0E7D60EB3}.Release|Any CPU.Build.0 = Release|Any CPU
		{946EB8CB-20F1-4219-9361-35C0E7D60EB3}.Release|x64.ActiveCfg = Release|x64
		{946EB8CB-20F1-4219-9361-35C0E7D60EB3}.Release|x64.Build.0 = Release|x64
	EndGlobalSection
	GlobalSection(SolutionProperties) = preSolution
		HideSolutionNode = FALSE
	EndGlobalSection
	GlobalSection(NestedProjects) = preSolution
		{9C64DC4B-5DFB-4E28-8C2E-C5907B6D729F} = {A7BBFC14-C437-4161-B45C-DEA56EDFB05B}
		{9DD55FF9-EB75-4D58-B643-65E4572E021F} = {8AB01E4D-3509-4C11-8291-A701A4F00B07}
		{C380069F-A438-4ACD-8E14-98298A44A0E1} = {AF3E1D87-C2C7-4030-9C67-E7EBCD76B5A3}
		{8297566A-E410-457A-A985-52B294C49CD5} = {A7BBFC14-C437-4161-B45C-DEA56EDFB05B}
		{A4B4BDB2-D524-4263-9C7B-266035BFF8BF} = {AF3E1D87-C2C7-4030-9C67-E7EBCD76B5A3}
		{2F55B3A5-F966-4650-9EDB-EDA8F4B4F3E2} = {E5325112-A45A-49C5-AD74-AB89F2C0FFC9}
		{FC8ED3A2-FF0A-48B1-A35D-BF6AF5C3DDC7} = {E5325112-A45A-49C5-AD74-AB89F2C0FFC9}
		{B10E87CA-38EF-4ADF-8F4D-BF12C9683850} = {AF3E1D87-C2C7-4030-9C67-E7EBCD76B5A3}
		{0039AEC4-4376-46BC-8717-39DBE6DA4F29} = {8AB01E4D-3509-4C11-8291-A701A4F00B07}
		{35911960-2EA5-4505-AB61-C98D8B5345F7} = {A7BBFC14-C437-4161-B45C-DEA56EDFB05B}
		{5E8633AB-C625-49EF-A0A1-632C630E97C8} = {E5325112-A45A-49C5-AD74-AB89F2C0FFC9}
		{9C65F137-2C18-41E2-8627-54D49A254189} = {D4101E2B-C3E8-49EA-83E5-31F322A2404D}
		{7C604A22-8D8D-4CAD-AEE9-80E96DE4402F} = {D4101E2B-C3E8-49EA-83E5-31F322A2404D}
		{1E3896DF-211B-4B5A-9A8E-A19194C47C52} = {AF3E1D87-C2C7-4030-9C67-E7EBCD76B5A3}
		{36B3D208-5A0E-4F29-B9E0-7F3408778BD9} = {DE22E9FD-0386-440A-BF19-9E85D1044DDE}
		{18BC0645-C0F2-46DD-A1A8-7FC58730D756} = {DE22E9FD-0386-440A-BF19-9E85D1044DDE}
		{6069F6AD-62C3-4F2A-9F4D-4F151BDA4AD3} = {AF3E1D87-C2C7-4030-9C67-E7EBCD76B5A3}
		{79893DE6-6FE7-4DC0-B5C0-D451F8628A98} = {42A91D80-E51A-41CD-8753-817DACB77ED4}
		{BD4440F5-8D16-4609-88C0-F643F583921B} = {42A91D80-E51A-41CD-8753-817DACB77ED4}
		{B82E81AF-AA91-4228-9D02-AEFDD481DB14} = {AF3E1D87-C2C7-4030-9C67-E7EBCD76B5A3}
		{933354D0-B3C1-4490-8C40-3431C86D64BC} = {AF3E1D87-C2C7-4030-9C67-E7EBCD76B5A3}
		{946EB8CB-20F1-4219-9361-35C0E7D60EB3} = {E5325112-A45A-49C5-AD74-AB89F2C0FFC9}
	EndGlobalSection
	GlobalSection(ExtensibilityGlobals) = postSolution
		SolutionGuid = {2C39D075-8A5B-4352-BB9A-90F962AE594F}
	EndGlobalSection
EndGlobal
