<?xml version="1.0" encoding="utf-8"?>
<Project ToolsVersion="4.0" xmlns="http://schemas.microsoft.com/developer/msbuild/2003">
  <ItemGroup>
    <Filter Include="Source Files">
      <UniqueIdentifier>{4FC737F1-C7A5-4376-A066-2A32D752A2FF}</UniqueIdentifier>
      <Extensions>cpp;c;cc;cxx;def;odl;idl;hpj;bat;asm;asmx</Extensions>
    </Filter>
    <Filter Include="Header Files">
      <UniqueIdentifier>{93995380-89BD-4b04-88EB-625FBE52EBFB}</UniqueIdentifier>
      <Extensions>h;hh;hpp;hxx;hm;inl;inc;ipp;xsd</Extensions>
    </Filter>
    <Filter Include="Resource Files">
      <UniqueIdentifier>{67DA6AB6-F800-4c08-8B7A-83BB121AAD01}</UniqueIdentifier>
      <Extensions>rc;ico;cur;bmp;dlg;rc2;rct;bin;rgs;gif;jpg;jpeg;jpe;resx;tiff;tif;png;wav;mfcribbon-ms</Extensions>
    </Filter>
    <Filter Include="Source Files\FD_LISEED">
      <UniqueIdentifier>{d7f1ed26-f4a5-47c1-98fe-929434ca7e14}</UniqueIdentifier>
    </Filter>
    <Filter Include="Source Files\FD_LISE_General">
      <UniqueIdentifier>{d9f52b47-f560-447f-a2f0-d9221c89f56d}</UniqueIdentifier>
    </Filter>
    <Filter Include="Source Files\SrcC">
      <UniqueIdentifier>{d8c7db62-755f-4ad5-b5e2-56ef80cdfd3a}</UniqueIdentifier>
    </Filter>
    <Filter Include="Source Files\FD_FogaleProbe">
      <UniqueIdentifier>{984ce3cb-8f2d-41b8-a607-f45d4ff89209}</UniqueIdentifier>
    </Filter>
    <Filter Include="Source Files\FD_DBLLISEED">
      <UniqueIdentifier>{49df9a29-3ab4-4962-b2c1-b2ca3acc9e39}</UniqueIdentifier>
    </Filter>
    <Filter Include="Source Files\NIDAQ_SDK">
      <UniqueIdentifier>{4eff4afe-ad56-4ab7-bc89-a4772dc351fd}</UniqueIdentifier>
    </Filter>
    <Filter Include="Source Files\SrcC\SpgFFT">
      <UniqueIdentifier>{79a09f9e-03aa-4aeb-9a45-f87f70b38086}</UniqueIdentifier>
    </Filter>
    <Filter Include="Source Files\HardwareConfig">
      <UniqueIdentifier>{485cbb68-17c8-4c66-a73c-597ee8a73335}</UniqueIdentifier>
    </Filter>
  </ItemGroup>
  <ItemGroup>
    <ClInclude Include="FD_LISEED\LISE_ED_DLL_Acquisition.h">
      <Filter>Source Files\FD_LISEED</Filter>
    </ClInclude>
    <ClInclude Include="FD_LISEED\LISE_ED_DLL_Config.h">
      <Filter>Source Files\FD_LISEED</Filter>
    </ClInclude>
    <ClInclude Include="FD_LISEED\LISE_ED_DLL_Create.h">
      <Filter>Source Files\FD_LISEED</Filter>
    </ClInclude>
    <ClInclude Include="FD_LISEED\LISE_ED_DLL_External.h">
      <Filter>Source Files\FD_LISEED</Filter>
    </ClInclude>
    <ClInclude Include="FD_LISEED\LISE_ED_DLL_General.h">
      <Filter>Source Files\FD_LISEED</Filter>
    </ClInclude>
    <ClInclude Include="FD_LISEED\LISE_ED_DLL_Internal.h">
      <Filter>Source Files\FD_LISEED</Filter>
    </ClInclude>
    <ClInclude Include="FD_LISEED\LISE_ED_DLL_Log.h">
      <Filter>Source Files\FD_LISEED</Filter>
    </ClInclude>
    <ClInclude Include="FD_LISEED\LISE_ED_DLL_Process.h">
      <Filter>Source Files\FD_LISEED</Filter>
    </ClInclude>
    <ClInclude Include="FD_LISEED\LISE_ED_DLL_Reglages.h">
      <Filter>Source Files\FD_LISEED</Filter>
    </ClInclude>
    <ClInclude Include="FD_LISEED\LISE_ED_DLL_UI_Fct.H">
      <Filter>Source Files\FD_LISEED</Filter>
    </ClInclude>
    <ClInclude Include="FD_LISEED\LISE_ED_DLL_UI_Struct.H">
      <Filter>Source Files\FD_LISEED</Filter>
    </ClInclude>
    <ClInclude Include="FD_LISE_General\LISE_Consts.h">
      <Filter>Source Files\FD_LISE_General</Filter>
    </ClInclude>
    <ClInclude Include="FD_LISE_General\LISE_Process.h">
      <Filter>Source Files\FD_LISE_General</Filter>
    </ClInclude>
    <ClInclude Include="FD_LISE_General\LISE_Struct.h">
      <Filter>Source Files\FD_LISE_General</Filter>
    </ClInclude>
    <ClInclude Include="FD_LISE_General\LISE_Struct_Process.h">
      <Filter>Source Files\FD_LISE_General</Filter>
    </ClInclude>
    <ClInclude Include="FD_LISE_General\PeakMatch.h">
      <Filter>Source Files\FD_LISE_General</Filter>
    </ClInclude>
    <ClInclude Include="FD_LISE_General\sc_fixed_array.h">
      <Filter>Source Files\FD_LISE_General</Filter>
    </ClInclude>
    <ClInclude Include="NIDAQ_SDK\SPG_NIDAQmxConfig.h">
      <Filter>Source Files\NIDAQ_SDK</Filter>
    </ClInclude>
    <ClInclude Include="FD_FogaleProbe\Example.h">
      <Filter>Source Files\FD_FogaleProbe</Filter>
    </ClInclude>
    <ClInclude Include="FD_FogaleProbe\FogaleProbe.h">
      <Filter>Source Files\FD_FogaleProbe</Filter>
    </ClInclude>
    <ClInclude Include="FD_FogaleProbe\FogaleProbeApp.h">
      <Filter>Source Files\FD_FogaleProbe</Filter>
    </ClInclude>
    <ClInclude Include="FD_FogaleProbe\FogaleProbeAppDlg.h">
      <Filter>Source Files\FD_FogaleProbe</Filter>
    </ClInclude>
    <ClInclude Include="FD_FogaleProbe\FogaleProbeCalibrate.h">
      <Filter>Source Files\FD_FogaleProbe</Filter>
    </ClInclude>
    <ClInclude Include="FD_FogaleProbe\FogaleProbeCommonInterface.h">
      <Filter>Source Files\FD_FogaleProbe</Filter>
    </ClInclude>
    <ClInclude Include="FD_FogaleProbe\FogaleProbeInternal.h">
      <Filter>Source Files\FD_FogaleProbe</Filter>
    </ClInclude>
    <ClInclude Include="FD_FogaleProbe\FogaleProbeParamID.h">
      <Filter>Source Files\FD_FogaleProbe</Filter>
    </ClInclude>
    <ClInclude Include="FD_FogaleProbe\FogaleProbeReturnValues.h">
      <Filter>Source Files\FD_FogaleProbe</Filter>
    </ClInclude>
    <ClInclude Include="FD_FogaleProbe\NIDAQmxConfig.h">
      <Filter>Source Files\FD_FogaleProbe</Filter>
    </ClInclude>
    <ClInclude Include="FD_FogaleProbe\resource.h">
      <Filter>Source Files\FD_FogaleProbe</Filter>
    </ClInclude>
    <ClInclude Include="FD_FogaleProbe\resource1.h">
      <Filter>Source Files\FD_FogaleProbe</Filter>
    </ClInclude>
    <ClInclude Include="SrcC\3DSelect.h">
      <Filter>Source Files\SrcC</Filter>
    </ClInclude>
    <ClInclude Include="SrcC\BackupMe.h">
      <Filter>Source Files\SrcC</Filter>
    </ClInclude>
    <ClInclude Include="SrcC\BreakHook.h">
      <Filter>Source Files\SrcC</Filter>
    </ClInclude>
    <ClInclude Include="SrcC\Bres.h">
      <Filter>Source Files\SrcC</Filter>
    </ClInclude>
    <ClInclude Include="SrcC\CD_CHECK_KEY.h">
      <Filter>Source Files\SrcC</Filter>
    </ClInclude>
    <ClInclude Include="SrcC\Clipboard.h">
      <Filter>Source Files\SrcC</Filter>
    </ClInclude>
    <ClInclude Include="SrcC\ColorGenerator.h">
      <Filter>Source Files\SrcC</Filter>
    </ClInclude>
    <ClInclude Include="SrcC\Colors256.h">
      <Filter>Source Files\SrcC</Filter>
    </ClInclude>
    <ClInclude Include="SrcC\ComplexType.h">
      <Filter>Source Files\SrcC</Filter>
    </ClInclude>
    <ClInclude Include="SrcC\CutManager.h">
      <Filter>Source Files\SrcC</Filter>
    </ClInclude>
    <ClInclude Include="SrcC\CutView.h">
      <Filter>Source Files\SrcC</Filter>
    </ClInclude>
    <ClInclude Include="SrcC\Date.h">
      <Filter>Source Files\SrcC</Filter>
    </ClInclude>
    <ClInclude Include="SrcC\DigitalSurf.h">
      <Filter>Source Files\SrcC</Filter>
    </ClInclude>
    <ClInclude Include="SrcC\FFT.h">
      <Filter>Source Files\SrcC</Filter>
    </ClInclude>
    <ClInclude Include="SrcC\FftwCompat.h">
      <Filter>Source Files\SrcC</Filter>
    </ClInclude>
    <ClInclude Include="SrcC\FIR_Design.h">
      <Filter>Source Files\SrcC</Filter>
    </ClInclude>
    <ClInclude Include="SrcC\FIR_Invert.h">
      <Filter>Source Files\SrcC</Filter>
    </ClInclude>
    <ClInclude Include="SrcC\GraphicHistoryCurves.h">
      <Filter>Source Files\SrcC</Filter>
    </ClInclude>
    <ClInclude Include="SrcC\HDF_Loader.h">
      <Filter>Source Files\SrcC</Filter>
    </ClInclude>
    <ClInclude Include="SrcC\HYP_Walker.h">
      <Filter>Source Files\SrcC</Filter>
    </ClInclude>
    <ClInclude Include="SrcC\Interpolateur.h">
      <Filter>Source Files\SrcC</Filter>
    </ClInclude>
    <ClInclude Include="SrcC\LagrangePolynome.h">
      <Filter>Source Files\SrcC</Filter>
    </ClInclude>
    <ClInclude Include="SrcC\Logfile.h">
      <Filter>Source Files\SrcC</Filter>
    </ClInclude>
    <ClInclude Include="SrcC\LogTime.h">
      <Filter>Source Files\SrcC</Filter>
    </ClInclude>
    <ClInclude Include="SrcC\LogTimeWatch.h">
      <Filter>Source Files\SrcC</Filter>
    </ClInclude>
    <ClInclude Include="SrcC\M3D_AVI_Recorder.h">
      <Filter>Source Files\SrcC</Filter>
    </ClInclude>
    <ClInclude Include="SrcC\md5.h">
      <Filter>Source Files\SrcC</Filter>
    </ClInclude>
    <ClInclude Include="SrcC\P_IList.h">
      <Filter>Source Files\SrcC</Filter>
    </ClInclude>
    <ClInclude Include="SrcC\PG_DiskBuffer.h">
      <Filter>Source Files\SrcC</Filter>
    </ClInclude>
    <ClInclude Include="SrcC\PG_RingBuffer.h">
      <Filter>Source Files\SrcC</Filter>
    </ClInclude>
    <ClInclude Include="SrcC\PRO_Loader.h">
      <Filter>Source Files\SrcC</Filter>
    </ClInclude>
    <ClInclude Include="SrcC\Profil3D.h">
      <Filter>Source Files\SrcC</Filter>
    </ClInclude>
    <ClInclude Include="SrcC\ProfilConvert.h">
      <Filter>Source Files\SrcC</Filter>
    </ClInclude>
    <ClInclude Include="SrcC\ProfileManager.h">
      <Filter>Source Files\SrcC</Filter>
    </ClInclude>
    <ClInclude Include="SrcC\ProfilExtract.h">
      <Filter>Source Files\SrcC</Filter>
    </ClInclude>
    <ClInclude Include="SrcC\SCM_ConnexionBackupMe.h">
      <Filter>Source Files\SrcC</Filter>
    </ClInclude>
    <ClInclude Include="SrcC\SCM_NIDAQmxEnum.h">
      <Filter>Source Files\SrcC</Filter>
    </ClInclude>
    <ClInclude Include="SrcC\SCM_NIDAQmxSynchro.h">
      <Filter>Source Files\SrcC</Filter>
    </ClInclude>
    <ClInclude Include="SrcC\SelectionProfile.h">
      <Filter>Source Files\SrcC</Filter>
    </ClInclude>
    <ClInclude Include="SrcC\SGRAPH.h">
      <Filter>Source Files\SrcC</Filter>
    </ClInclude>
    <ClInclude Include="SrcC\Sgraph_emc.h">
      <Filter>Source Files\SrcC</Filter>
    </ClInclude>
    <ClInclude Include="SrcC\SGRAPH_geom.h">
      <Filter>Source Files\SrcC</Filter>
    </ClInclude>
    <ClInclude Include="SrcC\SGRAPH_opts.h">
      <Filter>Source Files\SrcC</Filter>
    </ClInclude>
    <ClInclude Include="SrcC\SpecList.h">
      <Filter>Source Files\SrcC</Filter>
    </ClInclude>
    <ClInclude Include="SrcC\SpecStack.h">
      <Filter>Source Files\SrcC</Filter>
    </ClInclude>
    <ClInclude Include="SrcC\SPG.h">
      <Filter>Source Files\SrcC</Filter>
    </ClInclude>
    <ClInclude Include="SrcC\SPG_AAGraphics.h">
      <Filter>Source Files\SrcC</Filter>
    </ClInclude>
    <ClInclude Include="SrcC\SPG_AbnormalTerminationHandler.h">
      <Filter>Source Files\SrcC</Filter>
    </ClInclude>
    <ClInclude Include="SrcC\SPG_Accumulateur.h">
      <Filter>Source Files\SrcC</Filter>
    </ClInclude>
    <ClInclude Include="SrcC\SPG_Align.h">
      <Filter>Source Files\SrcC</Filter>
    </ClInclude>
    <ClInclude Include="SrcC\Spg_avi.h">
      <Filter>Source Files\SrcC</Filter>
    </ClInclude>
    <ClInclude Include="SrcC\SPG_BinCorr.h">
      <Filter>Source Files\SrcC</Filter>
    </ClInclude>
    <ClInclude Include="SrcC\SPG_BmpIO.h">
      <Filter>Source Files\SrcC</Filter>
    </ClInclude>
    <ClInclude Include="SrcC\SPG_Buttons.h">
      <Filter>Source Files\SrcC</Filter>
    </ClInclude>
    <ClInclude Include="SrcC\SPG_CameraHighPass.h">
      <Filter>Source Files\SrcC</Filter>
    </ClInclude>
    <ClInclude Include="SrcC\SPG_Carac.h">
      <Filter>Source Files\SrcC</Filter>
    </ClInclude>
    <ClInclude Include="SrcC\SPG_CaracFormatter.h">
      <Filter>Source Files\SrcC</Filter>
    </ClInclude>
    <ClInclude Include="SrcC\SPG_CD_Check.h">
      <Filter>Source Files\SrcC</Filter>
    </ClInclude>
    <ClInclude Include="SrcC\SPG_ConfigFile.h">
      <Filter>Source Files\SrcC</Filter>
    </ClInclude>
    <ClInclude Include="SrcC\SPG_Console.h">
      <Filter>Source Files\SrcC</Filter>
    </ClInclude>
    <ClInclude Include="SrcC\SPG_DecalageDePhase.h">
      <Filter>Source Files\SrcC</Filter>
    </ClInclude>
    <ClInclude Include="SrcC\SPG_Demodule.h">
      <Filter>Source Files\SrcC</Filter>
    </ClInclude>
    <ClInclude Include="SrcC\SPG_Discretiseur.h">
      <Filter>Source Files\SrcC</Filter>
    </ClInclude>
    <ClInclude Include="SrcC\SPG_DispField.h">
      <Filter>Source Files\SrcC</Filter>
    </ClInclude>
    <ClInclude Include="SrcC\SPG_DispFieldConfig.h">
      <Filter>Source Files\SrcC</Filter>
    </ClInclude>
    <ClInclude Include="SrcC\SPG_ExceptionGenericHandler.h">
      <Filter>Source Files\SrcC</Filter>
    </ClInclude>
    <ClInclude Include="SrcC\SPG_FastConvolve.h">
      <Filter>Source Files\SrcC</Filter>
    </ClInclude>
    <ClInclude Include="SrcC\SPG_FileList.h">
      <Filter>Source Files\SrcC</Filter>
    </ClInclude>
    <ClInclude Include="SrcC\SPG_Files.h">
      <Filter>Source Files\SrcC</Filter>
    </ClInclude>
    <ClInclude Include="SrcC\SPG_FloatIO.h">
      <Filter>Source Files\SrcC</Filter>
    </ClInclude>
    <ClInclude Include="SrcC\Spg_ftp.h">
      <Filter>Source Files\SrcC</Filter>
    </ClInclude>
    <ClInclude Include="SrcC\SPG_General.h">
      <Filter>Source Files\SrcC</Filter>
    </ClInclude>
    <ClInclude Include="SrcC\SPG_Global.h">
      <Filter>Source Files\SrcC</Filter>
    </ClInclude>
    <ClInclude Include="SrcC\SPG_Global_LogTime.h">
      <Filter>Source Files\SrcC</Filter>
    </ClInclude>
    <ClInclude Include="SrcC\SPG_Global_MotionBlur.h">
      <Filter>Source Files\SrcC</Filter>
    </ClInclude>
    <ClInclude Include="SrcC\SPG_GlobalConst.h">
      <Filter>Source Files\SrcC</Filter>
    </ClInclude>
    <ClInclude Include="SrcC\SPG_GlobalThreadName.h">
      <Filter>Source Files\SrcC</Filter>
    </ClInclude>
    <ClInclude Include="SrcC\SPG_Graphics.h">
      <Filter>Source Files\SrcC</Filter>
    </ClInclude>
    <ClInclude Include="SrcC\SPG_Graphics_Effect.h">
      <Filter>Source Files\SrcC</Filter>
    </ClInclude>
    <ClInclude Include="SrcC\SPG_Histogram256.h">
      <Filter>Source Files\SrcC</Filter>
    </ClInclude>
    <ClInclude Include="SrcC\SPG_Includes.h">
      <Filter>Source Files\SrcC</Filter>
    </ClInclude>
    <ClInclude Include="SrcC\SPG_InhibitedFunctions.h">
      <Filter>Source Files\SrcC</Filter>
    </ClInclude>
    <ClInclude Include="SrcC\SPG_InhibitedIncludes.h">
      <Filter>Source Files\SrcC</Filter>
    </ClInclude>
    <ClInclude Include="SrcC\SPG_Inline_RGBP5SN.h">
      <Filter>Source Files\SrcC</Filter>
    </ClInclude>
    <ClInclude Include="SrcC\SPG_Inline_RGBUP5SN.h">
      <Filter>Source Files\SrcC</Filter>
    </ClInclude>
    <ClInclude Include="SrcC\SPG_Interact2D.h">
      <Filter>Source Files\SrcC</Filter>
    </ClInclude>
    <ClInclude Include="SrcC\SPG_Interact3D.h">
      <Filter>Source Files\SrcC</Filter>
    </ClInclude>
    <ClInclude Include="SrcC\SPG_Inverseur.h">
      <Filter>Source Files\SrcC</Filter>
    </ClInclude>
    <ClInclude Include="SrcC\SPG_K_FIT.H">
      <Filter>Source Files\SrcC</Filter>
    </ClInclude>
    <ClInclude Include="SrcC\SPG_LearningSet.h">
      <Filter>Source Files\SrcC</Filter>
    </ClInclude>
    <ClInclude Include="SrcC\SPG_License_Check.h">
      <Filter>Source Files\SrcC</Filter>
    </ClInclude>
    <ClInclude Include="SrcC\SPG_Linearize.h">
      <Filter>Source Files\SrcC</Filter>
    </ClInclude>
    <ClInclude Include="SrcC\SPG_List.h">
      <Filter>Source Files\SrcC</Filter>
    </ClInclude>
    <ClInclude Include="SrcC\SPG_LogTime.h">
      <Filter>Source Files\SrcC</Filter>
    </ClInclude>
    <ClInclude Include="SrcC\SPG_LoopThread.h">
      <Filter>Source Files\SrcC</Filter>
    </ClInclude>
    <ClInclude Include="SrcC\SPG_Meca.h">
      <Filter>Source Files\SrcC</Filter>
    </ClInclude>
    <ClInclude Include="SrcC\SPG_Mem.h">
      <Filter>Source Files\SrcC</Filter>
    </ClInclude>
    <ClInclude Include="SrcC\SPG_Mem_Type.h">
      <Filter>Source Files\SrcC</Filter>
    </ClInclude>
    <ClInclude Include="SrcC\SPG_MemLink.h">
      <Filter>Source Files\SrcC</Filter>
    </ClInclude>
    <ClInclude Include="SrcC\SPG_MinIncludes.h">
      <Filter>Source Files\SrcC</Filter>
    </ClInclude>
    <ClInclude Include="SrcC\SPG_MultiCutView.h">
      <Filter>Source Files\SrcC</Filter>
    </ClInclude>
    <ClInclude Include="SrcC\SPG_Network.h">
      <Filter>Source Files\SrcC</Filter>
    </ClInclude>
    <ClInclude Include="SrcC\SPG_Network_OPTS.h">
      <Filter>Source Files\SrcC</Filter>
    </ClInclude>
    <ClInclude Include="SrcC\SPG_Network_Protocol.h">
      <Filter>Source Files\SrcC</Filter>
    </ClInclude>
    <ClInclude Include="SrcC\SPG_NetworkEmule.h">
      <Filter>Source Files\SrcC</Filter>
    </ClInclude>
    <ClInclude Include="SrcC\SPG_Paint.h">
      <Filter>Source Files\SrcC</Filter>
    </ClInclude>
    <ClInclude Include="SrcC\SPG_ParaFit.h">
      <Filter>Source Files\SrcC</Filter>
    </ClInclude>
    <ClInclude Include="SrcC\SPG_PeakDet.h">
      <Filter>Source Files\SrcC</Filter>
    </ClInclude>
    <ClInclude Include="SrcC\SPG_PeakDet2D.h">
      <Filter>Source Files\SrcC</Filter>
    </ClInclude>
    <ClInclude Include="SrcC\SPG_PeakDet2DGetLaserLine.h">
      <Filter>Source Files\SrcC</Filter>
    </ClInclude>
    <ClInclude Include="SrcC\SPG_PeakDet2DModele.h">
      <Filter>Source Files\SrcC</Filter>
    </ClInclude>
    <ClInclude Include="SrcC\SPG_PeakDet2DModeleMatlab.h">
      <Filter>Source Files\SrcC</Filter>
    </ClInclude>
    <ClInclude Include="SrcC\SPG_PeakDet2DModeleParams.h">
      <Filter>Source Files\SrcC</Filter>
    </ClInclude>
    <ClInclude Include="SrcC\SPG_PeakDet2DParams.h">
      <Filter>Source Files\SrcC</Filter>
    </ClInclude>
    <ClInclude Include="SrcC\SPG_PixelInterpole.h">
      <Filter>Source Files\SrcC</Filter>
    </ClInclude>
    <ClInclude Include="SrcC\SPG_ProgPrincipal.h">
      <Filter>Source Files\SrcC</Filter>
    </ClInclude>
    <ClInclude Include="SrcC\SPG_RingRec.h">
      <Filter>Source Files\SrcC</Filter>
    </ClInclude>
    <ClInclude Include="SrcC\SPG_RingRec16.h">
      <Filter>Source Files\SrcC</Filter>
    </ClInclude>
    <ClInclude Include="SrcC\SPG_RingRecFileIO.h">
      <Filter>Source Files\SrcC</Filter>
    </ClInclude>
    <ClInclude Include="SrcC\SPG_Scale.h">
      <Filter>Source Files\SrcC</Filter>
    </ClInclude>
    <ClInclude Include="SrcC\SPG_SerialComm.h">
      <Filter>Source Files\SrcC</Filter>
    </ClInclude>
    <ClInclude Include="SrcC\Spg_smtp.h">
      <Filter>Source Files\SrcC</Filter>
    </ClInclude>
    <ClInclude Include="SrcC\SPG_Snake.h">
      <Filter>Source Files\SrcC</Filter>
    </ClInclude>
    <ClInclude Include="SrcC\SPG_Son.h">
      <Filter>Source Files\SrcC</Filter>
    </ClInclude>
    <ClInclude Include="SrcC\SPG_SpecMacro.h">
      <Filter>Source Files\SrcC</Filter>
    </ClInclude>
    <ClInclude Include="SrcC\SPG_SpecMacroEnder.h">
      <Filter>Source Files\SrcC</Filter>
    </ClInclude>
    <ClInclude Include="SrcC\SPG_SpecMacroHeader.h">
      <Filter>Source Files\SrcC</Filter>
    </ClInclude>
    <ClInclude Include="SrcC\SPG_StereoVision.h">
      <Filter>Source Files\SrcC</Filter>
    </ClInclude>
    <ClInclude Include="SrcC\SPG_String.h">
      <Filter>Source Files\SrcC</Filter>
    </ClInclude>
    <ClInclude Include="SrcC\SPG_StringIO.h">
      <Filter>Source Files\SrcC</Filter>
    </ClInclude>
    <ClInclude Include="SrcC\SPG_StructVersionCheck.h">
      <Filter>Source Files\SrcC</Filter>
    </ClInclude>
    <ClInclude Include="SrcC\SPG_SysInc.h">
      <Filter>Source Files\SrcC</Filter>
    </ClInclude>
    <ClInclude Include="SrcC\SPG_Timer.h">
      <Filter>Source Files\SrcC</Filter>
    </ClInclude>
    <ClInclude Include="SrcC\SPG_TreeView.h">
      <Filter>Source Files\SrcC</Filter>
    </ClInclude>
    <ClInclude Include="SrcC\SPG_TxtIO.h">
      <Filter>Source Files\SrcC</Filter>
    </ClInclude>
    <ClInclude Include="SrcC\SPG_VidCap.h">
      <Filter>Source Files\SrcC</Filter>
    </ClInclude>
    <ClInclude Include="SrcC\SPG_WavIO.h">
      <Filter>Source Files\SrcC</Filter>
    </ClInclude>
    <ClInclude Include="SrcC\SPG_WeightBuffer.h">
      <Filter>Source Files\SrcC</Filter>
    </ClInclude>
    <ClInclude Include="SrcC\SPG_Window.h">
      <Filter>Source Files\SrcC</Filter>
    </ClInclude>
    <ClInclude Include="SrcC\SPG_wLogTime.h">
      <Filter>Source Files\SrcC</Filter>
    </ClInclude>
    <ClInclude Include="SrcC\SpinLock.h">
      <Filter>Source Files\SrcC</Filter>
    </ClInclude>
    <ClInclude Include="SrcC\SUR_Loader.h">
      <Filter>Source Files\SrcC</Filter>
    </ClInclude>
    <ClInclude Include="SrcC\TryCatchBlock.h">
      <Filter>Source Files\SrcC</Filter>
    </ClInclude>
    <ClInclude Include="SrcC\ULIPS.h">
      <Filter>Source Files\SrcC</Filter>
    </ClInclude>
    <ClInclude Include="SrcC\ULIPS_Interface.h">
      <Filter>Source Files\SrcC</Filter>
    </ClInclude>
    <ClInclude Include="SrcC\UW_Utils.h">
      <Filter>Source Files\SrcC</Filter>
    </ClInclude>
    <ClInclude Include="SrcC\V_ConvertToGraph.h">
      <Filter>Source Files\SrcC</Filter>
    </ClInclude>
    <ClInclude Include="SrcC\V_General.h">
      <Filter>Source Files\SrcC</Filter>
    </ClInclude>
    <ClInclude Include="SrcC\WhatFFT.h">
      <Filter>Source Files\SrcC</Filter>
    </ClInclude>
    <ClInclude Include="FD_DBLLISEED\DBL_LISE_ED_DLL_Config.h">
      <Filter>Source Files\FD_DBLLISEED</Filter>
    </ClInclude>
    <ClInclude Include="FD_DBLLISEED\DBL_LISE_ED_DLL_Internal.h">
      <Filter>Source Files\FD_DBLLISEED</Filter>
    </ClInclude>
    <ClInclude Include="FD_DBLLISEED\DBL_LISE_ED_DLL_Log.h">
      <Filter>Source Files\FD_DBLLISEED</Filter>
    </ClInclude>
    <ClInclude Include="FD_DBLLISEED\DBL_LISE_ED_DLL_Settings.h">
      <Filter>Source Files\FD_DBLLISEED</Filter>
    </ClInclude>
    <ClInclude Include="SrcC\SpgFFT\Fft4asm.h">
      <Filter>Source Files\SrcC\SpgFFT</Filter>
    </ClInclude>
    <ClInclude Include="SrcC\SpgFFT\Fft4c.h">
      <Filter>Source Files\SrcC\SpgFFT</Filter>
    </ClInclude>
    <ClInclude Include="SrcC\SpgFFT\FourierFloat.h">
      <Filter>Source Files\SrcC\SpgFFT</Filter>
    </ClInclude>
    <ClInclude Include="resource.h">
      <Filter>Header Files</Filter>
    </ClInclude>
    <ClInclude Include="LiseHardwareConfiguration.h">
      <Filter>Source Files\HardwareConfig</Filter>
    </ClInclude>
  </ItemGroup>
  <ItemGroup>
    <ClCompile Include="SrcC\FFT.cpp">
      <Filter>Source Files\SrcC</Filter>
    </ClCompile>
    <ClCompile Include="SrcC\md5.cpp">
      <Filter>Source Files\SrcC</Filter>
    </ClCompile>
    <ClCompile Include="SrcC\SPG_Paint.cpp">
      <Filter>Source Files\SrcC</Filter>
    </ClCompile>
    <ClCompile Include="SrcC\Spg_smtp.cpp">
      <Filter>Source Files\SrcC</Filter>
    </ClCompile>
    <ClCompile Include="SrcC\STree.cpp">
      <Filter>Source Files\SrcC</Filter>
    </ClCompile>
    <ClCompile Include="FD_DBLLISEED\DBL_LISE_ED_DLL_Config.cpp">
      <Filter>Source Files\FD_DBLLISEED</Filter>
    </ClCompile>
    <ClCompile Include="FD_DBLLISEED\DBL_LISE_ED_DLL_Internal.cpp">
      <Filter>Source Files\FD_DBLLISEED</Filter>
    </ClCompile>
    <ClCompile Include="FD_DBLLISEED\DBL_LISE_ED_DLL_Log.cpp">
      <Filter>Source Files\FD_DBLLISEED</Filter>
    </ClCompile>
    <ClCompile Include="FD_DBLLISEED\DBL_LISE_ED_DLL_Settings.cpp">
      <Filter>Source Files\FD_DBLLISEED</Filter>
    </ClCompile>
    <ClCompile Include="SrcC\SPG_Mem.cpp">
      <Filter>Source Files\SrcC</Filter>
    </ClCompile>
    <ClCompile Include="SrcC\Logfile.cpp">
      <Filter>Source Files\SrcC</Filter>
    </ClCompile>
    <ClCompile Include="SrcC\SPG_ConfigFile.cpp">
      <Filter>Source Files\SrcC</Filter>
    </ClCompile>
    <ClCompile Include="SrcC\SPG_List.cpp">
      <Filter>Source Files\SrcC</Filter>
    </ClCompile>
    <ClCompile Include="SrcC\SpinLock.cpp">
      <Filter>Source Files\SrcC</Filter>
    </ClCompile>
    <ClCompile Include="SrcC\BreakHook.cpp">
      <Filter>Source Files\SrcC</Filter>
    </ClCompile>
    <ClCompile Include="SrcC\SPG_CaracFormatter.cpp">
      <Filter>Source Files\SrcC</Filter>
    </ClCompile>
    <ClCompile Include="SrcC\SPG_Global.cpp">
      <Filter>Source Files\SrcC</Filter>
    </ClCompile>
    <ClCompile Include="SrcC\LogTime.cpp">
      <Filter>Source Files\SrcC</Filter>
    </ClCompile>
    <ClCompile Include="SrcC\SPG_Files.cpp">
      <Filter>Source Files\SrcC</Filter>
    </ClCompile>
    <ClCompile Include="SrcC\SpgFFT\Fft4c.cpp">
      <Filter>Source Files\SrcC\SpgFFT</Filter>
    </ClCompile>
    <ClCompile Include="FD_LISEED\LISE_ED_DLL_Log.cpp">
      <Filter>Source Files\FD_LISEED</Filter>
    </ClCompile>
    <ClCompile Include="FD_LISEED\LISE_ED_DLL_Process.cpp">
      <Filter>Source Files\FD_LISEED</Filter>
    </ClCompile>
    <ClCompile Include="FD_LISE_General\LISE_Process.cpp">
      <Filter>Source Files\FD_LISE_General</Filter>
    </ClCompile>
    <ClCompile Include="SrcC\SPG_K_FIT_RT.CPP">
      <Filter>Source Files\SrcC</Filter>
    </ClCompile>
    <ClCompile Include="FD_LISE_General\PeakMatch.cpp">
      <Filter>Source Files\FD_LISE_General</Filter>
    </ClCompile>
    <ClCompile Include="FD_LISEED\LISE_ED_DLL_Acquisition.cpp">
      <Filter>Source Files\FD_LISEED</Filter>
    </ClCompile>
    <ClCompile Include="FD_LISEED\LISE_ED_DLL_Create.cpp">
      <Filter>Source Files\FD_LISEED</Filter>
    </ClCompile>
    <ClCompile Include="FD_LISEED\LISE_ED_DLL_Config.cpp">
      <Filter>Source Files\FD_LISEED</Filter>
    </ClCompile>
    <ClCompile Include="FD_LISEED\LISE_ED_DLL_Internal.CPP">
      <Filter>Source Files\FD_LISEED</Filter>
    </ClCompile>
    <ClCompile Include="SrcC\SPG_K_FIT2.CPP">
      <Filter>Source Files\SrcC</Filter>
    </ClCompile>
    <ClCompile Include="FD_LISEED\LISE_ED_DLL_Reglages.cpp">
      <Filter>Source Files\FD_LISEED</Filter>
    </ClCompile>
    <ClCompile Include="FD_FogaleProbe\FogaleProbe.cpp">
      <Filter>Source Files\FD_FogaleProbe</Filter>
    </ClCompile>
    <ClCompile Include="SrcC\SPG_ExceptionGenericHandler.cpp">
      <Filter>Source Files\SrcC</Filter>
    </ClCompile>
    <ClCompile Include="SrcC\SPG_ProgPrincipal.cpp">
      <Filter>Source Files\SrcC</Filter>
    </ClCompile>
    <ClCompile Include="FD_FogaleProbe\FogaleProbeHelper.cpp">
      <Filter>Source Files\FD_FogaleProbe</Filter>
    </ClCompile>
    <ClCompile Include="FD_FogaleProbe\FogaleProbeDouble.cpp">
      <Filter>Source Files\FD_FogaleProbe</Filter>
    </ClCompile>
    <ClCompile Include="LiseHardwareConfiguration.cpp">
      <Filter>Source Files\HardwareConfig</Filter>
    </ClCompile>
  </ItemGroup>
  <ItemGroup>
    <None Include="SrcC\3DSelect.agh">
      <Filter>Source Files\SrcC</Filter>
    </None>
    <None Include="SrcC\BreakHook.agh">
      <Filter>Source Files\SrcC</Filter>
    </None>
    <None Include="SrcC\ColorGenerator.agh">
      <Filter>Source Files\SrcC</Filter>
    </None>
    <None Include="SrcC\Colors256.agh">
      <Filter>Source Files\SrcC</Filter>
    </None>
    <None Include="SrcC\CutManager.agh">
      <Filter>Source Files\SrcC</Filter>
    </None>
    <None Include="SrcC\CutManagerFileIO.agh">
      <Filter>Source Files\SrcC</Filter>
    </None>
    <None Include="SrcC\FFT.agh">
      <Filter>Source Files\SrcC</Filter>
    </None>
    <None Include="SrcC\FFT_M3D.agh">
      <Filter>Source Files\SrcC</Filter>
    </None>
    <None Include="SrcC\FIR_Design.agh">
      <Filter>Source Files\SrcC</Filter>
    </None>
    <None Include="SrcC\GraphicsInlineFastX.agh">
      <Filter>Source Files\SrcC</Filter>
    </None>
    <None Include="SrcC\GraphicsInlineX.agh">
      <Filter>Source Files\SrcC</Filter>
    </None>
    <None Include="SrcC\GraphicsInlineY.agh">
      <Filter>Source Files\SrcC</Filter>
    </None>
    <None Include="SrcC\GraphicsInpoly.agh">
      <Filter>Source Files\SrcC</Filter>
    </None>
    <None Include="SrcC\GraphicsInpolyNinit.agh">
      <Filter>Source Files\SrcC</Filter>
    </None>
    <None Include="SrcC\HDF_Loader.agh">
      <Filter>Source Files\SrcC</Filter>
    </None>
    <None Include="SrcC\HYP_Walker.agh">
      <Filter>Source Files\SrcC</Filter>
    </None>
    <None Include="SrcC\InlineBuildCoulC.agh">
      <Filter>Source Files\SrcC</Filter>
    </None>
    <None Include="SrcC\InlineCombineColor.agh">
      <Filter>Source Files\SrcC</Filter>
    </None>
    <None Include="SrcC\Interpolateur.agh">
      <Filter>Source Files\SrcC</Filter>
    </None>
    <None Include="SrcC\PG_DiskBuffer.agh">
      <Filter>Source Files\SrcC</Filter>
    </None>
    <None Include="SrcC\PRO_Loader.agh">
      <Filter>Source Files\SrcC</Filter>
    </None>
    <None Include="SrcC\Profil3D.agh">
      <Filter>Source Files\SrcC</Filter>
    </None>
    <None Include="SrcC\ProfilConvert.agh">
      <Filter>Source Files\SrcC</Filter>
    </None>
    <None Include="SrcC\ProfileManager.agh">
      <Filter>Source Files\SrcC</Filter>
    </None>
    <None Include="SrcC\ProfileManagerFileIO.agh">
      <Filter>Source Files\SrcC</Filter>
    </None>
    <None Include="SrcC\ProfilExtract.agh">
      <Filter>Source Files\SrcC</Filter>
    </None>
    <None Include="SrcC\SelectionProfile.agh">
      <Filter>Source Files\SrcC</Filter>
    </None>
    <None Include="SrcC\SGRAPH.agh">
      <Filter>Source Files\SrcC</Filter>
    </None>
    <None Include="SrcC\SGRAPH_bloc.agh">
      <Filter>Source Files\SrcC</Filter>
    </None>
    <None Include="SrcC\Sgraph_emc.agh">
      <Filter>Source Files\SrcC</Filter>
    </None>
    <None Include="SrcC\SGRAPH_geom.agh">
      <Filter>Source Files\SrcC</Filter>
    </None>
    <None Include="SrcC\SGRAPH_Load3D.agh">
      <Filter>Source Files\SrcC</Filter>
    </None>
    <None Include="SrcC\SGRAPH_Normales.agh">
      <Filter>Source Files\SrcC</Filter>
    </None>
    <None Include="SrcC\SGRAPH_opts.agh">
      <Filter>Source Files\SrcC</Filter>
    </None>
    <None Include="SrcC\SGRAPH_pgl.agh">
      <Filter>Source Files\SrcC</Filter>
    </None>
    <None Include="SrcC\SGRAPH_tex.agh">
      <Filter>Source Files\SrcC</Filter>
    </None>
    <None Include="SrcC\SPG_Accumulateur.agh">
      <Filter>Source Files\SrcC</Filter>
    </None>
    <None Include="SrcC\SPG_Argum_Inline.agh">
      <Filter>Source Files\SrcC</Filter>
    </None>
    <None Include="SrcC\SPG_Argum_Inline_0_1.agh">
      <Filter>Source Files\SrcC</Filter>
    </None>
    <None Include="SrcC\SPG_Argum_Inline_0_2pi.agh">
      <Filter>Source Files\SrcC</Filter>
    </None>
    <None Include="SrcC\SPG_BmpIO.agh">
      <Filter>Source Files\SrcC</Filter>
    </None>
    <None Include="SrcC\SPG_Buttons.agh">
      <Filter>Source Files\SrcC</Filter>
    </None>
    <None Include="SrcC\SPG_Carac.agh">
      <Filter>Source Files\SrcC</Filter>
    </None>
    <None Include="SrcC\SPG_CaracFormatter.agh">
      <Filter>Source Files\SrcC</Filter>
    </None>
    <None Include="SrcC\SPG_CD_Check.agh">
      <Filter>Source Files\SrcC</Filter>
    </None>
    <None Include="SrcC\SPG_Discretiseur.agh">
      <Filter>Source Files\SrcC</Filter>
    </None>
    <None Include="SrcC\SPG_Fftw.agh">
      <Filter>Source Files\SrcC</Filter>
    </None>
    <None Include="SrcC\SPG_FileList.agh">
      <Filter>Source Files\SrcC</Filter>
    </None>
    <None Include="SrcC\SPG_Files.agh">
      <Filter>Source Files\SrcC</Filter>
    </None>
    <None Include="SrcC\SPG_FloatIO.agh">
      <Filter>Source Files\SrcC</Filter>
    </None>
    <None Include="SrcC\SPG_Global.agh">
      <Filter>Source Files\SrcC</Filter>
    </None>
    <None Include="SrcC\SPG_Global_Network.agh">
      <Filter>Source Files\SrcC</Filter>
    </None>
    <None Include="SrcC\SPG_Graphics.agh">
      <Filter>Source Files\SrcC</Filter>
    </None>
    <None Include="SrcC\SPG_Graphics_Render.agh">
      <Filter>Source Files\SrcC</Filter>
    </None>
    <None Include="SrcC\SPG_Graphics_Render_NoCompile.agh">
      <Filter>Source Files\SrcC</Filter>
    </None>
    <None Include="SrcC\SPG_Graphics_RenderPoly.agh">
      <Filter>Source Files\SrcC</Filter>
    </None>
    <None Include="SrcC\SPG_Histogram256.agh">
      <Filter>Source Files\SrcC</Filter>
    </None>
    <None Include="SrcC\SPG_Inverseur.agh">
      <Filter>Source Files\SrcC</Filter>
    </None>
    <None Include="SrcC\SPG_List.agh">
      <Filter>Source Files\SrcC</Filter>
    </None>
    <None Include="SrcC\SPG_Meca.agh">
      <Filter>Source Files\SrcC</Filter>
    </None>
    <None Include="SrcC\SPG_Mem.agh">
      <Filter>Source Files\SrcC</Filter>
    </None>
    <None Include="SrcC\SPG_MemLink.agh">
      <Filter>Source Files\SrcC</Filter>
    </None>
    <None Include="SrcC\SPG_Network.agh">
      <Filter>Source Files\SrcC</Filter>
    </None>
    <None Include="SrcC\SPG_Network_OPTS.agh">
      <Filter>Source Files\SrcC</Filter>
    </None>
    <None Include="SrcC\SPG_Network_Protocol.agh">
      <Filter>Source Files\SrcC</Filter>
    </None>
    <None Include="SrcC\SPG_ParaFit.agh">
      <Filter>Source Files\SrcC</Filter>
    </None>
    <None Include="SrcC\SPG_ProgPrincipal.agh">
      <Filter>Source Files\SrcC</Filter>
    </None>
    <None Include="SrcC\SPG_RingRec.agh">
      <Filter>Source Files\SrcC</Filter>
    </None>
    <None Include="SrcC\SPG_RingRec16.agh">
      <Filter>Source Files\SrcC</Filter>
    </None>
    <None Include="SrcC\SPG_SerialComm.agh">
      <Filter>Source Files\SrcC</Filter>
    </None>
    <None Include="SrcC\SPG_Son.agh">
      <Filter>Source Files\SrcC</Filter>
    </None>
    <None Include="SrcC\SPG_Timer.agh">
      <Filter>Source Files\SrcC</Filter>
    </None>
    <None Include="SrcC\SPG_TxtIO.agh">
      <Filter>Source Files\SrcC</Filter>
    </None>
    <None Include="SrcC\SPG_WavIO.agh">
      <Filter>Source Files\SrcC</Filter>
    </None>
    <None Include="SrcC\SUR_Loader.agh">
      <Filter>Source Files\SrcC</Filter>
    </None>
    <None Include="SrcC\UW_Utils.agh">
      <Filter>Source Files\SrcC</Filter>
    </None>
    <None Include="SrcC\V_ConvertToGraph.agh">
      <Filter>Source Files\SrcC</Filter>
    </None>
    <None Include="SrcC\V_General.agh">
      <Filter>Source Files\SrcC</Filter>
    </None>
    <None Include="SrcC\Win32Entry.agh">
      <Filter>Source Files\SrcC</Filter>
    </None>
  </ItemGroup>
  <ItemGroup>
    <ResourceCompile Include="FD_ProbeMini.rc">
      <Filter>Resource Files</Filter>
    </ResourceCompile>
  </ItemGroup>
</Project>