
Microsoft Visual Studio Solution File, Format Version 12.00
# Visual Studio Version 17
VisualStudioVersion = 17.11.35327.3
MinimumVisualStudioVersion = 10.0.40219.1
Project("{FAE04EC0-301F-11D3-BF4B-00C04F79EFBC}") = "VersionSwitcher", "VersionSwitcher.csproj", "{0E00E1BF-8870-43A3-BB4E-476000094215}"
EndProject
Project("{FAE04EC0-301F-11D3-BF4B-00C04F79EFBC}") = "UnitySC.Shared.UI", "..\..\Shared\UnitySC.Shared.UI\UnitySC.Shared.UI.csproj", "{ABA2C6A4-BCB4-478A-BE76-CB62AB4941E9}"
EndProject
Project("{FAE04EC0-301F-11D3-BF4B-00C04F79EFBC}") = "UnitySC.Shared.Tools", "..\..\Shared\UnitySC.Shared.Tools\UnitySC.Shared.Tools.csproj", "{FC8ED3A2-FF0A-48B1-A35D-BF6AF5C3DDC7}"
EndProject
Project("{FAE04EC0-301F-11D3-BF4B-00C04F79EFBC}") = "UnitySC.Shared.Data", "..\..\Shared\UnitySC.Shared.Data\UnitySC.Shared.Data.csproj", "{2F55B3A5-F966-4650-9EDB-EDA8F4B4F3E2}"
EndProject
Project("{FAE04EC0-301F-11D3-BF4B-00C04F79EFBC}") = "UnitySC.Shared.Logger", "..\..\Shared\UnitySC.Shared.Logger\UnitySC.Shared.Logger.csproj", "{5E8633AB-C625-49EF-A0A1-632C630E97C8}"
EndProject
Project("{FAE04EC0-301F-11D3-BF4B-00C04F79EFBC}") = "UnitySC.ADCAS300Like.Common", "..\..\Dataflow\ADC\AS300Like\ADCCommon\UnitySC.ADCAS300Like.Common.csproj", "{946EB8CB-20F1-4219-9361-35C0E7D60EB3}"
EndProject
Global
	GlobalSection(SolutionConfigurationPlatforms) = preSolution
		Debug|x64 = Debug|x64
		Release|x64 = Release|x64
	EndGlobalSection
	GlobalSection(ProjectConfigurationPlatforms) = postSolution
		{0E00E1BF-8870-43A3-BB4E-476000094215}.Debug|x64.ActiveCfg = Debug|x64
		{0E00E1BF-8870-43A3-BB4E-476000094215}.Debug|x64.Build.0 = Debug|x64
		{0E00E1BF-8870-43A3-BB4E-476000094215}.Release|x64.ActiveCfg = Release|x64
		{0E00E1BF-8870-43A3-BB4E-476000094215}.Release|x64.Build.0 = Release|x64
		{ABA2C6A4-BCB4-478A-BE76-CB62AB4941E9}.Debug|x64.ActiveCfg = Debug|x64
		{ABA2C6A4-BCB4-478A-BE76-CB62AB4941E9}.Debug|x64.Build.0 = Debug|x64
		{ABA2C6A4-BCB4-478A-BE76-CB62AB4941E9}.Release|x64.ActiveCfg = Release|x64
		{ABA2C6A4-BCB4-478A-BE76-CB62AB4941E9}.Release|x64.Build.0 = Release|x64
		{FC8ED3A2-FF0A-48B1-A35D-BF6AF5C3DDC7}.Debug|x64.ActiveCfg = Debug|x64
		{FC8ED3A2-FF0A-48B1-A35D-BF6AF5C3DDC7}.Debug|x64.Build.0 = Debug|x64
		{FC8ED3A2-FF0A-48B1-A35D-BF6AF5C3DDC7}.Release|x64.ActiveCfg = Release|x64
		{FC8ED3A2-FF0A-48B1-A35D-BF6AF5C3DDC7}.Release|x64.Build.0 = Release|x64
		{2F55B3A5-F966-4650-9EDB-EDA8F4B4F3E2}.Debug|x64.ActiveCfg = Debug|x64
		{2F55B3A5-F966-4650-9EDB-EDA8F4B4F3E2}.Debug|x64.Build.0 = Debug|x64
		{2F55B3A5-F966-4650-9EDB-EDA8F4B4F3E2}.Release|x64.ActiveCfg = Release|x64
		{2F55B3A5-F966-4650-9EDB-EDA8F4B4F3E2}.Release|x64.Build.0 = Release|x64
		{5E8633AB-C625-49EF-A0A1-632C630E97C8}.Debug|x64.ActiveCfg = Debug|x64
		{5E8633AB-C625-49EF-A0A1-632C630E97C8}.Debug|x64.Build.0 = Debug|x64
		{5E8633AB-C625-49EF-A0A1-632C630E97C8}.Release|x64.ActiveCfg = Release|x64
		{5E8633AB-C625-49EF-A0A1-632C630E97C8}.Release|x64.Build.0 = Release|x64
		{946EB8CB-20F1-4219-9361-35C0E7D60EB3}.Debug|x64.ActiveCfg = Debug|x64
		{946EB8CB-20F1-4219-9361-35C0E7D60EB3}.Debug|x64.Build.0 = Debug|x64
		{946EB8CB-20F1-4219-9361-35C0E7D60EB3}.Release|x64.ActiveCfg = Release|x64
		{946EB8CB-20F1-4219-9361-35C0E7D60EB3}.Release|x64.Build.0 = Release|x64
	EndGlobalSection
	GlobalSection(SolutionProperties) = preSolution
		HideSolutionNode = FALSE
	EndGlobalSection
EndGlobal
