
Microsoft Visual Studio Solution File, Format Version 12.00
# Visual Studio Version 17
VisualStudioVersion = 17.11.35222.181
MinimumVisualStudioVersion = 10.0.40219.1
Project("{8BC9CEB8-8B4A-11D0-8D11-00A0C91BC942}") = "UnitySC.Shared.Algos.OpenCVNative", "UnitySC.Shared.Algos.OpenCVNative\UnitySC.Shared.Algos.OpenCVNative.vcxproj", "{09B652FB-7833-4B0A-84CF-72AC8B6B806D}"
EndProject
Project("{8BC9CEB8-8B4A-11D0-8D11-00A0C91BC942}") = "UnitySC.Shared.Algos.OpenCVWrapper", "UnitySC.Shared.Algos.OpenCVWrapper\UnitySC.Shared.Algos.OpenCVWrapper.vcxproj", "{582714E4-2903-4937-B7F5-CB027CB45F87}"
EndProject
Project("{2150E333-8FDC-42A3-9474-1A3956D46DE8}") = "Tests", "Tests", "{8BE33CDF-BFB8-4F56-A87C-68F1C4E08BF3}"
EndProject
Project("{FAE04EC0-301F-11D3-BF4B-00C04F79EFBC}") = "SharedOpenCV.WrapperTests", "Tests\SharedOpenCV.WrapperTests\SharedOpenCV.WrapperTests.csproj", "{8DB404F1-247A-4AEC-99D5-04D6EF62FBD3}"
EndProject
Project("{8BC9CEB8-8B4A-11D0-8D11-00A0C91BC942}") = "SharedOpenCV.NativeTests", "Tests\SharedOpenCV.NativeTests\SharedOpenCV.NativeTests.vcxproj", "{BDAA4AEC-506A-4A5A-8A74-99B920ABCCD7}"
EndProject
Project("{2150E333-8FDC-42A3-9474-1A3956D46DE8}") = "FitLib", "FitLib", "{4205517B-C3F6-4578-A8B0-74C1211F9A24}"
EndProject
Project("{8BC9CEB8-8B4A-11D0-8D11-00A0C91BC942}") = "FitLib", "..\SharedFitLib\FitLib\FitLib.vcxproj", "{8F36DACC-F23F-4782-A36C-142005290215}"
EndProject
Project("{2150E333-8FDC-42A3-9474-1A3956D46DE8}") = "Tests", "Tests", "{D138FFE9-8AA6-4275-B5F9-B5941484E519}"
EndProject
Project("{8BC9CEB8-8B4A-11D0-8D11-00A0C91BC942}") = "UnitFitLib.NativeTests", "..\SharedFitLib\Tests\UnitFitLib.NativeTests\UnitFitLib.NativeTests.vcxproj", "{201D52B8-7DA1-4D68-807C-7955527F8284}"
EndProject
Global
	GlobalSection(SolutionConfigurationPlatforms) = preSolution
		Debug|Any CPU = Debug|Any CPU
		Debug|x64 = Debug|x64
		Debug|x86 = Debug|x86
		Release|Any CPU = Release|Any CPU
		Release|x64 = Release|x64
		Release|x86 = Release|x86
	EndGlobalSection
	GlobalSection(ProjectConfigurationPlatforms) = postSolution
		{09B652FB-7833-4B0A-84CF-72AC8B6B806D}.Debug|Any CPU.ActiveCfg = Debug|x64
		{09B652FB-7833-4B0A-84CF-72AC8B6B806D}.Debug|Any CPU.Build.0 = Debug|x64
		{09B652FB-7833-4B0A-84CF-72AC8B6B806D}.Debug|x64.ActiveCfg = Debug|x64
		{09B652FB-7833-4B0A-84CF-72AC8B6B806D}.Debug|x64.Build.0 = Debug|x64
		{09B652FB-7833-4B0A-84CF-72AC8B6B806D}.Debug|x86.ActiveCfg = Debug|x64
		{09B652FB-7833-4B0A-84CF-72AC8B6B806D}.Release|Any CPU.ActiveCfg = Release|x64
		{09B652FB-7833-4B0A-84CF-72AC8B6B806D}.Release|Any CPU.Build.0 = Release|x64
		{09B652FB-7833-4B0A-84CF-72AC8B6B806D}.Release|x64.ActiveCfg = Release|x64
		{09B652FB-7833-4B0A-84CF-72AC8B6B806D}.Release|x64.Build.0 = Release|x64
		{09B652FB-7833-4B0A-84CF-72AC8B6B806D}.Release|x86.ActiveCfg = Release|x64
		{582714E4-2903-4937-B7F5-CB027CB45F87}.Debug|Any CPU.ActiveCfg = Debug|x64
		{582714E4-2903-4937-B7F5-CB027CB45F87}.Debug|Any CPU.Build.0 = Debug|x64
		{582714E4-2903-4937-B7F5-CB027CB45F87}.Debug|x64.ActiveCfg = Debug|x64
		{582714E4-2903-4937-B7F5-CB027CB45F87}.Debug|x64.Build.0 = Debug|x64
		{582714E4-2903-4937-B7F5-CB027CB45F87}.Debug|x86.ActiveCfg = Debug|x64
		{582714E4-2903-4937-B7F5-CB027CB45F87}.Release|Any CPU.ActiveCfg = Release|x64
		{582714E4-2903-4937-B7F5-CB027CB45F87}.Release|Any CPU.Build.0 = Release|x64
		{582714E4-2903-4937-B7F5-CB027CB45F87}.Release|x64.ActiveCfg = Release|x64
		{582714E4-2903-4937-B7F5-CB027CB45F87}.Release|x64.Build.0 = Release|x64
		{582714E4-2903-4937-B7F5-CB027CB45F87}.Release|x86.ActiveCfg = Release|x64
		{8DB404F1-247A-4AEC-99D5-04D6EF62FBD3}.Debug|Any CPU.ActiveCfg = Debug|x64
		{8DB404F1-247A-4AEC-99D5-04D6EF62FBD3}.Debug|Any CPU.Build.0 = Debug|x64
		{8DB404F1-247A-4AEC-99D5-04D6EF62FBD3}.Debug|x64.ActiveCfg = Debug|x64
		{8DB404F1-247A-4AEC-99D5-04D6EF62FBD3}.Debug|x64.Build.0 = Debug|x64
		{8DB404F1-247A-4AEC-99D5-04D6EF62FBD3}.Debug|x86.ActiveCfg = Debug|Any CPU
		{8DB404F1-247A-4AEC-99D5-04D6EF62FBD3}.Debug|x86.Build.0 = Debug|Any CPU
		{8DB404F1-247A-4AEC-99D5-04D6EF62FBD3}.Release|Any CPU.ActiveCfg = Release|x64
		{8DB404F1-247A-4AEC-99D5-04D6EF62FBD3}.Release|Any CPU.Build.0 = Release|x64
		{8DB404F1-247A-4AEC-99D5-04D6EF62FBD3}.Release|x64.ActiveCfg = Release|x64
		{8DB404F1-247A-4AEC-99D5-04D6EF62FBD3}.Release|x64.Build.0 = Release|x64
		{8DB404F1-247A-4AEC-99D5-04D6EF62FBD3}.Release|x86.ActiveCfg = Release|Any CPU
		{8DB404F1-247A-4AEC-99D5-04D6EF62FBD3}.Release|x86.Build.0 = Release|Any CPU
		{BDAA4AEC-506A-4A5A-8A74-99B920ABCCD7}.Debug|Any CPU.ActiveCfg = Debug|x64
		{BDAA4AEC-506A-4A5A-8A74-99B920ABCCD7}.Debug|Any CPU.Build.0 = Debug|x64
		{BDAA4AEC-506A-4A5A-8A74-99B920ABCCD7}.Debug|x64.ActiveCfg = Debug|x64
		{BDAA4AEC-506A-4A5A-8A74-99B920ABCCD7}.Debug|x64.Build.0 = Debug|x64
		{BDAA4AEC-506A-4A5A-8A74-99B920ABCCD7}.Debug|x86.ActiveCfg = Debug|x64
		{BDAA4AEC-506A-4A5A-8A74-99B920ABCCD7}.Release|Any CPU.ActiveCfg = Release|x64
		{BDAA4AEC-506A-4A5A-8A74-99B920ABCCD7}.Release|Any CPU.Build.0 = Release|x64
		{BDAA4AEC-506A-4A5A-8A74-99B920ABCCD7}.Release|x64.ActiveCfg = Release|x64
		{BDAA4AEC-506A-4A5A-8A74-99B920ABCCD7}.Release|x64.Build.0 = Release|x64
		{BDAA4AEC-506A-4A5A-8A74-99B920ABCCD7}.Release|x86.ActiveCfg = Release|x64
		{8F36DACC-F23F-4782-A36C-142005290215}.Debug|Any CPU.ActiveCfg = Debug|x64
		{8F36DACC-F23F-4782-A36C-142005290215}.Debug|Any CPU.Build.0 = Debug|x64
		{8F36DACC-F23F-4782-A36C-142005290215}.Debug|x64.ActiveCfg = Debug|x64
		{8F36DACC-F23F-4782-A36C-142005290215}.Debug|x64.Build.0 = Debug|x64
		{8F36DACC-F23F-4782-A36C-142005290215}.Debug|x86.ActiveCfg = Debug|Win32
		{8F36DACC-F23F-4782-A36C-142005290215}.Debug|x86.Build.0 = Debug|Win32
		{8F36DACC-F23F-4782-A36C-142005290215}.Release|Any CPU.ActiveCfg = Release|x64
		{8F36DACC-F23F-4782-A36C-142005290215}.Release|Any CPU.Build.0 = Release|x64
		{8F36DACC-F23F-4782-A36C-142005290215}.Release|x64.ActiveCfg = Release|x64
		{8F36DACC-F23F-4782-A36C-142005290215}.Release|x64.Build.0 = Release|x64
		{8F36DACC-F23F-4782-A36C-142005290215}.Release|x86.ActiveCfg = Release|Win32
		{8F36DACC-F23F-4782-A36C-142005290215}.Release|x86.Build.0 = Release|Win32
		{201D52B8-7DA1-4D68-807C-7955527F8284}.Debug|Any CPU.ActiveCfg = Debug|x64
		{201D52B8-7DA1-4D68-807C-7955527F8284}.Debug|Any CPU.Build.0 = Debug|x64
		{201D52B8-7DA1-4D68-807C-7955527F8284}.Debug|x64.ActiveCfg = Debug|x64
		{201D52B8-7DA1-4D68-807C-7955527F8284}.Debug|x64.Build.0 = Debug|x64
		{201D52B8-7DA1-4D68-807C-7955527F8284}.Debug|x86.ActiveCfg = Debug|Win32
		{201D52B8-7DA1-4D68-807C-7955527F8284}.Debug|x86.Build.0 = Debug|Win32
		{201D52B8-7DA1-4D68-807C-7955527F8284}.Release|Any CPU.ActiveCfg = Release|x64
		{201D52B8-7DA1-4D68-807C-7955527F8284}.Release|Any CPU.Build.0 = Release|x64
		{201D52B8-7DA1-4D68-807C-7955527F8284}.Release|x64.ActiveCfg = Release|x64
		{201D52B8-7DA1-4D68-807C-7955527F8284}.Release|x64.Build.0 = Release|x64
		{201D52B8-7DA1-4D68-807C-7955527F8284}.Release|x86.ActiveCfg = Release|Win32
		{201D52B8-7DA1-4D68-807C-7955527F8284}.Release|x86.Build.0 = Release|Win32
	EndGlobalSection
	GlobalSection(SolutionProperties) = preSolution
		HideSolutionNode = FALSE
	EndGlobalSection
	GlobalSection(NestedProjects) = preSolution
		{8DB404F1-247A-4AEC-99D5-04D6EF62FBD3} = {8BE33CDF-BFB8-4F56-A87C-68F1C4E08BF3}
		{BDAA4AEC-506A-4A5A-8A74-99B920ABCCD7} = {8BE33CDF-BFB8-4F56-A87C-68F1C4E08BF3}
		{8F36DACC-F23F-4782-A36C-142005290215} = {4205517B-C3F6-4578-A8B0-74C1211F9A24}
		{D138FFE9-8AA6-4275-B5F9-B5941484E519} = {4205517B-C3F6-4578-A8B0-74C1211F9A24}
		{201D52B8-7DA1-4D68-807C-7955527F8284} = {D138FFE9-8AA6-4275-B5F9-B5941484E519}
	EndGlobalSection
	GlobalSection(ExtensibilityGlobals) = postSolution
		SolutionGuid = {B959DDC9-3595-4221-B7D1-E228E94AB5E7}
	EndGlobalSection
EndGlobal
