<?xml version="1.0" encoding="utf-8"?>
<Project ToolsVersion="4.0" xmlns="http://schemas.microsoft.com/developer/msbuild/2003">
  <ItemGroup>
    <Filter Include="Source Files">
      <UniqueIdentifier>{7a33c406-03a4-428c-8989-a82312bcc0a9}</UniqueIdentifier>
      <Extensions>cpp;c;cxx;rc;def;r;odl;idl;hpj;bat</Extensions>
    </Filter>
    <Filter Include="Header Files">
      <UniqueIdentifier>{56b25b58-a3d9-432f-8a9e-12a76c93d785}</UniqueIdentifier>
      <Extensions>h;hpp;hxx;hm;inl</Extensions>
    </Filter>
    <Filter Include="Resource Files">
      <UniqueIdentifier>{f2dd7118-a64c-413d-9882-86b08e00c58e}</UniqueIdentifier>
      <Extensions>ico;cur;bmp;dlg;rc2;rct;bin;rgs;gif;jpg;jpeg;jpe</Extensions>
    </Filter>
  </ItemGroup>
  <ItemGroup>
    <ClCompile Include="Coveli.cpp">
      <Filter>Source Files</Filter>
    </ClCompile>
    <ClCompile Include="H3_HoloMap_AltaType.cpp">
      <Filter>Source Files</Filter>
    </ClCompile>
    <ClCompile Include="H3_HoloMap_AltaTypeExport.cpp">
      <Filter>Source Files</Filter>
    </ClCompile>
    <ClCompile Include="H3_HoloMap_Base.cpp">
      <Filter>Source Files</Filter>
    </ClCompile>
    <ClCompile Include="MireHMAP.cpp">
      <Filter>Source Files</Filter>
    </ClCompile>
    <ClCompile Include="NormalPosition.cpp">
      <Filter>Source Files</Filter>
    </ClCompile>
    <ClCompile Include="SortFct.cpp">
      <Filter>Source Files</Filter>
    </ClCompile>
    <ClCompile Include="StdAfx.cpp">
      <Filter>Source Files</Filter>
    </ClCompile>
    <ClCompile Include="UWImage.cpp">
      <Filter>Source Files</Filter>
    </ClCompile>
    <ClCompile Include="Rotation.cpp">
      <Filter>Source Files</Filter>
    </ClCompile>
  </ItemGroup>
  <ItemGroup>
    <None Include="Coveli.def">
      <Filter>Source Files</Filter>
    </None>
    <None Include="res\Coveli.rc2">
      <Filter>Resource Files</Filter>
    </None>
    <None Include="ClassDiagram1.cd" />
    <None Include="..\..\..\..\..\text.asp" />
  </ItemGroup>
  <ItemGroup>
    <ResourceCompile Include="Coveli.rc">
      <Filter>Source Files</Filter>
    </ResourceCompile>
  </ItemGroup>
  <ItemGroup>
    <ClInclude Include="Coveli.h">
      <Filter>Header Files</Filter>
    </ClInclude>
    <ClInclude Include="CoVeLi_Struct.h">
      <Filter>Header Files</Filter>
    </ClInclude>
    <ClInclude Include="H3_HoloMap_AltaType.h">
      <Filter>Header Files</Filter>
    </ClInclude>
    <ClInclude Include="H3_HoloMap_AltaTypeExport.h">
      <Filter>Header Files</Filter>
    </ClInclude>
    <ClInclude Include="H3_HoloMap_Base.h">
      <Filter>Header Files</Filter>
    </ClInclude>
    <ClInclude Include="H3Mesure.h">
      <Filter>Header Files</Filter>
    </ClInclude>
    <ClInclude Include="MireHMAP.h">
      <Filter>Header Files</Filter>
    </ClInclude>
    <ClInclude Include="NormalPosition.h">
      <Filter>Header Files</Filter>
    </ClInclude>
    <ClInclude Include="PropertyPageHMap.h">
      <Filter>Header Files</Filter>
    </ClInclude>
    <ClInclude Include="Resource.h">
      <Filter>Header Files</Filter>
    </ClInclude>
    <ClInclude Include="SCalibResult.h">
      <Filter>Header Files</Filter>
    </ClInclude>
    <ClInclude Include="SortFct.h">
      <Filter>Header Files</Filter>
    </ClInclude>
    <ClInclude Include="StdAfx.h">
      <Filter>Header Files</Filter>
    </ClInclude>
    <ClInclude Include="UWImage.h">
      <Filter>Header Files</Filter>
    </ClInclude>
    <ClInclude Include="VueConsoleDlg.h">
      <Filter>Header Files</Filter>
    </ClInclude>
  </ItemGroup>
  <ItemGroup>
    <Image Include="bip.bmp">
      <Filter>Resource Files</Filter>
    </Image>
    <Image Include="bitmap1.bmp">
      <Filter>Resource Files</Filter>
    </Image>
    <Image Include="bitmap3.bmp">
      <Filter>Resource Files</Filter>
    </Image>
    <Image Include="bitmap_l.bmp">
      <Filter>Resource Files</Filter>
    </Image>
    <Image Include="bitmap_p.bmp">
      <Filter>Resource Files</Filter>
    </Image>
    <Image Include="bitmap_s.bmp">
      <Filter>Resource Files</Filter>
    </Image>
    <Image Include="bmp00001.bmp">
      <Filter>Resource Files</Filter>
    </Image>
    <Image Include="ico00001.ico">
      <Filter>Resource Files</Filter>
    </Image>
    <Image Include="ico00002.ico">
      <Filter>Resource Files</Filter>
    </Image>
    <Image Include="icon_moi.ico">
      <Filter>Resource Files</Filter>
    </Image>
    <Image Include="icon_plu.ico">
      <Filter>Resource Files</Filter>
    </Image>
  </ItemGroup>
  <ItemGroup>
    <Text Include="ReadMe.txt" />
    <Text Include="version.txt" />
  </ItemGroup>
</Project>