
Microsoft Visual Studio Solution File, Format Version 12.00
# Visual Studio Version 17
VisualStudioVersion = 17.1.32421.90
MinimumVisualStudioVersion = 10.0.40219.1
Project("{2150E333-8FDC-42A3-9474-1A3956D46DE8}") = "Service", "Service", "{721B3C38-8CAD-4276-952C-F638ABFA8795}"
EndProject
Project("{FAE04EC0-301F-11D3-BF4B-00C04F79EFBC}") = "UnitySC.DataAccess.Service.Host", "Service\UnitySC.DataAccess.Service.Host\UnitySC.DataAccess.Service.Host.csproj", "{92C144CE-862C-4A76-8D22-371276954A00}"
EndProject
Project("{FAE04EC0-301F-11D3-BF4B-00C04F79EFBC}") = "UnitySC.DataAccess.Service.Interface", "Service\UnitySC.DataAccess.Service.Interface\UnitySC.DataAccess.Service.Interface.csproj", "{01624866-5C0A-4F7E-A355-8D03680B3466}"
EndProject
Project("{FAE04EC0-301F-11D3-BF4B-00C04F79EFBC}") = "UnitySC.DataAccess.Service.Implementation", "Service\UnitySC.DataAccess.Service.Implementation\UnitySC.DataAccess.Service.Implementation.csproj", "{A3DF38D3-4AE1-449C-AB16-712D748C500D}"
EndProject
Project("{FAE04EC0-301F-11D3-BF4B-00C04F79EFBC}") = "UnitySC.DataAccess.Base", "UnitySC.DataAccess.Base\UnitySC.DataAccess.Base.csproj", "{7276B4FB-2D72-47D6-903E-7B8D3B929C92}"
EndProject
Project("{FAE04EC0-301F-11D3-BF4B-00C04F79EFBC}") = "UnitySC.DataAccess.SQL", "UnitySC.DataAccess.SQL\UnitySC.DataAccess.SQL.csproj", "{32D1BED3-ABDE-49B3-B0B0-F32EFD48195C}"
EndProject
Project("{FAE04EC0-301F-11D3-BF4B-00C04F79EFBC}") = "UnitySC.Shared.Logger", "..\Shared\UnitySC.Shared.Logger\UnitySC.Shared.Logger.csproj", "{5E8633AB-C625-49EF-A0A1-632C630E97C8}"
EndProject
Project("{FAE04EC0-301F-11D3-BF4B-00C04F79EFBC}") = "UnitySC.Shared.Tools", "..\Shared\UnitySC.Shared.Tools\UnitySC.Shared.Tools.csproj", "{FC8ED3A2-FF0A-48B1-A35D-BF6AF5C3DDC7}"
EndProject
Project("{FAE04EC0-301F-11D3-BF4B-00C04F79EFBC}") = "UnitySC.DataAccess.Dto", "UnitySC.DataAccess.Dto\UnitySC.DataAccess.Dto.csproj", "{D1D97C03-4864-48C6-8F97-C666629BFB4C}"
EndProject
Project("{FAE04EC0-301F-11D3-BF4B-00C04F79EFBC}") = "UnitySC.DataAccess.Service.Test", "Service\UnitySC.DataAccess.Service.Test\UnitySC.DataAccess.Service.Test.csproj", "{ADAAA9A7-A603-4FF8-9589-36B63127A803}"
EndProject
Project("{2150E333-8FDC-42A3-9474-1A3956D46DE8}") = "ResultScanner", "ResultScanner", "{3EA55BD3-640D-45BB-A894-C4589F65A072}"
EndProject
Project("{FAE04EC0-301F-11D3-BF4B-00C04F79EFBC}") = "UnitySC.DataAccess.ResultScanner.Interface", "ResultScanner\UnitySC.DataAccess.ResultScanner.Interface\UnitySC.DataAccess.ResultScanner.Interface.csproj", "{0450AE32-08A4-4F1C-BA85-00C7042A65FD}"
EndProject
Project("{FAE04EC0-301F-11D3-BF4B-00C04F79EFBC}") = "UnitySC.DataAccess.ResultScanner.Implementation", "ResultScanner\UnitySC.DataAccess.ResultScanner.Implementation\UnitySC.DataAccess.ResultScanner.Implementation.csproj", "{18098B1A-7CC3-40A8-8425-7F70D674557D}"
EndProject
Project("{FAE04EC0-301F-11D3-BF4B-00C04F79EFBC}") = "UnitySC.Shared.Data", "..\Shared\UnitySC.Shared.Data\UnitySC.Shared.Data.csproj", "{2F55B3A5-F966-4650-9EDB-EDA8F4B4F3E2}"
EndProject
Project("{FAE04EC0-301F-11D3-BF4B-00C04F79EFBC}") = "UnitySC.Shared.Format.Base", "..\Shared\Format\UnitySC.Shared.Format.Base\UnitySC.Shared.Format.Base.csproj", "{9C64DC4B-5DFB-4E28-8C2E-C5907B6D729F}"
EndProject
Project("{FAE04EC0-301F-11D3-BF4B-00C04F79EFBC}") = "UnitySC.Shared.Format.Factory", "..\Shared\Format\UnitySC.Shared.Format.Factory\UnitySC.Shared.Format.Factory.csproj", "{8297566A-E410-457A-A985-52B294C49CD5}"
EndProject
Project("{2150E333-8FDC-42A3-9474-1A3956D46DE8}") = "Shared", "Shared", "{87302D57-4CC6-4753-8AA5-A8A51BD599E1}"
EndProject
Project("{2150E333-8FDC-42A3-9474-1A3956D46DE8}") = "Test", "Test", "{6926FD5F-2231-40AE-922C-76D9B242DD83}"
EndProject
Project("{FAE04EC0-301F-11D3-BF4B-00C04F79EFBC}") = "UnitTestResultScanner", "ResultScanner\Test\UnitTestResultScanner\UnitTestResultScanner.csproj", "{FF09B41C-ABAC-44D5-ACB2-3F5BBA14DB47}"
EndProject
Project("{2150E333-8FDC-42A3-9474-1A3956D46DE8}") = "Format", "Format", "{68C2C172-23F8-4678-9F2A-7FC1A0D0A98D}"
EndProject
Project("{FAE04EC0-301F-11D3-BF4B-00C04F79EFBC}") = "UnitySC.Shared.Format.001", "..\Shared\Format\UnitySC.Shared.Format.001\UnitySC.Shared.Format.001.csproj", "{9DD55FF9-EB75-4D58-B643-65E4572E021F}"
EndProject
Project("{2150E333-8FDC-42A3-9474-1A3956D46DE8}") = "Klarf", "Klarf", "{785AAFB6-AFC1-45FE-B4C1-7A23BB7F591E}"
EndProject
Project("{FAE04EC0-301F-11D3-BF4B-00C04F79EFBC}") = "UnitySC.Shared.Format.Helper", "..\Shared\Format\UnitySC.Shared.Format.Helper\UnitySC.Shared.Format.Helper.csproj", "{35911960-2EA5-4505-AB61-C98D8B5345F7}"
EndProject
Project("{FAE04EC0-301F-11D3-BF4B-00C04F79EFBC}") = "UnitySC.Shared.Display.001", "..\Shared\Format\UnitySC.Shared.Display.001\UnitySC.Shared.Display.001.csproj", "{0039AEC4-4376-46BC-8717-39DBE6DA4F29}"
EndProject
Project("{2150E333-8FDC-42A3-9474-1A3956D46DE8}") = "ASO", "ASO", "{9DB2170D-43FF-4AE4-BBE1-88D3F3520A4D}"
EndProject
Project("{FAE04EC0-301F-11D3-BF4B-00C04F79EFBC}") = "UnitySC.Shared.Format.ASO", "..\Shared\Format\UnitySC.Shared.Format.ASO\UnitySC.Shared.Format.ASO.csproj", "{9C65F137-2C18-41E2-8627-54D49A254189}"
EndProject
Project("{FAE04EC0-301F-11D3-BF4B-00C04F79EFBC}") = "UnitySC.Shared.Display.ASO", "..\Shared\Format\UnitySC.Shared.Display.ASO\UnitySC.Shared.Display.ASO.csproj", "{7C604A22-8D8D-4CAD-AEE9-80E96DE4402F}"
EndProject
Project("{FAE04EC0-301F-11D3-BF4B-00C04F79EFBC}") = "ResultsRegisterSimulator", "ResultScanner\Test\ResultsRegisterSimulator\ResultsRegisterSimulator.csproj", "{868B4CAC-1770-4845-81DF-A97AB2060622}"
EndProject
Project("{FAE04EC0-301F-11D3-BF4B-00C04F79EFBC}") = "UnitySC.Shared.UI", "..\Shared\UnitySC.Shared.UI\UnitySC.Shared.UI.csproj", "{ABA2C6A4-BCB4-478A-BE76-CB62AB4941E9}"
EndProject
Project("{2150E333-8FDC-42A3-9474-1A3956D46DE8}") = "Haze", "Haze", "{E52CA511-E9B8-4C19-92ED-E0C12BA8598B}"
EndProject
Project("{FAE04EC0-301F-11D3-BF4B-00C04F79EFBC}") = "UnitySC.Shared.Format.HAZE", "..\Shared\Format\UnitySC.Shared.Format.HAZE\UnitySC.Shared.Format.HAZE.csproj", "{36B3D208-5A0E-4F29-B9E0-7F3408778BD9}"
EndProject
Project("{FAE04EC0-301F-11D3-BF4B-00C04F79EFBC}") = "UnitySC.Shared.Display.HAZE", "..\Shared\Format\UnitySC.Shared.Display.HAZE\UnitySC.Shared.Display.HAZE.csproj", "{18BC0645-C0F2-46DD-A1A8-7FC58730D756}"
EndProject
Project("{2150E333-8FDC-42A3-9474-1A3956D46DE8}") = "Metro", "Metro", "{BDE5C7B6-0F08-4F7F-A3FC-C1968C2F4747}"
EndProject
Project("{FAE04EC0-301F-11D3-BF4B-00C04F79EFBC}") = "UnitySC.Shared.Format.Metro", "..\Shared\Format\UnitySC.Shared.Format.Metro\UnitySC.Shared.Format.Metro.csproj", "{79893DE6-6FE7-4DC0-B5C0-D451F8628A98}"
EndProject
Project("{FAE04EC0-301F-11D3-BF4B-00C04F79EFBC}") = "UnitySC.Shared.Display.Metro", "..\Shared\Format\UnitySC.Shared.Display.Metro\UnitySC.Shared.Display.Metro.csproj", "{BD4440F5-8D16-4609-88C0-F643F583921B}"
EndProject
Project("{FAE04EC0-301F-11D3-BF4B-00C04F79EFBC}") = "UnitySC.Shared.FDC", "..\Shared\UnitySC.Shared.FDC\UnitySC.Shared.FDC.csproj", "{3F3CC7E4-7DE0-40B8-8C4F-096B5F1E0CDA}"
EndProject
Project("{FAE04EC0-301F-11D3-BF4B-00C04F79EFBC}") = "UnitySC.Shared.FDC.Interface", "..\Shared\UnitySC.Shared.FDC.Interface\UnitySC.Shared.FDC.Interface.csproj", "{8A288ABB-F8C5-40B3-ABEC-051409043B7F}"
EndProject
Project("{FAE04EC0-301F-11D3-BF4B-00C04F79EFBC}") = "UnitySC.Shared.Proxy", "..\Shared\UnitySC.Shared.Proxy\UnitySC.Shared.Proxy.csproj", "{90BDBE2A-B307-4FE9-95AB-09A0673C2345}"
EndProject
Project("{FAE04EC0-301F-11D3-BF4B-00C04F79EFBC}") = "UnitySC.Shared.Data.Test", "..\Shared\UnitySC.Shared.Data.Test\UnitySC.Shared.Data.Test.csproj", "{CE849B42-B59B-4189-A72A-07BC5CBBAE69}"
EndProject
Project("{2150E333-8FDC-42A3-9474-1A3956D46DE8}") = "ADC", "ADC", "{DD34F94F-99EF-4A8A-A944-3911C3EEFBE1}"
EndProject
Project("{FAE04EC0-301F-11D3-BF4B-00C04F79EFBC}") = "UnitySC.ADCAS300Like.Common", "..\Dataflow\ADC\AS300Like\ADCCommon\UnitySC.ADCAS300Like.Common.csproj", "{946EB8CB-20F1-4219-9361-35C0E7D60EB3}"
EndProject
Global
	GlobalSection(SolutionConfigurationPlatforms) = preSolution
		Debug|Any CPU = Debug|Any CPU
		Debug|x64 = Debug|x64
		Release|Any CPU = Release|Any CPU
		Release|x64 = Release|x64
	EndGlobalSection
	GlobalSection(ProjectConfigurationPlatforms) = postSolution
		{92C144CE-862C-4A76-8D22-371276954A00}.Debug|Any CPU.ActiveCfg = Debug|Any CPU
		{92C144CE-862C-4A76-8D22-371276954A00}.Debug|Any CPU.Build.0 = Debug|Any CPU
		{92C144CE-862C-4A76-8D22-371276954A00}.Debug|x64.ActiveCfg = Debug|x64
		{92C144CE-862C-4A76-8D22-371276954A00}.Debug|x64.Build.0 = Debug|x64
		{92C144CE-862C-4A76-8D22-371276954A00}.Release|Any CPU.ActiveCfg = Release|Any CPU
		{92C144CE-862C-4A76-8D22-371276954A00}.Release|Any CPU.Build.0 = Release|Any CPU
		{92C144CE-862C-4A76-8D22-371276954A00}.Release|x64.ActiveCfg = Release|x64
		{92C144CE-862C-4A76-8D22-371276954A00}.Release|x64.Build.0 = Release|x64
		{01624866-5C0A-4F7E-A355-8D03680B3466}.Debug|Any CPU.ActiveCfg = Debug|Any CPU
		{01624866-5C0A-4F7E-A355-8D03680B3466}.Debug|Any CPU.Build.0 = Debug|Any CPU
		{01624866-5C0A-4F7E-A355-8D03680B3466}.Debug|x64.ActiveCfg = Debug|x64
		{01624866-5C0A-4F7E-A355-8D03680B3466}.Debug|x64.Build.0 = Debug|x64
		{01624866-5C0A-4F7E-A355-8D03680B3466}.Release|Any CPU.ActiveCfg = Release|Any CPU
		{01624866-5C0A-4F7E-A355-8D03680B3466}.Release|Any CPU.Build.0 = Release|Any CPU
		{01624866-5C0A-4F7E-A355-8D03680B3466}.Release|x64.ActiveCfg = Release|x64
		{01624866-5C0A-4F7E-A355-8D03680B3466}.Release|x64.Build.0 = Release|x64
		{A3DF38D3-4AE1-449C-AB16-712D748C500D}.Debug|Any CPU.ActiveCfg = Debug|Any CPU
		{A3DF38D3-4AE1-449C-AB16-712D748C500D}.Debug|Any CPU.Build.0 = Debug|Any CPU
		{A3DF38D3-4AE1-449C-AB16-712D748C500D}.Debug|x64.ActiveCfg = Debug|x64
		{A3DF38D3-4AE1-449C-AB16-712D748C500D}.Debug|x64.Build.0 = Debug|x64
		{A3DF38D3-4AE1-449C-AB16-712D748C500D}.Release|Any CPU.ActiveCfg = Release|Any CPU
		{A3DF38D3-4AE1-449C-AB16-712D748C500D}.Release|Any CPU.Build.0 = Release|Any CPU
		{A3DF38D3-4AE1-449C-AB16-712D748C500D}.Release|x64.ActiveCfg = Release|x64
		{A3DF38D3-4AE1-449C-AB16-712D748C500D}.Release|x64.Build.0 = Release|x64
		{7276B4FB-2D72-47D6-903E-7B8D3B929C92}.Debug|Any CPU.ActiveCfg = Debug|Any CPU
		{7276B4FB-2D72-47D6-903E-7B8D3B929C92}.Debug|Any CPU.Build.0 = Debug|Any CPU
		{7276B4FB-2D72-47D6-903E-7B8D3B929C92}.Debug|x64.ActiveCfg = Debug|x64
		{7276B4FB-2D72-47D6-903E-7B8D3B929C92}.Debug|x64.Build.0 = Debug|x64
		{7276B4FB-2D72-47D6-903E-7B8D3B929C92}.Release|Any CPU.ActiveCfg = Release|Any CPU
		{7276B4FB-2D72-47D6-903E-7B8D3B929C92}.Release|Any CPU.Build.0 = Release|Any CPU
		{7276B4FB-2D72-47D6-903E-7B8D3B929C92}.Release|x64.ActiveCfg = Release|x64
		{7276B4FB-2D72-47D6-903E-7B8D3B929C92}.Release|x64.Build.0 = Release|x64
		{32D1BED3-ABDE-49B3-B0B0-F32EFD48195C}.Debug|Any CPU.ActiveCfg = Debug|Any CPU
		{32D1BED3-ABDE-49B3-B0B0-F32EFD48195C}.Debug|Any CPU.Build.0 = Debug|Any CPU
		{32D1BED3-ABDE-49B3-B0B0-F32EFD48195C}.Debug|x64.ActiveCfg = Debug|x64
		{32D1BED3-ABDE-49B3-B0B0-F32EFD48195C}.Debug|x64.Build.0 = Debug|x64
		{32D1BED3-ABDE-49B3-B0B0-F32EFD48195C}.Release|Any CPU.ActiveCfg = Release|Any CPU
		{32D1BED3-ABDE-49B3-B0B0-F32EFD48195C}.Release|Any CPU.Build.0 = Release|Any CPU
		{32D1BED3-ABDE-49B3-B0B0-F32EFD48195C}.Release|x64.ActiveCfg = Release|x64
		{32D1BED3-ABDE-49B3-B0B0-F32EFD48195C}.Release|x64.Build.0 = Release|x64
		{5E8633AB-C625-49EF-A0A1-632C630E97C8}.Debug|Any CPU.ActiveCfg = Debug|Any CPU
		{5E8633AB-C625-49EF-A0A1-632C630E97C8}.Debug|Any CPU.Build.0 = Debug|Any CPU
		{5E8633AB-C625-49EF-A0A1-632C630E97C8}.Debug|x64.ActiveCfg = Debug|x64
		{5E8633AB-C625-49EF-A0A1-632C630E97C8}.Debug|x64.Build.0 = Debug|x64
		{5E8633AB-C625-49EF-A0A1-632C630E97C8}.Release|Any CPU.ActiveCfg = Release|Any CPU
		{5E8633AB-C625-49EF-A0A1-632C630E97C8}.Release|Any CPU.Build.0 = Release|Any CPU
		{5E8633AB-C625-49EF-A0A1-632C630E97C8}.Release|x64.ActiveCfg = Release|x64
		{5E8633AB-C625-49EF-A0A1-632C630E97C8}.Release|x64.Build.0 = Release|x64
		{FC8ED3A2-FF0A-48B1-A35D-BF6AF5C3DDC7}.Debug|Any CPU.ActiveCfg = Debug|Any CPU
		{FC8ED3A2-FF0A-48B1-A35D-BF6AF5C3DDC7}.Debug|Any CPU.Build.0 = Debug|Any CPU
		{FC8ED3A2-FF0A-48B1-A35D-BF6AF5C3DDC7}.Debug|x64.ActiveCfg = Debug|x64
		{FC8ED3A2-FF0A-48B1-A35D-BF6AF5C3DDC7}.Debug|x64.Build.0 = Debug|x64
		{FC8ED3A2-FF0A-48B1-A35D-BF6AF5C3DDC7}.Release|Any CPU.ActiveCfg = Release|Any CPU
		{FC8ED3A2-FF0A-48B1-A35D-BF6AF5C3DDC7}.Release|Any CPU.Build.0 = Release|Any CPU
		{FC8ED3A2-FF0A-48B1-A35D-BF6AF5C3DDC7}.Release|x64.ActiveCfg = Release|x64
		{FC8ED3A2-FF0A-48B1-A35D-BF6AF5C3DDC7}.Release|x64.Build.0 = Release|x64
		{D1D97C03-4864-48C6-8F97-C666629BFB4C}.Debug|Any CPU.ActiveCfg = Debug|Any CPU
		{D1D97C03-4864-48C6-8F97-C666629BFB4C}.Debug|Any CPU.Build.0 = Debug|Any CPU
		{D1D97C03-4864-48C6-8F97-C666629BFB4C}.Debug|x64.ActiveCfg = Debug|x64
		{D1D97C03-4864-48C6-8F97-C666629BFB4C}.Debug|x64.Build.0 = Debug|x64
		{D1D97C03-4864-48C6-8F97-C666629BFB4C}.Release|Any CPU.ActiveCfg = Release|Any CPU
		{D1D97C03-4864-48C6-8F97-C666629BFB4C}.Release|Any CPU.Build.0 = Release|Any CPU
		{D1D97C03-4864-48C6-8F97-C666629BFB4C}.Release|x64.ActiveCfg = Release|x64
		{D1D97C03-4864-48C6-8F97-C666629BFB4C}.Release|x64.Build.0 = Release|x64
		{ADAAA9A7-A603-4FF8-9589-36B63127A803}.Debug|Any CPU.ActiveCfg = Debug|Any CPU
		{ADAAA9A7-A603-4FF8-9589-36B63127A803}.Debug|Any CPU.Build.0 = Debug|Any CPU
		{ADAAA9A7-A603-4FF8-9589-36B63127A803}.Debug|x64.ActiveCfg = Debug|x64
		{ADAAA9A7-A603-4FF8-9589-36B63127A803}.Debug|x64.Build.0 = Debug|x64
		{ADAAA9A7-A603-4FF8-9589-36B63127A803}.Release|Any CPU.ActiveCfg = Release|Any CPU
		{ADAAA9A7-A603-4FF8-9589-36B63127A803}.Release|Any CPU.Build.0 = Release|Any CPU
		{ADAAA9A7-A603-4FF8-9589-36B63127A803}.Release|x64.ActiveCfg = Release|x64
		{ADAAA9A7-A603-4FF8-9589-36B63127A803}.Release|x64.Build.0 = Release|x64
		{0450AE32-08A4-4F1C-BA85-00C7042A65FD}.Debug|Any CPU.ActiveCfg = Debug|Any CPU
		{0450AE32-08A4-4F1C-BA85-00C7042A65FD}.Debug|Any CPU.Build.0 = Debug|Any CPU
		{0450AE32-08A4-4F1C-BA85-00C7042A65FD}.Debug|x64.ActiveCfg = Debug|x64
		{0450AE32-08A4-4F1C-BA85-00C7042A65FD}.Debug|x64.Build.0 = Debug|x64
		{0450AE32-08A4-4F1C-BA85-00C7042A65FD}.Release|Any CPU.ActiveCfg = Release|Any CPU
		{0450AE32-08A4-4F1C-BA85-00C7042A65FD}.Release|Any CPU.Build.0 = Release|Any CPU
		{0450AE32-08A4-4F1C-BA85-00C7042A65FD}.Release|x64.ActiveCfg = Release|x64
		{0450AE32-08A4-4F1C-BA85-00C7042A65FD}.Release|x64.Build.0 = Release|x64
		{18098B1A-7CC3-40A8-8425-7F70D674557D}.Debug|Any CPU.ActiveCfg = Debug|Any CPU
		{18098B1A-7CC3-40A8-8425-7F70D674557D}.Debug|Any CPU.Build.0 = Debug|Any CPU
		{18098B1A-7CC3-40A8-8425-7F70D674557D}.Debug|x64.ActiveCfg = Debug|x64
		{18098B1A-7CC3-40A8-8425-7F70D674557D}.Debug|x64.Build.0 = Debug|x64
		{18098B1A-7CC3-40A8-8425-7F70D674557D}.Release|Any CPU.ActiveCfg = Release|Any CPU
		{18098B1A-7CC3-40A8-8425-7F70D674557D}.Release|Any CPU.Build.0 = Release|Any CPU
		{18098B1A-7CC3-40A8-8425-7F70D674557D}.Release|x64.ActiveCfg = Release|x64
		{18098B1A-7CC3-40A8-8425-7F70D674557D}.Release|x64.Build.0 = Release|x64
		{2F55B3A5-F966-4650-9EDB-EDA8F4B4F3E2}.Debug|Any CPU.ActiveCfg = Debug|Any CPU
		{2F55B3A5-F966-4650-9EDB-EDA8F4B4F3E2}.Debug|Any CPU.Build.0 = Debug|Any CPU
		{2F55B3A5-F966-4650-9EDB-EDA8F4B4F3E2}.Debug|x64.ActiveCfg = Debug|x64
		{2F55B3A5-F966-4650-9EDB-EDA8F4B4F3E2}.Debug|x64.Build.0 = Debug|x64
		{2F55B3A5-F966-4650-9EDB-EDA8F4B4F3E2}.Release|Any CPU.ActiveCfg = Release|Any CPU
		{2F55B3A5-F966-4650-9EDB-EDA8F4B4F3E2}.Release|Any CPU.Build.0 = Release|Any CPU
		{2F55B3A5-F966-4650-9EDB-EDA8F4B4F3E2}.Release|x64.ActiveCfg = Release|x64
		{2F55B3A5-F966-4650-9EDB-EDA8F4B4F3E2}.Release|x64.Build.0 = Release|x64
		{9C64DC4B-5DFB-4E28-8C2E-C5907B6D729F}.Debug|Any CPU.ActiveCfg = Debug|Any CPU
		{9C64DC4B-5DFB-4E28-8C2E-C5907B6D729F}.Debug|Any CPU.Build.0 = Debug|Any CPU
		{9C64DC4B-5DFB-4E28-8C2E-C5907B6D729F}.Debug|x64.ActiveCfg = Debug|x64
		{9C64DC4B-5DFB-4E28-8C2E-C5907B6D729F}.Debug|x64.Build.0 = Debug|x64
		{9C64DC4B-5DFB-4E28-8C2E-C5907B6D729F}.Release|Any CPU.ActiveCfg = Release|Any CPU
		{9C64DC4B-5DFB-4E28-8C2E-C5907B6D729F}.Release|Any CPU.Build.0 = Release|Any CPU
		{9C64DC4B-5DFB-4E28-8C2E-C5907B6D729F}.Release|x64.ActiveCfg = Release|x64
		{9C64DC4B-5DFB-4E28-8C2E-C5907B6D729F}.Release|x64.Build.0 = Release|x64
		{8297566A-E410-457A-A985-52B294C49CD5}.Debug|Any CPU.ActiveCfg = Debug|Any CPU
		{8297566A-E410-457A-A985-52B294C49CD5}.Debug|Any CPU.Build.0 = Debug|Any CPU
		{8297566A-E410-457A-A985-52B294C49CD5}.Debug|x64.ActiveCfg = Debug|x64
		{8297566A-E410-457A-A985-52B294C49CD5}.Debug|x64.Build.0 = Debug|x64
		{8297566A-E410-457A-A985-52B294C49CD5}.Release|Any CPU.ActiveCfg = Release|Any CPU
		{8297566A-E410-457A-A985-52B294C49CD5}.Release|Any CPU.Build.0 = Release|Any CPU
		{8297566A-E410-457A-A985-52B294C49CD5}.Release|x64.ActiveCfg = Release|x64
		{8297566A-E410-457A-A985-52B294C49CD5}.Release|x64.Build.0 = Release|x64
		{FF09B41C-ABAC-44D5-ACB2-3F5BBA14DB47}.Debug|Any CPU.ActiveCfg = Debug|Any CPU
		{FF09B41C-ABAC-44D5-ACB2-3F5BBA14DB47}.Debug|Any CPU.Build.0 = Debug|Any CPU
		{FF09B41C-ABAC-44D5-ACB2-3F5BBA14DB47}.Debug|x64.ActiveCfg = Debug|x64
		{FF09B41C-ABAC-44D5-ACB2-3F5BBA14DB47}.Debug|x64.Build.0 = Debug|x64
		{FF09B41C-ABAC-44D5-ACB2-3F5BBA14DB47}.Release|Any CPU.ActiveCfg = Release|Any CPU
		{FF09B41C-ABAC-44D5-ACB2-3F5BBA14DB47}.Release|Any CPU.Build.0 = Release|Any CPU
		{FF09B41C-ABAC-44D5-ACB2-3F5BBA14DB47}.Release|x64.ActiveCfg = Release|x64
		{FF09B41C-ABAC-44D5-ACB2-3F5BBA14DB47}.Release|x64.Build.0 = Release|x64
		{9DD55FF9-EB75-4D58-B643-65E4572E021F}.Debug|Any CPU.ActiveCfg = Debug|Any CPU
		{9DD55FF9-EB75-4D58-B643-65E4572E021F}.Debug|Any CPU.Build.0 = Debug|Any CPU
		{9DD55FF9-EB75-4D58-B643-65E4572E021F}.Debug|x64.ActiveCfg = Debug|x64
		{9DD55FF9-EB75-4D58-B643-65E4572E021F}.Debug|x64.Build.0 = Debug|x64
		{9DD55FF9-EB75-4D58-B643-65E4572E021F}.Release|Any CPU.ActiveCfg = Release|Any CPU
		{9DD55FF9-EB75-4D58-B643-65E4572E021F}.Release|Any CPU.Build.0 = Release|Any CPU
		{9DD55FF9-EB75-4D58-B643-65E4572E021F}.Release|x64.ActiveCfg = Release|x64
		{9DD55FF9-EB75-4D58-B643-65E4572E021F}.Release|x64.Build.0 = Release|x64
		{35911960-2EA5-4505-AB61-C98D8B5345F7}.Debug|Any CPU.ActiveCfg = Debug|Any CPU
		{35911960-2EA5-4505-AB61-C98D8B5345F7}.Debug|Any CPU.Build.0 = Debug|Any CPU
		{35911960-2EA5-4505-AB61-C98D8B5345F7}.Debug|x64.ActiveCfg = Debug|x64
		{35911960-2EA5-4505-AB61-C98D8B5345F7}.Debug|x64.Build.0 = Debug|x64
		{35911960-2EA5-4505-AB61-C98D8B5345F7}.Release|Any CPU.ActiveCfg = Release|Any CPU
		{35911960-2EA5-4505-AB61-C98D8B5345F7}.Release|Any CPU.Build.0 = Release|Any CPU
		{35911960-2EA5-4505-AB61-C98D8B5345F7}.Release|x64.ActiveCfg = Release|x64
		{35911960-2EA5-4505-AB61-C98D8B5345F7}.Release|x64.Build.0 = Release|x64
		{0039AEC4-4376-46BC-8717-39DBE6DA4F29}.Debug|Any CPU.ActiveCfg = Debug|Any CPU
		{0039AEC4-4376-46BC-8717-39DBE6DA4F29}.Debug|Any CPU.Build.0 = Debug|Any CPU
		{0039AEC4-4376-46BC-8717-39DBE6DA4F29}.Debug|x64.ActiveCfg = Debug|x64
		{0039AEC4-4376-46BC-8717-39DBE6DA4F29}.Debug|x64.Build.0 = Debug|x64
		{0039AEC4-4376-46BC-8717-39DBE6DA4F29}.Release|Any CPU.ActiveCfg = Release|Any CPU
		{0039AEC4-4376-46BC-8717-39DBE6DA4F29}.Release|Any CPU.Build.0 = Release|Any CPU
		{0039AEC4-4376-46BC-8717-39DBE6DA4F29}.Release|x64.ActiveCfg = Release|x64
		{0039AEC4-4376-46BC-8717-39DBE6DA4F29}.Release|x64.Build.0 = Release|x64
		{9C65F137-2C18-41E2-8627-54D49A254189}.Debug|Any CPU.ActiveCfg = Debug|Any CPU
		{9C65F137-2C18-41E2-8627-54D49A254189}.Debug|Any CPU.Build.0 = Debug|Any CPU
		{9C65F137-2C18-41E2-8627-54D49A254189}.Debug|x64.ActiveCfg = Debug|x64
		{9C65F137-2C18-41E2-8627-54D49A254189}.Debug|x64.Build.0 = Debug|x64
		{9C65F137-2C18-41E2-8627-54D49A254189}.Release|Any CPU.ActiveCfg = Release|Any CPU
		{9C65F137-2C18-41E2-8627-54D49A254189}.Release|Any CPU.Build.0 = Release|Any CPU
		{9C65F137-2C18-41E2-8627-54D49A254189}.Release|x64.ActiveCfg = Release|x64
		{9C65F137-2C18-41E2-8627-54D49A254189}.Release|x64.Build.0 = Release|x64
		{7C604A22-8D8D-4CAD-AEE9-80E96DE4402F}.Debug|Any CPU.ActiveCfg = Debug|Any CPU
		{7C604A22-8D8D-4CAD-AEE9-80E96DE4402F}.Debug|Any CPU.Build.0 = Debug|Any CPU
		{7C604A22-8D8D-4CAD-AEE9-80E96DE4402F}.Debug|x64.ActiveCfg = Debug|x64
		{7C604A22-8D8D-4CAD-AEE9-80E96DE4402F}.Debug|x64.Build.0 = Debug|x64
		{7C604A22-8D8D-4CAD-AEE9-80E96DE4402F}.Release|Any CPU.ActiveCfg = Release|Any CPU
		{7C604A22-8D8D-4CAD-AEE9-80E96DE4402F}.Release|Any CPU.Build.0 = Release|Any CPU
		{7C604A22-8D8D-4CAD-AEE9-80E96DE4402F}.Release|x64.ActiveCfg = Release|x64
		{7C604A22-8D8D-4CAD-AEE9-80E96DE4402F}.Release|x64.Build.0 = Release|x64
		{868B4CAC-1770-4845-81DF-A97AB2060622}.Debug|Any CPU.ActiveCfg = Debug|Any CPU
		{868B4CAC-1770-4845-81DF-A97AB2060622}.Debug|Any CPU.Build.0 = Debug|Any CPU
		{868B4CAC-1770-4845-81DF-A97AB2060622}.Debug|x64.ActiveCfg = Debug|x64
		{868B4CAC-1770-4845-81DF-A97AB2060622}.Debug|x64.Build.0 = Debug|x64
		{868B4CAC-1770-4845-81DF-A97AB2060622}.Release|Any CPU.ActiveCfg = Release|Any CPU
		{868B4CAC-1770-4845-81DF-A97AB2060622}.Release|Any CPU.Build.0 = Release|Any CPU
		{868B4CAC-1770-4845-81DF-A97AB2060622}.Release|x64.ActiveCfg = Release|x64
		{868B4CAC-1770-4845-81DF-A97AB2060622}.Release|x64.Build.0 = Release|x64
		{ABA2C6A4-BCB4-478A-BE76-CB62AB4941E9}.Debug|Any CPU.ActiveCfg = Debug|Any CPU
		{ABA2C6A4-BCB4-478A-BE76-CB62AB4941E9}.Debug|Any CPU.Build.0 = Debug|Any CPU
		{ABA2C6A4-BCB4-478A-BE76-CB62AB4941E9}.Debug|x64.ActiveCfg = Debug|x64
		{ABA2C6A4-BCB4-478A-BE76-CB62AB4941E9}.Debug|x64.Build.0 = Debug|x64
		{ABA2C6A4-BCB4-478A-BE76-CB62AB4941E9}.Release|Any CPU.ActiveCfg = Release|Any CPU
		{ABA2C6A4-BCB4-478A-BE76-CB62AB4941E9}.Release|Any CPU.Build.0 = Release|Any CPU
		{ABA2C6A4-BCB4-478A-BE76-CB62AB4941E9}.Release|x64.ActiveCfg = Release|x64
		{ABA2C6A4-BCB4-478A-BE76-CB62AB4941E9}.Release|x64.Build.0 = Release|x64
		{36B3D208-5A0E-4F29-B9E0-7F3408778BD9}.Debug|Any CPU.ActiveCfg = Debug|Any CPU
		{36B3D208-5A0E-4F29-B9E0-7F3408778BD9}.Debug|Any CPU.Build.0 = Debug|Any CPU
		{36B3D208-5A0E-4F29-B9E0-7F3408778BD9}.Debug|x64.ActiveCfg = Debug|x64
		{36B3D208-5A0E-4F29-B9E0-7F3408778BD9}.Debug|x64.Build.0 = Debug|x64
		{36B3D208-5A0E-4F29-B9E0-7F3408778BD9}.Release|Any CPU.ActiveCfg = Release|Any CPU
		{36B3D208-5A0E-4F29-B9E0-7F3408778BD9}.Release|Any CPU.Build.0 = Release|Any CPU
		{36B3D208-5A0E-4F29-B9E0-7F3408778BD9}.Release|x64.ActiveCfg = Release|x64
		{36B3D208-5A0E-4F29-B9E0-7F3408778BD9}.Release|x64.Build.0 = Release|x64
		{18BC0645-C0F2-46DD-A1A8-7FC58730D756}.Debug|Any CPU.ActiveCfg = Debug|Any CPU
		{18BC0645-C0F2-46DD-A1A8-7FC58730D756}.Debug|Any CPU.Build.0 = Debug|Any CPU
		{18BC0645-C0F2-46DD-A1A8-7FC58730D756}.Debug|x64.ActiveCfg = Debug|x64
		{18BC0645-C0F2-46DD-A1A8-7FC58730D756}.Debug|x64.Build.0 = Debug|x64
		{18BC0645-C0F2-46DD-A1A8-7FC58730D756}.Release|Any CPU.ActiveCfg = Release|Any CPU
		{18BC0645-C0F2-46DD-A1A8-7FC58730D756}.Release|Any CPU.Build.0 = Release|Any CPU
		{18BC0645-C0F2-46DD-A1A8-7FC58730D756}.Release|x64.ActiveCfg = Release|x64
		{18BC0645-C0F2-46DD-A1A8-7FC58730D756}.Release|x64.Build.0 = Release|x64
		{79893DE6-6FE7-4DC0-B5C0-D451F8628A98}.Debug|Any CPU.ActiveCfg = Debug|Any CPU
		{79893DE6-6FE7-4DC0-B5C0-D451F8628A98}.Debug|Any CPU.Build.0 = Debug|Any CPU
		{79893DE6-6FE7-4DC0-B5C0-D451F8628A98}.Debug|x64.ActiveCfg = Debug|x64
		{79893DE6-6FE7-4DC0-B5C0-D451F8628A98}.Debug|x64.Build.0 = Debug|x64
		{79893DE6-6FE7-4DC0-B5C0-D451F8628A98}.Release|Any CPU.ActiveCfg = Release|Any CPU
		{79893DE6-6FE7-4DC0-B5C0-D451F8628A98}.Release|Any CPU.Build.0 = Release|Any CPU
		{79893DE6-6FE7-4DC0-B5C0-D451F8628A98}.Release|x64.ActiveCfg = Release|x64
		{79893DE6-6FE7-4DC0-B5C0-D451F8628A98}.Release|x64.Build.0 = Release|x64
		{BD4440F5-8D16-4609-88C0-F643F583921B}.Debug|Any CPU.ActiveCfg = Debug|Any CPU
		{BD4440F5-8D16-4609-88C0-F643F583921B}.Debug|Any CPU.Build.0 = Debug|Any CPU
		{BD4440F5-8D16-4609-88C0-F643F583921B}.Debug|x64.ActiveCfg = Debug|x64
		{BD4440F5-8D16-4609-88C0-F643F583921B}.Debug|x64.Build.0 = Debug|x64
		{BD4440F5-8D16-4609-88C0-F643F583921B}.Release|Any CPU.ActiveCfg = Release|Any CPU
		{BD4440F5-8D16-4609-88C0-F643F583921B}.Release|Any CPU.Build.0 = Release|Any CPU
		{BD4440F5-8D16-4609-88C0-F643F583921B}.Release|x64.ActiveCfg = Release|x64
		{BD4440F5-8D16-4609-88C0-F643F583921B}.Release|x64.Build.0 = Release|x64
		{3F3CC7E4-7DE0-40B8-8C4F-096B5F1E0CDA}.Debug|Any CPU.ActiveCfg = Debug|Any CPU
		{3F3CC7E4-7DE0-40B8-8C4F-096B5F1E0CDA}.Debug|Any CPU.Build.0 = Debug|Any CPU
		{3F3CC7E4-7DE0-40B8-8C4F-096B5F1E0CDA}.Debug|x64.ActiveCfg = Debug|x64
		{3F3CC7E4-7DE0-40B8-8C4F-096B5F1E0CDA}.Debug|x64.Build.0 = Debug|x64
		{3F3CC7E4-7DE0-40B8-8C4F-096B5F1E0CDA}.Release|Any CPU.ActiveCfg = Release|Any CPU
		{3F3CC7E4-7DE0-40B8-8C4F-096B5F1E0CDA}.Release|Any CPU.Build.0 = Release|Any CPU
		{3F3CC7E4-7DE0-40B8-8C4F-096B5F1E0CDA}.Release|x64.ActiveCfg = Release|x64
		{3F3CC7E4-7DE0-40B8-8C4F-096B5F1E0CDA}.Release|x64.Build.0 = Release|x64
		{8A288ABB-F8C5-40B3-ABEC-051409043B7F}.Debug|Any CPU.ActiveCfg = Debug|Any CPU
		{8A288ABB-F8C5-40B3-ABEC-051409043B7F}.Debug|Any CPU.Build.0 = Debug|Any CPU
		{8A288ABB-F8C5-40B3-ABEC-051409043B7F}.Debug|x64.ActiveCfg = Debug|x64
		{8A288ABB-F8C5-40B3-ABEC-051409043B7F}.Debug|x64.Build.0 = Debug|x64
		{8A288ABB-F8C5-40B3-ABEC-051409043B7F}.Release|Any CPU.ActiveCfg = Release|Any CPU
		{8A288ABB-F8C5-40B3-ABEC-051409043B7F}.Release|Any CPU.Build.0 = Release|Any CPU
		{8A288ABB-F8C5-40B3-ABEC-051409043B7F}.Release|x64.ActiveCfg = Release|x64
		{8A288ABB-F8C5-40B3-ABEC-051409043B7F}.Release|x64.Build.0 = Release|x64
		{90BDBE2A-B307-4FE9-95AB-09A0673C2345}.Debug|Any CPU.ActiveCfg = Debug|Any CPU
		{90BDBE2A-B307-4FE9-95AB-09A0673C2345}.Debug|Any CPU.Build.0 = Debug|Any CPU
		{90BDBE2A-B307-4FE9-95AB-09A0673C2345}.Debug|x64.ActiveCfg = Debug|x64
		{90BDBE2A-B307-4FE9-95AB-09A0673C2345}.Debug|x64.Build.0 = Debug|x64
		{90BDBE2A-B307-4FE9-95AB-09A0673C2345}.Release|Any CPU.ActiveCfg = Release|Any CPU
		{90BDBE2A-B307-4FE9-95AB-09A0673C2345}.Release|Any CPU.Build.0 = Release|Any CPU
		{90BDBE2A-B307-4FE9-95AB-09A0673C2345}.Release|x64.ActiveCfg = Release|x64
		{90BDBE2A-B307-4FE9-95AB-09A0673C2345}.Release|x64.Build.0 = Release|x64
		{CE849B42-B59B-4189-A72A-07BC5CBBAE69}.Debug|Any CPU.ActiveCfg = Debug|Any CPU
		{CE849B42-B59B-4189-A72A-07BC5CBBAE69}.Debug|Any CPU.Build.0 = Debug|Any CPU
		{CE849B42-B59B-4189-A72A-07BC5CBBAE69}.Debug|x64.ActiveCfg = Debug|x64
		{CE849B42-B59B-4189-A72A-07BC5CBBAE69}.Debug|x64.Build.0 = Debug|x64
		{CE849B42-B59B-4189-A72A-07BC5CBBAE69}.Release|Any CPU.ActiveCfg = Release|Any CPU
		{CE849B42-B59B-4189-A72A-07BC5CBBAE69}.Release|Any CPU.Build.0 = Release|Any CPU
		{CE849B42-B59B-4189-A72A-07BC5CBBAE69}.Release|x64.ActiveCfg = Release|x64
		{CE849B42-B59B-4189-A72A-07BC5CBBAE69}.Release|x64.Build.0 = Release|x64
		{946EB8CB-20F1-4219-9361-35C0E7D60EB3}.Debug|Any CPU.ActiveCfg = Debug|Any CPU
		{946EB8CB-20F1-4219-9361-35C0E7D60EB3}.Debug|Any CPU.Build.0 = Debug|Any CPU
		{946EB8CB-20F1-4219-9361-35C0E7D60EB3}.Debug|x64.ActiveCfg = Debug|x64
		{946EB8CB-20F1-4219-9361-35C0E7D60EB3}.Debug|x64.Build.0 = Debug|x64
		{946EB8CB-20F1-4219-9361-35C0E7D60EB3}.Release|Any CPU.ActiveCfg = Release|Any CPU
		{946EB8CB-20F1-4219-9361-35C0E7D60EB3}.Release|Any CPU.Build.0 = Release|Any CPU
		{946EB8CB-20F1-4219-9361-35C0E7D60EB3}.Release|x64.ActiveCfg = Release|x64
		{946EB8CB-20F1-4219-9361-35C0E7D60EB3}.Release|x64.Build.0 = Release|x64
	EndGlobalSection
	GlobalSection(SolutionProperties) = preSolution
		HideSolutionNode = FALSE
	EndGlobalSection
	GlobalSection(NestedProjects) = preSolution
		{92C144CE-862C-4A76-8D22-371276954A00} = {721B3C38-8CAD-4276-952C-F638ABFA8795}
		{01624866-5C0A-4F7E-A355-8D03680B3466} = {721B3C38-8CAD-4276-952C-F638ABFA8795}
		{A3DF38D3-4AE1-449C-AB16-712D748C500D} = {721B3C38-8CAD-4276-952C-F638ABFA8795}
		{5E8633AB-C625-49EF-A0A1-632C630E97C8} = {87302D57-4CC6-4753-8AA5-A8A51BD599E1}
		{FC8ED3A2-FF0A-48B1-A35D-BF6AF5C3DDC7} = {87302D57-4CC6-4753-8AA5-A8A51BD599E1}
		{ADAAA9A7-A603-4FF8-9589-36B63127A803} = {6926FD5F-2231-40AE-922C-76D9B242DD83}
		{0450AE32-08A4-4F1C-BA85-00C7042A65FD} = {3EA55BD3-640D-45BB-A894-C4589F65A072}
		{18098B1A-7CC3-40A8-8425-7F70D674557D} = {3EA55BD3-640D-45BB-A894-C4589F65A072}
		{2F55B3A5-F966-4650-9EDB-EDA8F4B4F3E2} = {87302D57-4CC6-4753-8AA5-A8A51BD599E1}
		{9C64DC4B-5DFB-4E28-8C2E-C5907B6D729F} = {68C2C172-23F8-4678-9F2A-7FC1A0D0A98D}
		{8297566A-E410-457A-A985-52B294C49CD5} = {68C2C172-23F8-4678-9F2A-7FC1A0D0A98D}
		{FF09B41C-ABAC-44D5-ACB2-3F5BBA14DB47} = {6926FD5F-2231-40AE-922C-76D9B242DD83}
		{68C2C172-23F8-4678-9F2A-7FC1A0D0A98D} = {87302D57-4CC6-4753-8AA5-A8A51BD599E1}
		{9DD55FF9-EB75-4D58-B643-65E4572E021F} = {785AAFB6-AFC1-45FE-B4C1-7A23BB7F591E}
		{785AAFB6-AFC1-45FE-B4C1-7A23BB7F591E} = {68C2C172-23F8-4678-9F2A-7FC1A0D0A98D}
		{35911960-2EA5-4505-AB61-C98D8B5345F7} = {68C2C172-23F8-4678-9F2A-7FC1A0D0A98D}
		{0039AEC4-4376-46BC-8717-39DBE6DA4F29} = {785AAFB6-AFC1-45FE-B4C1-7A23BB7F591E}
		{9DB2170D-43FF-4AE4-BBE1-88D3F3520A4D} = {68C2C172-23F8-4678-9F2A-7FC1A0D0A98D}
		{9C65F137-2C18-41E2-8627-54D49A254189} = {9DB2170D-43FF-4AE4-BBE1-88D3F3520A4D}
		{7C604A22-8D8D-4CAD-AEE9-80E96DE4402F} = {9DB2170D-43FF-4AE4-BBE1-88D3F3520A4D}
		{868B4CAC-1770-4845-81DF-A97AB2060622} = {6926FD5F-2231-40AE-922C-76D9B242DD83}
		{ABA2C6A4-BCB4-478A-BE76-CB62AB4941E9} = {87302D57-4CC6-4753-8AA5-A8A51BD599E1}
		{E52CA511-E9B8-4C19-92ED-E0C12BA8598B} = {68C2C172-23F8-4678-9F2A-7FC1A0D0A98D}
		{36B3D208-5A0E-4F29-B9E0-7F3408778BD9} = {E52CA511-E9B8-4C19-92ED-E0C12BA8598B}
		{18BC0645-C0F2-46DD-A1A8-7FC58730D756} = {E52CA511-E9B8-4C19-92ED-E0C12BA8598B}
		{BDE5C7B6-0F08-4F7F-A3FC-C1968C2F4747} = {68C2C172-23F8-4678-9F2A-7FC1A0D0A98D}
		{79893DE6-6FE7-4DC0-B5C0-D451F8628A98} = {BDE5C7B6-0F08-4F7F-A3FC-C1968C2F4747}
		{BD4440F5-8D16-4609-88C0-F643F583921B} = {BDE5C7B6-0F08-4F7F-A3FC-C1968C2F4747}
		{3F3CC7E4-7DE0-40B8-8C4F-096B5F1E0CDA} = {87302D57-4CC6-4753-8AA5-A8A51BD599E1}
		{8A288ABB-F8C5-40B3-ABEC-051409043B7F} = {87302D57-4CC6-4753-8AA5-A8A51BD599E1}
		{90BDBE2A-B307-4FE9-95AB-09A0673C2345} = {87302D57-4CC6-4753-8AA5-A8A51BD599E1}
		{CE849B42-B59B-4189-A72A-07BC5CBBAE69} = {87302D57-4CC6-4753-8AA5-A8A51BD599E1}
		{946EB8CB-20F1-4219-9361-35C0E7D60EB3} = {DD34F94F-99EF-4A8A-A944-3911C3EEFBE1}
	EndGlobalSection
	GlobalSection(ExtensibilityGlobals) = postSolution
		SolutionGuid = {E1FD7451-C02A-4F89-9BD0-BBDAB699ED62}
	EndGlobalSection
EndGlobal
