
Microsoft Visual Studio Solution File, Format Version 12.00
# Visual Studio Version 17
VisualStudioVersion = 17.7.34031.279
MinimumVisualStudioVersion = 10.0.40219.1
Project("{FAE04EC0-301F-11D3-BF4B-00C04F79EFBC}") = "UnitySC.PM.EME.Client", "Client\UnitySC.PM.EME.Client\UnitySC.PM.EME.Client.csproj", "{40C09A85-1A57-4232-9FF8-61CF274735C8}"
EndProject
Project("{2150E333-8FDC-42A3-9474-1A3956D46DE8}") = "Client", "Client", "{E30403A5-E4EC-46E3-9F9F-F90DFB249281}"
EndProject
Project("{2150E333-8FDC-42A3-9474-1A3956D46DE8}") = "Shared", "Shared", "{565E58E5-28D5-4DB7-9D6C-9D36300B6C6D}"
EndProject
Project("{FAE04EC0-301F-11D3-BF4B-00C04F79EFBC}") = "UnitySC.Shared.Data", "..\..\Shared\UnitySC.Shared.Data\UnitySC.Shared.Data.csproj", "{2F55B3A5-F966-4650-9EDB-EDA8F4B4F3E2}"
EndProject
Project("{FAE04EC0-301F-11D3-BF4B-00C04F79EFBC}") = "UnitySC.Shared.Logger", "..\..\Shared\UnitySC.Shared.Logger\UnitySC.Shared.Logger.csproj", "{5E8633AB-C625-49EF-A0A1-632C630E97C8}"
EndProject
Project("{FAE04EC0-301F-11D3-BF4B-00C04F79EFBC}") = "UnitySC.Shared.Tools", "..\..\Shared\UnitySC.Shared.Tools\UnitySC.Shared.Tools.csproj", "{FC8ED3A2-FF0A-48B1-A35D-BF6AF5C3DDC7}"
EndProject
Project("{FAE04EC0-301F-11D3-BF4B-00C04F79EFBC}") = "UnitySC.Shared.UI", "..\..\Shared\UnitySC.Shared.UI\UnitySC.Shared.UI.csproj", "{ABA2C6A4-BCB4-478A-BE76-CB62AB4941E9}"
EndProject
Project("{FAE04EC0-301F-11D3-BF4B-00C04F79EFBC}") = "UnitySC.Shared.Dataflow.PM.Service.Interface", "..\..\Shared\Dataflow\UnitySC.Shared.Dataflow.PM.Service.Interface\UnitySC.Shared.Dataflow.PM.Service.Interface.csproj", "{2F5F6FB2-6DFC-4FAC-891E-3BA88F3B7A33}"
EndProject
Project("{FAE04EC0-301F-11D3-BF4B-00C04F79EFBC}") = "UnitySC.Shared.Dataflow.Shared", "..\..\Shared\Dataflow\UnitySC.Shared.Dataflow.Shared\UnitySC.Shared.Dataflow.Shared.csproj", "{097A017C-AB63-42BD-987B-6BC537EE36F2}"
EndProject
Project("{FAE04EC0-301F-11D3-BF4B-00C04F79EFBC}") = "UnitySC.Shared.TC.PM.Operations.Interface", "..\..\Shared\TC\PM\UnitySC.Shared.TC.PM.Operations.Interface\UnitySC.Shared.TC.PM.Operations.Interface.csproj", "{468DB3CC-73CB-46B8-94F2-5829D24AF3AA}"
EndProject
Project("{FAE04EC0-301F-11D3-BF4B-00C04F79EFBC}") = "UnitySC.Shared.TC.Shared.Data", "..\..\Shared\TC\Shared\UnitySC.Shared.TC.Shared.Data\UnitySC.Shared.TC.Shared.Data.csproj", "{5256D984-4871-4D6A-9CAF-CE8F45A51A70}"
EndProject
Project("{FAE04EC0-301F-11D3-BF4B-00C04F79EFBC}") = "UnitySC.PM.Shared.Hardware.ClientProxy", "..\Shared\Hardware\UnitySC.PM.Shared.Hardware.ClientProxy\UnitySC.PM.Shared.Hardware.ClientProxy.csproj", "{EEE94F55-381C-4FCE-A35C-3AEAE3EC7C63}"
EndProject
Project("{FAE04EC0-301F-11D3-BF4B-00C04F79EFBC}") = "UnitySC.PM.Shared.Hardware.Service.Interface", "..\Shared\Hardware\UnitySC.PM.Shared.Hardware.Service.Interface\UnitySC.PM.Shared.Hardware.Service.Interface.csproj", "{04AD1C23-71C2-46C4-880E-BC5CC2541DA4}"
EndProject
Project("{FAE04EC0-301F-11D3-BF4B-00C04F79EFBC}") = "UnitySC.PM.Shared.Status.Service.Interface", "..\Shared\Status\UnitySC.PM.Shared.Status.Service.Interface\UnitySC.PM.Shared.Status.Service.Interface.csproj", "{53BD49C3-C5CE-4EAD-8261-A95C2A003A5E}"
EndProject
Project("{FAE04EC0-301F-11D3-BF4B-00C04F79EFBC}") = "UnitySC.PM.Shared.UserManager.Service.Interface", "..\Shared\UserManager\UnitySC.PM.Shared.UserManager.Service.Interface\UnitySC.PM.Shared.UserManager.Service.Interface.csproj", "{606809FE-7DFF-4ED0-82A9-EEB525A97BD8}"
EndProject
Project("{FAE04EC0-301F-11D3-BF4B-00C04F79EFBC}") = "UnitySC.DataAccess.Dto", "..\..\DataAccess\UnitySC.DataAccess.Dto\UnitySC.DataAccess.Dto.csproj", "{D1D97C03-4864-48C6-8F97-C666629BFB4C}"
EndProject
Project("{FAE04EC0-301F-11D3-BF4B-00C04F79EFBC}") = "UnitySC.DataAccess.Service.Interface", "..\..\DataAccess\Service\UnitySC.DataAccess.Service.Interface\UnitySC.DataAccess.Service.Interface.csproj", "{01624866-5C0A-4F7E-A355-8D03680B3466}"
EndProject
Project("{FAE04EC0-301F-11D3-BF4B-00C04F79EFBC}") = "UnitySC.PM.Shared", "..\Shared\UnitySC.PM.Shared\UnitySC.PM.Shared.csproj", "{34913414-05DA-458D-AD73-CC233DE1B0B5}"
EndProject
Project("{FAE04EC0-301F-11D3-BF4B-00C04F79EFBC}") = "UnitySC.PM.Shared.Flow.Interface", "..\Shared\Flow\UnitySC.PM.Shared.Flow.Interface\UnitySC.PM.Shared.Flow.Interface.csproj", "{77F22706-7C58-4193-AE97-85347CBDE3A2}"
EndProject
Project("{FAE04EC0-301F-11D3-BF4B-00C04F79EFBC}") = "UnitySC.Shared.LibMIL", "..\..\Shared\UnitySC.Shared.LibMIL\UnitySC.Shared.LibMIL.csproj", "{33FCE426-267B-4820-9836-4A382A0B75DB}"
EndProject
Project("{FAE04EC0-301F-11D3-BF4B-00C04F79EFBC}") = "UnitySC.Dataflow.Operations.Interface", "..\..\Dataflow\Service\UnitySC.Dataflow.Operations.Interface\UnitySC.Dataflow.Operations.Interface.csproj", "{BD238D45-4BCA-4D19-90DF-AF8B752E59A5}"
EndProject
Project("{FAE04EC0-301F-11D3-BF4B-00C04F79EFBC}") = "UnitySC.Shared.TC.Shared.Operations.Interface", "..\..\Shared\TC\Shared\UnitySC.Shared.TC.Shared.Operations.Interface\UnitySC.Shared.TC.Shared.Operations.Interface.csproj", "{B5FB9569-4BCF-435A-8C3D-1A051C47F24D}"
EndProject
Project("{FAE04EC0-301F-11D3-BF4B-00C04F79EFBC}") = "UnitySC.Shared.TC.PM.Service.Interface", "..\..\Shared\TC\PM\UnitySC.Shared.TC.PM.Service.Interface\UnitySC.Shared.TC.PM.Service.Interface.csproj", "{D4E1FE6A-B948-4F37-942D-F2C03B598510}"
EndProject
Project("{FAE04EC0-301F-11D3-BF4B-00C04F79EFBC}") = "UnitySC.Shared.TC.Shared.Service.Interface", "..\..\Shared\TC\Shared\Service\UnitySC.Shared.TC.Shared.Service.Interface\UnitySC.Shared.TC.Shared.Service.Interface.csproj", "{33001885-19D0-466E-88A9-5024983E8397}"
EndProject
Project("{FAE04EC0-301F-11D3-BF4B-00C04F79EFBC}") = "UnitySC.PM.Shared.UI", "..\Shared\UnitySC.PM.Shared.UI\UnitySC.PM.Shared.UI.csproj", "{97C741A4-6213-470B-9EB1-F19F61DF281C}"
EndProject
Project("{2150E333-8FDC-42A3-9474-1A3956D46DE8}") = "Dataflow", "Dataflow", "{7363D014-BF1C-4BE4-BF9D-56D80215A79F}"
EndProject
Project("{2150E333-8FDC-42A3-9474-1A3956D46DE8}") = "TC", "TC", "{476A00A1-0EF9-4227-A625-3BEBED19BE13}"
EndProject
Project("{2150E333-8FDC-42A3-9474-1A3956D46DE8}") = "_ClientConfiguration", "_ClientConfiguration", "{6D83CF1B-BEDE-4671-9BB6-20D4AC2FF8D3}"
EndProject
Project("{2150E333-8FDC-42A3-9474-1A3956D46DE8}") = "Modules", "Modules", "{6B81D50C-BAEA-4FEF-BE22-28202B004200}"
EndProject
Project("{FAE04EC0-301F-11D3-BF4B-00C04F79EFBC}") = "UnitySC.PM.EME.Client.Modules.TestApps", "Client\Modules\UnitySC.PM.EME.Client.Modules.TestApps\UnitySC.PM.EME.Client.Modules.TestApps.csproj", "{81D91FCA-DAE7-4F69-9D05-2F6E308837D8}"
EndProject
Project("{2150E333-8FDC-42A3-9474-1A3956D46DE8}") = "PM.Shared", "PM.Shared", "{C4A5BBB6-CB21-4BB6-995D-22CAE059FDC0}"
EndProject
Project("{2150E333-8FDC-42A3-9474-1A3956D46DE8}") = "Status", "Status", "{E87A489F-0E33-4703-97B1-B7D26596FDA7}"
EndProject
Project("{FAE04EC0-301F-11D3-BF4B-00C04F79EFBC}") = "UnitySC.PM.Shared.Status.Service.Implementation", "..\Shared\Status\UnitySC.PM.Shared.Status.Service.Implementation\UnitySC.PM.Shared.Status.Service.Implementation.csproj", "{F6A1A9A8-40B1-4015-A228-6F548EDF8755}"
EndProject
Project("{2150E333-8FDC-42A3-9474-1A3956D46DE8}") = "Hardware", "Hardware", "{E2C91C8A-2EFE-47E2-9A1E-010ECC65DA81}"
EndProject
Project("{FAE04EC0-301F-11D3-BF4B-00C04F79EFBC}") = "UnitySC.PM.Shared.Hardware.Core", "..\Shared\Hardware\UnitySC.PM.Shared.Hardware.Core\UnitySC.PM.Shared.Hardware.Core.csproj", "{0B138AE8-3243-4D88-867F-3111DD8FB6FF}"
EndProject
Project("{2150E333-8FDC-42A3-9474-1A3956D46DE8}") = "_ServiceConfigurationAndCalibration", "_ServiceConfigurationAndCalibration", "{78B59A58-BDDC-46AB-A30A-3A2A4CE7CA83}"
EndProject
Project("{2150E333-8FDC-42A3-9474-1A3956D46DE8}") = "Service", "Service", "{737B8DBA-F014-4E73-8FB6-E5C77F218FE8}"
EndProject
Project("{FAE04EC0-301F-11D3-BF4B-00C04F79EFBC}") = "UnitySC.PM.EME.Service.Host", "Service\UnitySC.PM.EME.Service.Host\UnitySC.PM.EME.Service.Host.csproj", "{108F65A6-9744-4F59-B70D-15EC24C5098B}"
EndProject
Project("{2150E333-8FDC-42A3-9474-1A3956D46DE8}") = "DataAccess", "DataAccess", "{02F63339-47E8-4F98-BAFB-0F40D0E1B6F3}"
EndProject
Project("{2150E333-8FDC-42A3-9474-1A3956D46DE8}") = "User", "User", "{631C72D8-70BF-4264-81C7-4E2CD45C037D}"
EndProject
Project("{FAE04EC0-301F-11D3-BF4B-00C04F79EFBC}") = "UnitySC.PM.Shared.UserManager.Service.Implementation", "..\Shared\UserManager\UnitySC.PM.Shared.UserManager.Service.Implementation\UnitySC.PM.Shared.UserManager.Service.Implementation.csproj", "{72D98D6F-3DC3-4148-A141-B2AD4C17C9DB}"
EndProject
Project("{FAE04EC0-301F-11D3-BF4B-00C04F79EFBC}") = "UnitySC.PM.EME.Service.Host.Test", "Service\UnitySC.PM.EME.Service.Host.Test\UnitySC.PM.EME.Service.Host.Test.csproj", "{C899AA41-A83A-405E-8351-05021DAE0958}"
EndProject
Project("{2150E333-8FDC-42A3-9474-1A3956D46DE8}") = "Hardware", "Hardware", "{033B2DD1-AD36-41FD-9298-338F89E32EC6}"
EndProject
Project("{FAE04EC0-301F-11D3-BF4B-00C04F79EFBC}") = "UnitySC.PM.EME.Hardware", "Hardware\UnitySC.PM.EME.Hardware\UnitySC.PM.EME.Hardware.csproj", "{EDD38F09-9DA4-4E8B-B388-FD13176EEC37}"
EndProject
Project("{FAE04EC0-301F-11D3-BF4B-00C04F79EFBC}") = "UnitySC.PM.Shared.Hardware.Common", "..\Shared\Hardware\UnitySC.PM.Shared.Hardware.Common\UnitySC.PM.Shared.Hardware.Common.csproj", "{DDAD1006-F8E4-4904-9004-0810A47CA810}"
EndProject
Project("{2150E333-8FDC-42A3-9474-1A3956D46DE8}") = "Devices", "Devices", "{0EE61CA6-ADF0-4EB5-B197-9606F1C66873}"
EndProject
Project("{FAE04EC0-301F-11D3-BF4B-00C04F79EFBC}") = "UnitySC.PM.Shared.Hardware.Axes", "..\Shared\Hardware\Devices\UnitySC.PM.Shared.Hardware.Axes\UnitySC.PM.Shared.Hardware.Axes.csproj", "{F5DF897E-39CA-4C8F-A324-7DC38F7FBE53}"
EndProject
Project("{FAE04EC0-301F-11D3-BF4B-00C04F79EFBC}") = "UnitySC.PM.Shared.Hardware.Camera", "..\Shared\Hardware\Devices\UnitySC.PM.Shared.Hardware.Camera\UnitySC.PM.Shared.Hardware.Camera.csproj", "{046875E4-F367-4B10-955A-C33F6F7A249A}"
EndProject
Project("{FAE04EC0-301F-11D3-BF4B-00C04F79EFBC}") = "UnitySC.PM.Shared.Hardware.Chamber", "..\Shared\Hardware\Devices\UnitySC.PM.Shared.Hardware.Chamber\UnitySC.PM.Shared.Hardware.Chamber.csproj", "{109758C2-2744-48E5-85C6-7BCE6ABACCA6}"
EndProject
Project("{FAE04EC0-301F-11D3-BF4B-00C04F79EFBC}") = "UnitySC.PM.Shared.Hardware.Laser", "..\Shared\Hardware\Devices\UnitySC.PM.Shared.Hardware.Laser\UnitySC.PM.Shared.Hardware.Laser.csproj", "{B8F464FB-3E5D-4823-80A7-FA6DDB9991A3}"
EndProject
Project("{FAE04EC0-301F-11D3-BF4B-00C04F79EFBC}") = "UnitySC.PM.Shared.Hardware.DistanceSensor", "..\Shared\Hardware\Devices\UnitySC.PM.Shared.Hardware.DistanceSensor\UnitySC.PM.Shared.Hardware.DistanceSensor.csproj", "{3D86D41D-0A40-4A32-8005-216A4E3540C9}"
EndProject
Project("{FAE04EC0-301F-11D3-BF4B-00C04F79EFBC}") = "UnitySC.PM.Shared.Hardware.Led", "..\Shared\Hardware\Devices\UnitySC.PM.Shared.Hardware.Led\UnitySC.PM.Shared.Hardware.Led.csproj", "{EFDE8F3C-B2EB-4B24-8698-C42C6412D01D}"
EndProject
Project("{FAE04EC0-301F-11D3-BF4B-00C04F79EFBC}") = "UnitySC.PM.Shared.Hardware.Mppc", "..\Shared\Hardware\Devices\UnitySC.PM.Shared.Hardware.Mppc\UnitySC.PM.Shared.Hardware.Mppc.csproj", "{149FEBAB-84DD-4B95-8DEA-60F22BB8EC1B}"
EndProject
Project("{FAE04EC0-301F-11D3-BF4B-00C04F79EFBC}") = "UnitySC.PM.Shared.Hardware.OpticalPowermeter", "..\Shared\Hardware\Devices\UnitySC.PM.Shared.Hardware.OpticalPowermeter\UnitySC.PM.Shared.Hardware.OpticalPowermeter.csproj", "{766D8E5D-3AA3-4B76-A6B1-FB3757DC0832}"
EndProject
Project("{FAE04EC0-301F-11D3-BF4B-00C04F79EFBC}") = "UnitySC.PM.Shared.Hardware.Plc", "..\Shared\Hardware\Devices\UnitySC.PM.Shared.Hardware.Plc\UnitySC.PM.Shared.Hardware.Plc.csproj", "{F3073F80-8CED-4FBD-BC89-96B564E00DD3}"
EndProject
Project("{FAE04EC0-301F-11D3-BF4B-00C04F79EFBC}") = "UnitySC.PM.Shared.Hardware.Spectrometer", "..\Shared\Hardware\Devices\UnitySC.PM.Shared.Hardware.Spectrometer\UnitySC.PM.Shared.Hardware.Spectrometer.csproj", "{EEB1AD97-A4EA-4532-B718-BDED7FCF9AF0}"
EndProject
Project("{FAE04EC0-301F-11D3-BF4B-00C04F79EFBC}") = "UnitySC.PM.Shared.Hardware.Shutter", "..\Shared\Hardware\Devices\UnitySC.PM.Shared.Hardware.Shutter\UnitySC.PM.Shared.Hardware.Shutter.csproj", "{E0EB594B-4DE9-4F70-ACE0-F51BEAF42A53}"
EndProject
Project("{2150E333-8FDC-42A3-9474-1A3956D46DE8}") = "Controllers", "Controllers", "{A1784397-2EDD-4E10-8CD1-512DAE9E2C57}"
EndProject
Project("{FAE04EC0-301F-11D3-BF4B-00C04F79EFBC}") = "UnitySC.PM.Shared.Hardware.Controllers", "..\Shared\Hardware\Components\UnitySC.PM.Shared.Hardware.Controllers\UnitySC.PM.Shared.Hardware.Controllers.csproj", "{1F1426D1-838C-4E37-8598-8533BF310975}"
EndProject
Project("{FAE04EC0-301F-11D3-BF4B-00C04F79EFBC}") = "UnitySC.PM.Shared.Hardware.Communication", "..\Shared\Hardware\UnitySC.PM.Shared.Hardware.Communication\UnitySC.PM.Shared.Hardware.Communication.csproj", "{B04C78DE-F8DB-4CCD-A074-24F88FBBEA4A}"
EndProject
Project("{FAE04EC0-301F-11D3-BF4B-00C04F79EFBC}") = "UnitySC.PM.Shared.Hardware.Service.Implementation", "..\Shared\Hardware\UnitySC.PM.Shared.Hardware.Service.Implementation\UnitySC.PM.Shared.Hardware.Service.Implementation.csproj", "{E7D74FE4-F983-439F-BF5E-BB548B08A498}"
EndProject
Project("{FAE04EC0-301F-11D3-BF4B-00C04F79EFBC}") = "UnitySC.PM.EME.Client.Proxy", "Client\UnitySC.PM.EME.ClientProxy\UnitySC.PM.EME.Client.Proxy.csproj", "{D344632E-77E6-402A-AEF1-5590905F08C9}"
EndProject
Project("{FAE04EC0-301F-11D3-BF4B-00C04F79EFBC}") = "UnitySC.PM.EME.Client.Proxy.Test", "Client\UnitySC.PM.EME.ClientProxy.Test\UnitySC.PM.EME.Client.Proxy.Test.csproj", "{9C0EEAF0-9DB1-426B-B3E6-717C176E1B09}"
EndProject
Project("{FAE04EC0-301F-11D3-BF4B-00C04F79EFBC}") = "UnitySC.PM.EME.Hardware.Test", "Hardware\UnitySC.PM.EME.Hardware.Test\UnitySC.PM.EME.Hardware.Test.csproj", "{60E8BCF5-FB48-4224-B4B3-BC3979A8106C}"
EndProject
Project("{FAE04EC0-301F-11D3-BF4B-00C04F79EFBC}") = "UnitySC.PM.EME.Client.Modules.TestHardware", "Client\Modules\UnitySC.PM.EME.Client.Modules.TestHardware\UnitySC.PM.EME.Client.Modules.TestHardware.csproj", "{529C212F-3333-43D2-A7EF-AC4EA7D5A21E}"
EndProject
Project("{2150E333-8FDC-42A3-9474-1A3956D46DE8}") = "Core", "Core", "{85294973-E8B1-4237-88EF-52D86CFE90D1}"
EndProject
Project("{FAE04EC0-301F-11D3-BF4B-00C04F79EFBC}") = "UnitySC.PM.EME.Service.Core.Referentials", "Service\Core\UnitySC.PM.EME.Service.Core.Referentials\UnitySC.PM.EME.Service.Core.Referentials.csproj", "{C479E5B7-73B7-4A22-8790-74592E2F35CB}"
EndProject
Project("{FAE04EC0-301F-11D3-BF4B-00C04F79EFBC}") = "UnitySC.PM.Shared.Hardware.Test", "..\Shared\Hardware\Devices\UnitySC.PM.Shared.Hardware.Test\UnitySC.PM.Shared.Hardware.Test.csproj", "{B912B62C-4F7E-40DA-815C-68AA6744923F}"
EndProject
Project("{2150E333-8FDC-42A3-9474-1A3956D46DE8}") = "ALPHA", "ALPHA", "{23297BBB-7D00-4BAF-88A1-E1F0AE87DCDC}"
	ProjectSection(SolutionItems) = preProject
		_ClientConfiguration\ALPHA\CalibrationConfiguration.xml = _ClientConfiguration\ALPHA\CalibrationConfiguration.xml
		_ClientConfiguration\ALPHA\ClientConfiguration.xml = _ClientConfiguration\ALPHA\ClientConfiguration.xml
		_ClientConfiguration\ALPHA\log.config = _ClientConfiguration\ALPHA\log.config
	EndProjectSection
EndProject
Project("{2150E333-8FDC-42A3-9474-1A3956D46DE8}") = "ALPHA", "ALPHA", "{C40D44CA-4C91-4D64-BEF9-69A8C50FCEFB}"
EndProject
Project("{2150E333-8FDC-42A3-9474-1A3956D46DE8}") = "Configuration", "Configuration", "{D9C59038-5F5A-4172-BBB1-DC7010D3570A}"
	ProjectSection(SolutionItems) = preProject
		_ServiceConfigurationAndCalibration\ALPHA\Configuration\EmeHardwareConfiguration.xml = _ServiceConfigurationAndCalibration\ALPHA\Configuration\EmeHardwareConfiguration.xml
		_ServiceConfigurationAndCalibration\ALPHA\Configuration\FlowsConfiguration.xml = _ServiceConfigurationAndCalibration\ALPHA\Configuration\FlowsConfiguration.xml
		_ServiceConfigurationAndCalibration\ALPHA\Configuration\log.config = _ServiceConfigurationAndCalibration\ALPHA\Configuration\log.config
		_ServiceConfigurationAndCalibration\ALPHA\Configuration\PMConfiguration.xml = _ServiceConfigurationAndCalibration\ALPHA\Configuration\PMConfiguration.xml
		_ServiceConfigurationAndCalibration\ALPHA\Configuration\RecipeConfiguration.xml = _ServiceConfigurationAndCalibration\ALPHA\Configuration\RecipeConfiguration.xml
	EndProjectSection
EndProject
Project("{2150E333-8FDC-42A3-9474-1A3956D46DE8}") = "UserRights", "UserRights", "{2CB2AACF-2704-49ED-A43E-3289CF24F02C}"
	ProjectSection(SolutionItems) = preProject
		_ServiceConfigurationAndCalibration\ALPHA\Configuration\UserRights\AccessRights.xml = _ServiceConfigurationAndCalibration\ALPHA\Configuration\UserRights\AccessRights.xml
		_ServiceConfigurationAndCalibration\ALPHA\Configuration\UserRights\AccessRights.xsd = _ServiceConfigurationAndCalibration\ALPHA\Configuration\UserRights\AccessRights.xsd
		_ServiceConfigurationAndCalibration\ALPHA\Configuration\UserRights\UserProfiles.xml = _ServiceConfigurationAndCalibration\ALPHA\Configuration\UserRights\UserProfiles.xml
	EndProjectSection
EndProject
Project("{FAE04EC0-301F-11D3-BF4B-00C04F79EFBC}") = "UnitySC.PM.EME.Client.Modules.TestApps.Test", "Client\Modules\UnitySC.PM.EME.Client.Modules.TestApps.Test\UnitySC.PM.EME.Client.Modules.TestApps.Test.csproj", "{0D35046F-06C2-4EC8-B81A-3F93F483A3B9}"
EndProject
Project("{FAE04EC0-301F-11D3-BF4B-00C04F79EFBC}") = "UnitySC.PM.EME.Service.Interface", "Service\UnitySC.PM.EME.Service.Interface\UnitySC.PM.EME.Service.Interface.csproj", "{010D57AA-CFB3-4BCC-857C-15DB015290B7}"
EndProject
Project("{FAE04EC0-301F-11D3-BF4B-00C04F79EFBC}") = "UnitySC.PM.EME.Service.Implementation", "Service\UnitySC.PM.EME.Service.Implementation\UnitySC.PM.EME.Service.Implementation.csproj", "{7D23C8BA-0743-4225-A265-1BE02B0F9B9E}"
EndProject
Project("{FAE04EC0-301F-11D3-BF4B-00C04F79EFBC}") = "UnitySC.PM.EME.Service.Core.Shared", "Service\Core\UnitySC.PM.EME.Service.Core.Shared\UnitySC.PM.EME.Service.Core.Shared.csproj", "{99E63FEE-1A70-48DF-BF4B-7FA9B549970E}"
EndProject
Project("{2150E333-8FDC-42A3-9474-1A3956D46DE8}") = "Flow", "Flow", "{1310075A-28CD-4295-BA80-1FF4949AC954}"
EndProject
Project("{FAE04EC0-301F-11D3-BF4B-00C04F79EFBC}") = "UnitySC.PM.Shared.Flow.Implementation", "..\Shared\Flow\UnitySC.PM.Shared.Flow.Implementation\UnitySC.PM.Shared.Flow.Implementation.csproj", "{80484A41-7523-430E-B56E-1433457DA5FB}"
EndProject
Project("{2150E333-8FDC-42A3-9474-1A3956D46DE8}") = "Format", "Format", "{07EE2554-1DF9-4C5F-B17C-513F9A728109}"
EndProject
Project("{FAE04EC0-301F-11D3-BF4B-00C04F79EFBC}") = "UnitySC.Shared.Format.Helper", "..\..\Shared\Format\UnitySC.Shared.Format.Helper\UnitySC.Shared.Format.Helper.csproj", "{35911960-2EA5-4505-AB61-C98D8B5345F7}"
EndProject
Project("{FAE04EC0-301F-11D3-BF4B-00C04F79EFBC}") = "UnitySC.PM.EME.Service.Core.Test", "Service\Core\UnitySC.PM.EME.Service.Core.Test\UnitySC.PM.EME.Service.Core.Test.csproj", "{4D864350-DA42-456A-905A-9E022813CF5A}"
	ProjectSection(ProjectDependencies) = postProject
		{18E0C603-DEDC-40B3-84D6-AA1F21F31F7B} = {18E0C603-DEDC-40B3-84D6-AA1F21F31F7B}
	EndProjectSection
EndProject
Project("{FAE04EC0-301F-11D3-BF4B-00C04F79EFBC}") = "UnitySC.PM.EME.Service.Core.Context", "Service\Core\UnitySC.PM.EME.Service.Core.Context\UnitySC.PM.EME.Service.Core.Context.csproj", "{E3C63C0D-1A89-496D-9E5A-8DF038988E75}"
EndProject
Project("{FAE04EC0-301F-11D3-BF4B-00C04F79EFBC}") = "UnitySC.PM.EME.Client.Modules.TestHardware.Test", "Client\Modules\UnitySC.PM.EME.Client.Modules.TestHardware.Test\UnitySC.PM.EME.Client.Modules.TestHardware.Test.csproj", "{24D77AFC-CDF3-4606-A18E-BE9C6FD80E84}"
EndProject
Project("{2150E333-8FDC-42A3-9474-1A3956D46DE8}") = "Shared", "Shared", "{14EF531B-57FA-4259-86C7-E65C48D8BD8E}"
EndProject
Project("{FAE04EC0-301F-11D3-BF4B-00C04F79EFBC}") = "UnitySC.PM.EME.Service.Shared.TestUtils", "Service\Shared\UnitySC.PM.EME.Service.Shared.TestUtils\UnitySC.PM.EME.Service.Shared.TestUtils.csproj", "{93A76A32-190A-4716-8B4E-64112C73ACE1}"
EndProject
Project("{FAE04EC0-301F-11D3-BF4B-00C04F79EFBC}") = "UnitySC.PM.EME.Client.Controls", "Client\UnitySC.PM.EME.Client.Controls\UnitySC.PM.EME.Client.Controls.csproj", "{E17AB098-6E3A-4A00-8C32-F18838851AA7}"
EndProject
Project("{FAE04EC0-301F-11D3-BF4B-00C04F79EFBC}") = "UnitySC.PM.EME.Service.Implementation.Test", "Service\UnitySC.PM.EME.Service.Implementation.Test\UnitySC.PM.EME.Service.Implementation.Test.csproj", "{39963275-20FA-4989-8ECD-9EC92E3DE5B4}"
EndProject
Project("{2150E333-8FDC-42A3-9474-1A3956D46DE8}") = "Calibration", "Calibration", "{1DE2F57F-8AA5-4BCF-B5DA-5ADBA5A171DE}"
	ProjectSection(SolutionItems) = preProject
		_ServiceConfigurationAndCalibration\ALPHA\Calibration\AxisOrthogonalityCalibrationData.xml = _ServiceConfigurationAndCalibration\ALPHA\Calibration\AxisOrthogonalityCalibrationData.xml
		_ServiceConfigurationAndCalibration\ALPHA\Calibration\CameraCalibrationData.xml = _ServiceConfigurationAndCalibration\ALPHA\Calibration\CameraCalibrationData.xml
		_ServiceConfigurationAndCalibration\ALPHA\Calibration\CenterRef.png = _ServiceConfigurationAndCalibration\ALPHA\Calibration\CenterRef.png
		_ServiceConfigurationAndCalibration\ALPHA\Calibration\DistanceSensorCalibrationData.xml = _ServiceConfigurationAndCalibration\ALPHA\Calibration\DistanceSensorCalibrationData.xml
		_ServiceConfigurationAndCalibration\ALPHA\Calibration\DistortionCalibrationData.xml = _ServiceConfigurationAndCalibration\ALPHA\Calibration\DistortionCalibrationData.xml
		_ServiceConfigurationAndCalibration\ALPHA\Calibration\FilterData.xml = _ServiceConfigurationAndCalibration\ALPHA\Calibration\FilterData.xml
		_ServiceConfigurationAndCalibration\ALPHA\Calibration\WaferReferentialCalibrationData.xml = _ServiceConfigurationAndCalibration\ALPHA\Calibration\WaferReferentialCalibrationData.xml
	EndProjectSection
EndProject
Project("{FAE04EC0-301F-11D3-BF4B-00C04F79EFBC}") = "UnitySC.Shared.FDC", "..\..\Shared\UnitySC.Shared.FDC\UnitySC.Shared.FDC.csproj", "{3F3CC7E4-7DE0-40B8-8C4F-096B5F1E0CDA}"
EndProject
Project("{FAE04EC0-301F-11D3-BF4B-00C04F79EFBC}") = "UnitySC.PM.EME.Client.Modules.TestAlgo", "Client\Modules\UnitySC.PM.EME.Client.Modules.TestAlgo\UnitySC.PM.EME.Client.Modules.TestAlgo.csproj", "{FC646E0D-EA98-425F-B08A-3C361ED7CD9C}"
EndProject
Project("{FAE04EC0-301F-11D3-BF4B-00C04F79EFBC}") = "UnitySC.Shared.Configuration", "..\..\Shared\UnitySC.Shared.Configuration\UnitySC.Shared.Configuration.csproj", "{79F7E968-C5FD-4307-9127-C9C96691E505}"
EndProject
Project("{FAE04EC0-301F-11D3-BF4B-00C04F79EFBC}") = "UnitySC.PM.EME.Client.Modules.Calibration", "Client\Modules\UnitySC.PM.EME.Client.Modules.Calibration\UnitySC.PM.EME.Client.Modules.Calibration.csproj", "{9B4A20A7-1327-4265-89EC-C8852957C05F}"
EndProject
Project("{FAE04EC0-301F-11D3-BF4B-00C04F79EFBC}") = "UnitySC.PM.EME.Client.Shared", "Client\UnitySC.PM.EME.Client.Shared\UnitySC.PM.EME.Client.Shared.csproj", "{BA61082A-1B78-48EE-8EE0-704208209F9D}"
EndProject
Project("{FAE04EC0-301F-11D3-BF4B-00C04F79EFBC}") = "UnitySC.Shared.FDC.Interface", "..\..\Shared\UnitySC.Shared.FDC.Interface\UnitySC.Shared.FDC.Interface.csproj", "{8A288ABB-F8C5-40B3-ABEC-051409043B7F}"
EndProject
Project("{FAE04EC0-301F-11D3-BF4B-00C04F79EFBC}") = "UnitySC.PM.Shared.Hardware.Light", "..\Shared\Hardware\Devices\UnitySC.PM.Shared.Hardware.Light\UnitySC.PM.Shared.Hardware.Light.csproj", "{9F5CA226-C727-4E27-9183-4D805AAD9C44}"
EndProject
Project("{FAE04EC0-301F-11D3-BF4B-00C04F79EFBC}") = "UnitySC.PM.EME.Architecture.Test", "UnitySC.PM.EME.Architecture.Test\UnitySC.PM.EME.Architecture.Test.csproj", "{3279189A-863B-486C-ADD3-8CFC8F39839E}"
EndProject
Project("{FAE04EC0-301F-11D3-BF4B-00C04F79EFBC}") = "UnitySC.PM.EME.Client.Modules.Calibration.Test", "Client\Modules\UnitySC.PM.EME.Client.Modules.Calibration.Test\UnitySC.PM.EME.Client.Modules.Calibration.Test.csproj", "{5BF3ED80-F107-409B-BCB4-DA408BC890E1}"
EndProject
Project("{FAE04EC0-301F-11D3-BF4B-00C04F79EFBC}") = "UnitySC.PM.EME.Client.TestUtils", "Client\UnitySC.PM.EME.Client.TestUtils\UnitySC.PM.EME.Client.TestUtils.csproj", "{5EDE0E44-7EBB-40C7-A624-44D3824AAC80}"
EndProject
Project("{2150E333-8FDC-42A3-9474-1A3956D46DE8}") = "Referentials", "Referentials", "{DD1EEA17-AC64-45A5-ADE6-80CAFC281721}"
EndProject
Project("{FAE04EC0-301F-11D3-BF4B-00C04F79EFBC}") = "UnitySC.PM.EME.Service.Core.Calibration", "Service\Core\UnitySC.PM.EME.Service.Core.Calibration\UnitySC.PM.EME.Service.Core.Calibration.csproj", "{94336578-B961-47E9-A74D-D7ADFEF5B129}"
EndProject
Project("{FAE04EC0-301F-11D3-BF4B-00C04F79EFBC}") = "UnitySC.Shared.Test.Utils", "..\..\Shared\UnitySC.Shared.Test.Utils\UnitySC.Shared.Test.Utils.csproj", "{3004C12D-E0E1-422A-BFAC-FC288C2D7E16}"
EndProject
Project("{FAE04EC0-301F-11D3-BF4B-00C04F79EFBC}") = "UnitySC.Shared.Format.Base", "..\..\Shared\Format\UnitySC.Shared.Format.Base\UnitySC.Shared.Format.Base.csproj", "{9C64DC4B-5DFB-4E28-8C2E-C5907B6D729F}"
EndProject
Project("{FAE04EC0-301F-11D3-BF4B-00C04F79EFBC}") = "UnitySC.Shared.Proxy", "..\..\Shared\UnitySC.Shared.Proxy\UnitySC.Shared.Proxy.csproj", "{90BDBE2A-B307-4FE9-95AB-09A0673C2345}"
EndProject
Project("{FAE04EC0-301F-11D3-BF4B-00C04F79EFBC}") = "UnitySC.PM.EME.Client.Recipe", "Client\UnitySC.PM.EME.Client.Recipe\UnitySC.PM.EME.Client.Recipe.csproj", "{262A368D-E0D8-4B5D-BD58-F7220DEDCD97}"
EndProject
Project("{FAE04EC0-301F-11D3-BF4B-00C04F79EFBC}") = "UnitySC.PM.Shared.Hardware.Wheel", "..\Shared\Hardware\Devices\UnitySC.PM.Shared.Hardware.Wheel\UnitySC.PM.Shared.Hardware.Wheel.csproj", "{0B13860F-0A0C-40C3-B389-C5FA7BC59040}"
EndProject
Project("{FAE04EC0-301F-11D3-BF4B-00C04F79EFBC}") = "UnitySC.PM.EME.Client.Test", "Client\UnitySC.PM.EME.Client.Test\UnitySC.PM.EME.Client.Test.csproj", "{03D28205-0D36-48CF-A3C4-32A4BF565E03}"
EndProject
Project("{FAE04EC0-301F-11D3-BF4B-00C04F79EFBC}") = "UnitySC.PM.Shared.Hardware.PlcScreen", "..\Shared\Hardware\Devices\UnitySC.PM.Shared.Hardware.PlcScreen\UnitySC.PM.Shared.Hardware.PlcScreen.csproj", "{CDE3185A-C0BA-4EB5-B8C0-95B681AFC391}"
EndProject
Project("{FAE04EC0-301F-11D3-BF4B-00C04F79EFBC}") = "UnitySC.PM.Shared.Referentials.Interface", "..\Shared\Referentials\UnitySC.PM.Shared.Referentials.Interface\UnitySC.PM.Shared.Referentials.Interface.csproj", "{643CADEC-1417-4982-9B67-8DBD78DA7342}"
EndProject
Project("{FAE04EC0-301F-11D3-BF4B-00C04F79EFBC}") = "UnitySC.PM.Shared.Hardware.USPChuck", "..\Shared\Hardware\Devices\UnitySC.PM.Shared.Hardware.USPChuck\UnitySC.PM.Shared.Hardware.USPChuck.csproj", "{C0CB6035-BEB9-4397-9AC9-AD053F093EC1}"
EndProject
Project("{FAE04EC0-301F-11D3-BF4B-00C04F79EFBC}") = "UnitySC.PM.Shared.Hardware.Ffu", "..\Shared\Hardware\Devices\UnitySC.PM.Shared.Hardware.Ffu\UnitySC.PM.Shared.Hardware.Ffu.csproj", "{DE0ACA5D-D8EA-4131-B4F8-2D50028972E8}"
EndProject
Project("{FAE04EC0-301F-11D3-BF4B-00C04F79EFBC}") = "UnitySC.PM.EME.Client.Recipe.Test", "Client\UnitySC.PM.EME.Client.Recipe.Test\UnitySC.PM.EME.Client.Recipe.Test.csproj", "{CDC60498-3B22-48B5-A73A-1273842D9E6F}"
EndProject
Project("{FAE04EC0-301F-11D3-BF4B-00C04F79EFBC}") = "UnitySC.PM.EME.Service.Core.Flows", "Service\Core\UnitySC.PM.EME.Service.Core.Flows\UnitySC.PM.EME.Service.Core.Flows.csproj", "{9FDE24D4-57E8-4AEA-A1B2-6126048232DF}"
EndProject
Project("{FAE04EC0-301F-11D3-BF4B-00C04F79EFBC}") = "UnitySC.PM.EME.Service.Core.Recipe", "UnitySC.PM.EME.Service.Core.Recipe\UnitySC.PM.EME.Service.Core.Recipe.csproj", "{18E0C603-DEDC-40B3-84D6-AA1F21F31F7B}"
EndProject
Project("{FAE04EC0-301F-11D3-BF4B-00C04F79EFBC}") = "UnitySC.Shared.Data.Test", "..\..\Shared\UnitySC.Shared.Data.Test\UnitySC.Shared.Data.Test.csproj", "{CE849B42-B59B-4189-A72A-07BC5CBBAE69}"
EndProject
Project("{FAE04EC0-301F-11D3-BF4B-00C04F79EFBC}") = "UnitySC.PM.Shared.Hardware.Rfid", "..\Shared\Hardware\Devices\UnitySC.PM.Shared.Hardware.Rfid\UnitySC.PM.Shared.Hardware.Rfid.csproj", "{8632ADA8-4D90-4DE2-8520-9402C212BA70}"
EndProject
Project("{2150E333-8FDC-42A3-9474-1A3956D46DE8}") = "DataCollection", "DataCollection", "{8B5901FE-C0AF-4B9D-80B9-569B8AB8FBF3}"
EndProject
Project("{FAE04EC0-301F-11D3-BF4B-00C04F79EFBC}") = "UnitySC.Shared.DataCollectionConverter", "..\..\Shared\DataCollection\UnitySC.Shared.DataCollectionConverter\UnitySC.Shared.DataCollectionConverter.csproj", "{F8EF0AF6-9151-4A13-B7AA-56CD7F664647}"
EndProject
Project("{2150E333-8FDC-42A3-9474-1A3956D46DE8}") = "ADC", "ADC", "{D70BBB65-F344-475F-9F08-B8036485D7DE}"
EndProject
Project("{2150E333-8FDC-42A3-9474-1A3956D46DE8}") = "TC", "TC", "{7B83B7C4-F96A-4D47-BD2C-1584402D91D8}"
EndProject
Project("{FAE04EC0-301F-11D3-BF4B-00C04F79EFBC}") = "UnitySC.PM.EME.TC", "TC\UnitySC.PM.EME.TC\UnitySC.PM.EME.TC.csproj", "{4F675830-79D2-41C7-BEE1-9DAEBCA35C75}"
EndProject
Project("{2150E333-8FDC-42A3-9474-1A3956D46DE8}") = "Shared", "Shared", "{AAF7D806-B7D6-49EE-8432-5C3AA83EA3DD}"
EndProject
Project("{FAE04EC0-301F-11D3-BF4B-00C04F79EFBC}") = "UnitySC.Shared.TC.Shared.Operations.Implementation", "..\..\Shared\TC\Shared\UnitySC.Shared.TC.Shared.Operations.Implementation\UnitySC.Shared.TC.Shared.Operations.Implementation.csproj", "{A4277C28-D526-4801-A4BF-A21106FC07A0}"
EndProject
Project("{FAE04EC0-301F-11D3-BF4B-00C04F79EFBC}") = "UnitySC.ADCAS300Like.Common", "..\..\Dataflow\ADC\AS300Like\ADCCommon\UnitySC.ADCAS300Like.Common.csproj", "{946EB8CB-20F1-4219-9361-35C0E7D60EB3}"
EndProject
Project("{FAE04EC0-301F-11D3-BF4B-00C04F79EFBC}") = "UnitySC.Shared.TC.PM.Operations.Implementation", "..\..\Shared\TC\PM\UnitySC.Shared.TC.PM.Operations.Implementation\UnitySC.Shared.TC.PM.Operations.Implementation.csproj", "{5B0FC3A1-6D00-4681-BBDA-76C81FBB1C3A}"
EndProject
Project("{FAE04EC0-301F-11D3-BF4B-00C04F79EFBC}") = "UnitySC.Shared.Dataflow.Proxy", "..\..\Shared\Dataflow\UnitySC.Shared.Dataflow.Proxy\UnitySC.Shared.Dataflow.Proxy.csproj", "{C1EBE8D6-7253-4A2E-85C1-E05D0190984F}"
EndProject
Project("{FAE04EC0-301F-11D3-BF4B-00C04F79EFBC}") = "UnitySC.Shared.TC.PM.Service.Implementation", "..\..\Shared\TC\PM\UnitySC.Shared.TC.PM.Service.Implementation\UnitySC.Shared.TC.PM.Service.Implementation.csproj", "{AA51C330-3024-4106-ABD9-19F194DB9218}"
EndProject
Project("{2150E333-8FDC-42A3-9474-1A3956D46DE8}") = "AutomationSettings", "AutomationSettings", "{1D4DA016-47CF-471B-9E67-F943CF323D72}"
	ProjectSection(SolutionItems) = preProject
		_ServiceConfigurationAndCalibration\ALPHA\Configuration\AutomationSettings\EMERA_AlarmSettings.xml = _ServiceConfigurationAndCalibration\ALPHA\Configuration\AutomationSettings\EMERA_AlarmSettings.xml
		_ServiceConfigurationAndCalibration\ALPHA\Configuration\AutomationSettings\EMERA_CESettings.xml = _ServiceConfigurationAndCalibration\ALPHA\Configuration\AutomationSettings\EMERA_CESettings.xml
		_ServiceConfigurationAndCalibration\ALPHA\Configuration\AutomationSettings\EMERA_ECSettings.xml = _ServiceConfigurationAndCalibration\ALPHA\Configuration\AutomationSettings\EMERA_ECSettings.xml
		_ServiceConfigurationAndCalibration\ALPHA\Configuration\AutomationSettings\EMERA_SVSettings.xml = _ServiceConfigurationAndCalibration\ALPHA\Configuration\AutomationSettings\EMERA_SVSettings.xml
	EndProjectSection
EndProject
Project("{FAE04EC0-301F-11D3-BF4B-00C04F79EFBC}") = "UnitySC.PM.Shared.Hardware.Ionizer", "..\UnitySC.PM.Shared.Hardware.Ionizer\UnitySC.PM.Shared.Hardware.Ionizer.csproj", "{C9C3E279-EFFD-407E-81AF-BCBDDB12E25A}"
EndProject
Project("{2150E333-8FDC-42A3-9474-1A3956D46DE8}") = "Image", "Image", "{591AD84E-A7DC-490C-87F2-49C90E5EBBF2}"
EndProject
Project("{FAE04EC0-301F-11D3-BF4B-00C04F79EFBC}") = "UnitySC.Shared.Image", "..\..\Shared\Image\UnitySC.Shared.Image\UnitySC.Shared.Image.csproj", "{CF1B4C31-0420-401F-9DD5-2BC4B5D091E8}"
EndProject
Global
	GlobalSection(SolutionConfigurationPlatforms) = preSolution
		Debug_HMI|x64 = Debug_HMI|x64
		Debug|x64 = Debug|x64
		Release|x64 = Release|x64
	EndGlobalSection
	GlobalSection(ProjectConfigurationPlatforms) = postSolution
		{40C09A85-1A57-4232-9FF8-61CF274735C8}.Debug_HMI|x64.ActiveCfg = Debug|x64
		{40C09A85-1A57-4232-9FF8-61CF274735C8}.Debug_HMI|x64.Build.0 = Debug|x64
		{40C09A85-1A57-4232-9FF8-61CF274735C8}.Debug|x64.ActiveCfg = Debug|x64
		{40C09A85-1A57-4232-9FF8-61CF274735C8}.Debug|x64.Build.0 = Debug|x64
		{40C09A85-1A57-4232-9FF8-61CF274735C8}.Release|x64.ActiveCfg = Release|x64
		{40C09A85-1A57-4232-9FF8-61CF274735C8}.Release|x64.Build.0 = Release|x64
		{2F55B3A5-F966-4650-9EDB-EDA8F4B4F3E2}.Debug_HMI|x64.ActiveCfg = Debug|x64
		{2F55B3A5-F966-4650-9EDB-EDA8F4B4F3E2}.Debug_HMI|x64.Build.0 = Debug|x64
		{2F55B3A5-F966-4650-9EDB-EDA8F4B4F3E2}.Debug|x64.ActiveCfg = Debug|x64
		{2F55B3A5-F966-4650-9EDB-EDA8F4B4F3E2}.Debug|x64.Build.0 = Debug|x64
		{2F55B3A5-F966-4650-9EDB-EDA8F4B4F3E2}.Release|x64.ActiveCfg = Release|x64
		{2F55B3A5-F966-4650-9EDB-EDA8F4B4F3E2}.Release|x64.Build.0 = Release|x64
		{5E8633AB-C625-49EF-A0A1-632C630E97C8}.Debug_HMI|x64.ActiveCfg = Debug|x64
		{5E8633AB-C625-49EF-A0A1-632C630E97C8}.Debug_HMI|x64.Build.0 = Debug|x64
		{5E8633AB-C625-49EF-A0A1-632C630E97C8}.Debug|x64.ActiveCfg = Debug|x64
		{5E8633AB-C625-49EF-A0A1-632C630E97C8}.Debug|x64.Build.0 = Debug|x64
		{5E8633AB-C625-49EF-A0A1-632C630E97C8}.Release|x64.ActiveCfg = Release|x64
		{5E8633AB-C625-49EF-A0A1-632C630E97C8}.Release|x64.Build.0 = Release|x64
		{FC8ED3A2-FF0A-48B1-A35D-BF6AF5C3DDC7}.Debug_HMI|x64.ActiveCfg = Debug|x64
		{FC8ED3A2-FF0A-48B1-A35D-BF6AF5C3DDC7}.Debug_HMI|x64.Build.0 = Debug|x64
		{FC8ED3A2-FF0A-48B1-A35D-BF6AF5C3DDC7}.Debug|x64.ActiveCfg = Debug|x64
		{FC8ED3A2-FF0A-48B1-A35D-BF6AF5C3DDC7}.Debug|x64.Build.0 = Debug|x64
		{FC8ED3A2-FF0A-48B1-A35D-BF6AF5C3DDC7}.Release|x64.ActiveCfg = Release|x64
		{FC8ED3A2-FF0A-48B1-A35D-BF6AF5C3DDC7}.Release|x64.Build.0 = Release|x64
		{ABA2C6A4-BCB4-478A-BE76-CB62AB4941E9}.Debug_HMI|x64.ActiveCfg = Debug|x64
		{ABA2C6A4-BCB4-478A-BE76-CB62AB4941E9}.Debug_HMI|x64.Build.0 = Debug|x64
		{ABA2C6A4-BCB4-478A-BE76-CB62AB4941E9}.Debug|x64.ActiveCfg = Debug|x64
		{ABA2C6A4-BCB4-478A-BE76-CB62AB4941E9}.Debug|x64.Build.0 = Debug|x64
		{ABA2C6A4-BCB4-478A-BE76-CB62AB4941E9}.Release|x64.ActiveCfg = Release|x64
		{ABA2C6A4-BCB4-478A-BE76-CB62AB4941E9}.Release|x64.Build.0 = Release|x64
		{2F5F6FB2-6DFC-4FAC-891E-3BA88F3B7A33}.Debug_HMI|x64.ActiveCfg = Debug|x64
		{2F5F6FB2-6DFC-4FAC-891E-3BA88F3B7A33}.Debug_HMI|x64.Build.0 = Debug|x64
		{2F5F6FB2-6DFC-4FAC-891E-3BA88F3B7A33}.Debug|x64.ActiveCfg = Debug|x64
		{2F5F6FB2-6DFC-4FAC-891E-3BA88F3B7A33}.Debug|x64.Build.0 = Debug|x64
		{2F5F6FB2-6DFC-4FAC-891E-3BA88F3B7A33}.Release|x64.ActiveCfg = Release|x64
		{2F5F6FB2-6DFC-4FAC-891E-3BA88F3B7A33}.Release|x64.Build.0 = Release|x64
		{097A017C-AB63-42BD-987B-6BC537EE36F2}.Debug_HMI|x64.ActiveCfg = Debug|x64
		{097A017C-AB63-42BD-987B-6BC537EE36F2}.Debug_HMI|x64.Build.0 = Debug|x64
		{097A017C-AB63-42BD-987B-6BC537EE36F2}.Debug|x64.ActiveCfg = Debug|x64
		{097A017C-AB63-42BD-987B-6BC537EE36F2}.Debug|x64.Build.0 = Debug|x64
		{097A017C-AB63-42BD-987B-6BC537EE36F2}.Release|x64.ActiveCfg = Release|x64
		{097A017C-AB63-42BD-987B-6BC537EE36F2}.Release|x64.Build.0 = Release|x64
		{468DB3CC-73CB-46B8-94F2-5829D24AF3AA}.Debug_HMI|x64.ActiveCfg = Debug|x64
		{468DB3CC-73CB-46B8-94F2-5829D24AF3AA}.Debug_HMI|x64.Build.0 = Debug|x64
		{468DB3CC-73CB-46B8-94F2-5829D24AF3AA}.Debug|x64.ActiveCfg = Debug|x64
		{468DB3CC-73CB-46B8-94F2-5829D24AF3AA}.Debug|x64.Build.0 = Debug|x64
		{468DB3CC-73CB-46B8-94F2-5829D24AF3AA}.Release|x64.ActiveCfg = Release|x64
		{468DB3CC-73CB-46B8-94F2-5829D24AF3AA}.Release|x64.Build.0 = Release|x64
		{5256D984-4871-4D6A-9CAF-CE8F45A51A70}.Debug_HMI|x64.ActiveCfg = Debug|x64
		{5256D984-4871-4D6A-9CAF-CE8F45A51A70}.Debug_HMI|x64.Build.0 = Debug|x64
		{5256D984-4871-4D6A-9CAF-CE8F45A51A70}.Debug|x64.ActiveCfg = Debug|x64
		{5256D984-4871-4D6A-9CAF-CE8F45A51A70}.Debug|x64.Build.0 = Debug|x64
		{5256D984-4871-4D6A-9CAF-CE8F45A51A70}.Release|x64.ActiveCfg = Release|x64
		{5256D984-4871-4D6A-9CAF-CE8F45A51A70}.Release|x64.Build.0 = Release|x64
		{EEE94F55-381C-4FCE-A35C-3AEAE3EC7C63}.Debug_HMI|x64.ActiveCfg = Debug|x64
		{EEE94F55-381C-4FCE-A35C-3AEAE3EC7C63}.Debug_HMI|x64.Build.0 = Debug|x64
		{EEE94F55-381C-4FCE-A35C-3AEAE3EC7C63}.Debug|x64.ActiveCfg = Debug|x64
		{EEE94F55-381C-4FCE-A35C-3AEAE3EC7C63}.Debug|x64.Build.0 = Debug|x64
		{EEE94F55-381C-4FCE-A35C-3AEAE3EC7C63}.Release|x64.ActiveCfg = Release|x64
		{EEE94F55-381C-4FCE-A35C-3AEAE3EC7C63}.Release|x64.Build.0 = Release|x64
		{04AD1C23-71C2-46C4-880E-BC5CC2541DA4}.Debug_HMI|x64.ActiveCfg = Debug|x64
		{04AD1C23-71C2-46C4-880E-BC5CC2541DA4}.Debug_HMI|x64.Build.0 = Debug|x64
		{04AD1C23-71C2-46C4-880E-BC5CC2541DA4}.Debug|x64.ActiveCfg = Debug|x64
		{04AD1C23-71C2-46C4-880E-BC5CC2541DA4}.Debug|x64.Build.0 = Debug|x64
		{04AD1C23-71C2-46C4-880E-BC5CC2541DA4}.Release|x64.ActiveCfg = Release|x64
		{04AD1C23-71C2-46C4-880E-BC5CC2541DA4}.Release|x64.Build.0 = Release|x64
		{53BD49C3-C5CE-4EAD-8261-A95C2A003A5E}.Debug_HMI|x64.ActiveCfg = Debug|x64
		{53BD49C3-C5CE-4EAD-8261-A95C2A003A5E}.Debug_HMI|x64.Build.0 = Debug|x64
		{53BD49C3-C5CE-4EAD-8261-A95C2A003A5E}.Debug|x64.ActiveCfg = Debug|x64
		{53BD49C3-C5CE-4EAD-8261-A95C2A003A5E}.Debug|x64.Build.0 = Debug|x64
		{53BD49C3-C5CE-4EAD-8261-A95C2A003A5E}.Release|x64.ActiveCfg = Release|x64
		{53BD49C3-C5CE-4EAD-8261-A95C2A003A5E}.Release|x64.Build.0 = Release|x64
		{606809FE-7DFF-4ED0-82A9-EEB525A97BD8}.Debug_HMI|x64.ActiveCfg = Debug|x64
		{606809FE-7DFF-4ED0-82A9-EEB525A97BD8}.Debug_HMI|x64.Build.0 = Debug|x64
		{606809FE-7DFF-4ED0-82A9-EEB525A97BD8}.Debug|x64.ActiveCfg = Debug|x64
		{606809FE-7DFF-4ED0-82A9-EEB525A97BD8}.Debug|x64.Build.0 = Debug|x64
		{606809FE-7DFF-4ED0-82A9-EEB525A97BD8}.Release|x64.ActiveCfg = Release|x64
		{606809FE-7DFF-4ED0-82A9-EEB525A97BD8}.Release|x64.Build.0 = Release|x64
		{D1D97C03-4864-48C6-8F97-C666629BFB4C}.Debug_HMI|x64.ActiveCfg = Debug|x64
		{D1D97C03-4864-48C6-8F97-C666629BFB4C}.Debug_HMI|x64.Build.0 = Debug|x64
		{D1D97C03-4864-48C6-8F97-C666629BFB4C}.Debug|x64.ActiveCfg = Debug|x64
		{D1D97C03-4864-48C6-8F97-C666629BFB4C}.Debug|x64.Build.0 = Debug|x64
		{D1D97C03-4864-48C6-8F97-C666629BFB4C}.Release|x64.ActiveCfg = Release|x64
		{D1D97C03-4864-48C6-8F97-C666629BFB4C}.Release|x64.Build.0 = Release|x64
		{01624866-5C0A-4F7E-A355-8D03680B3466}.Debug_HMI|x64.ActiveCfg = Debug|x64
		{01624866-5C0A-4F7E-A355-8D03680B3466}.Debug_HMI|x64.Build.0 = Debug|x64
		{01624866-5C0A-4F7E-A355-8D03680B3466}.Debug|x64.ActiveCfg = Debug|x64
		{01624866-5C0A-4F7E-A355-8D03680B3466}.Debug|x64.Build.0 = Debug|x64
		{01624866-5C0A-4F7E-A355-8D03680B3466}.Release|x64.ActiveCfg = Release|x64
		{01624866-5C0A-4F7E-A355-8D03680B3466}.Release|x64.Build.0 = Release|x64
		{34913414-05DA-458D-AD73-CC233DE1B0B5}.Debug_HMI|x64.ActiveCfg = Debug|x64
		{34913414-05DA-458D-AD73-CC233DE1B0B5}.Debug_HMI|x64.Build.0 = Debug|x64
		{34913414-05DA-458D-AD73-CC233DE1B0B5}.Debug|x64.ActiveCfg = Debug|x64
		{34913414-05DA-458D-AD73-CC233DE1B0B5}.Debug|x64.Build.0 = Debug|x64
		{34913414-05DA-458D-AD73-CC233DE1B0B5}.Release|x64.ActiveCfg = Release|x64
		{34913414-05DA-458D-AD73-CC233DE1B0B5}.Release|x64.Build.0 = Release|x64
		{77F22706-7C58-4193-AE97-85347CBDE3A2}.Debug_HMI|x64.ActiveCfg = Debug|x64
		{77F22706-7C58-4193-AE97-85347CBDE3A2}.Debug_HMI|x64.Build.0 = Debug|x64
		{77F22706-7C58-4193-AE97-85347CBDE3A2}.Debug|x64.ActiveCfg = Debug|x64
		{77F22706-7C58-4193-AE97-85347CBDE3A2}.Debug|x64.Build.0 = Debug|x64
		{77F22706-7C58-4193-AE97-85347CBDE3A2}.Release|x64.ActiveCfg = Release|x64
		{77F22706-7C58-4193-AE97-85347CBDE3A2}.Release|x64.Build.0 = Release|x64
		{33FCE426-267B-4820-9836-4A382A0B75DB}.Debug_HMI|x64.ActiveCfg = Debug|x64
		{33FCE426-267B-4820-9836-4A382A0B75DB}.Debug_HMI|x64.Build.0 = Debug|x64
		{33FCE426-267B-4820-9836-4A382A0B75DB}.Debug|x64.ActiveCfg = Debug|x64
		{33FCE426-267B-4820-9836-4A382A0B75DB}.Debug|x64.Build.0 = Debug|x64
		{33FCE426-267B-4820-9836-4A382A0B75DB}.Release|x64.ActiveCfg = Release|x64
		{33FCE426-267B-4820-9836-4A382A0B75DB}.Release|x64.Build.0 = Release|x64
		{BD238D45-4BCA-4D19-90DF-AF8B752E59A5}.Debug_HMI|x64.ActiveCfg = Debug|x64
		{BD238D45-4BCA-4D19-90DF-AF8B752E59A5}.Debug_HMI|x64.Build.0 = Debug|x64
		{BD238D45-4BCA-4D19-90DF-AF8B752E59A5}.Debug|x64.ActiveCfg = Debug|x64
		{BD238D45-4BCA-4D19-90DF-AF8B752E59A5}.Debug|x64.Build.0 = Debug|x64
		{BD238D45-4BCA-4D19-90DF-AF8B752E59A5}.Release|x64.ActiveCfg = Release|x64
		{BD238D45-4BCA-4D19-90DF-AF8B752E59A5}.Release|x64.Build.0 = Release|x64
		{B5FB9569-4BCF-435A-8C3D-1A051C47F24D}.Debug_HMI|x64.ActiveCfg = Debug|x64
		{B5FB9569-4BCF-435A-8C3D-1A051C47F24D}.Debug_HMI|x64.Build.0 = Debug|x64
		{B5FB9569-4BCF-435A-8C3D-1A051C47F24D}.Debug|x64.ActiveCfg = Debug|x64
		{B5FB9569-4BCF-435A-8C3D-1A051C47F24D}.Debug|x64.Build.0 = Debug|x64
		{B5FB9569-4BCF-435A-8C3D-1A051C47F24D}.Release|x64.ActiveCfg = Release|x64
		{B5FB9569-4BCF-435A-8C3D-1A051C47F24D}.Release|x64.Build.0 = Release|x64
		{D4E1FE6A-B948-4F37-942D-F2C03B598510}.Debug_HMI|x64.ActiveCfg = Debug|x64
		{D4E1FE6A-B948-4F37-942D-F2C03B598510}.Debug_HMI|x64.Build.0 = Debug|x64
		{D4E1FE6A-B948-4F37-942D-F2C03B598510}.Debug|x64.ActiveCfg = Debug|x64
		{D4E1FE6A-B948-4F37-942D-F2C03B598510}.Debug|x64.Build.0 = Debug|x64
		{D4E1FE6A-B948-4F37-942D-F2C03B598510}.Release|x64.ActiveCfg = Release|x64
		{D4E1FE6A-B948-4F37-942D-F2C03B598510}.Release|x64.Build.0 = Release|x64
		{33001885-19D0-466E-88A9-5024983E8397}.Debug_HMI|x64.ActiveCfg = Debug|x64
		{33001885-19D0-466E-88A9-5024983E8397}.Debug_HMI|x64.Build.0 = Debug|x64
		{33001885-19D0-466E-88A9-5024983E8397}.Debug|x64.ActiveCfg = Debug|x64
		{33001885-19D0-466E-88A9-5024983E8397}.Debug|x64.Build.0 = Debug|x64
		{33001885-19D0-466E-88A9-5024983E8397}.Release|x64.ActiveCfg = Release|x64
		{33001885-19D0-466E-88A9-5024983E8397}.Release|x64.Build.0 = Release|x64
		{97C741A4-6213-470B-9EB1-F19F61DF281C}.Debug_HMI|x64.ActiveCfg = Debug|x64
		{97C741A4-6213-470B-9EB1-F19F61DF281C}.Debug_HMI|x64.Build.0 = Debug|x64
		{97C741A4-6213-470B-9EB1-F19F61DF281C}.Debug|x64.ActiveCfg = Debug|x64
		{97C741A4-6213-470B-9EB1-F19F61DF281C}.Debug|x64.Build.0 = Debug|x64
		{97C741A4-6213-470B-9EB1-F19F61DF281C}.Release|x64.ActiveCfg = Release|x64
		{97C741A4-6213-470B-9EB1-F19F61DF281C}.Release|x64.Build.0 = Release|x64
		{81D91FCA-DAE7-4F69-9D05-2F6E308837D8}.Debug_HMI|x64.ActiveCfg = Debug|x64
		{81D91FCA-DAE7-4F69-9D05-2F6E308837D8}.Debug_HMI|x64.Build.0 = Debug|x64
		{81D91FCA-DAE7-4F69-9D05-2F6E308837D8}.Debug|x64.ActiveCfg = Debug|x64
		{81D91FCA-DAE7-4F69-9D05-2F6E308837D8}.Debug|x64.Build.0 = Debug|x64
		{81D91FCA-DAE7-4F69-9D05-2F6E308837D8}.Release|x64.ActiveCfg = Release|x64
		{81D91FCA-DAE7-4F69-9D05-2F6E308837D8}.Release|x64.Build.0 = Release|x64
		{F6A1A9A8-40B1-4015-A228-6F548EDF8755}.Debug_HMI|x64.ActiveCfg = Debug|x64
		{F6A1A9A8-40B1-4015-A228-6F548EDF8755}.Debug_HMI|x64.Build.0 = Debug|x64
		{F6A1A9A8-40B1-4015-A228-6F548EDF8755}.Debug|x64.ActiveCfg = Debug|x64
		{F6A1A9A8-40B1-4015-A228-6F548EDF8755}.Debug|x64.Build.0 = Debug|x64
		{F6A1A9A8-40B1-4015-A228-6F548EDF8755}.Release|x64.ActiveCfg = Release|x64
		{F6A1A9A8-40B1-4015-A228-6F548EDF8755}.Release|x64.Build.0 = Release|x64
		{0B138AE8-3243-4D88-867F-3111DD8FB6FF}.Debug_HMI|x64.ActiveCfg = Debug|x64
		{0B138AE8-3243-4D88-867F-3111DD8FB6FF}.Debug_HMI|x64.Build.0 = Debug|x64
		{0B138AE8-3243-4D88-867F-3111DD8FB6FF}.Debug|x64.ActiveCfg = Debug|x64
		{0B138AE8-3243-4D88-867F-3111DD8FB6FF}.Debug|x64.Build.0 = Debug|x64
		{0B138AE8-3243-4D88-867F-3111DD8FB6FF}.Release|x64.ActiveCfg = Release|x64
		{0B138AE8-3243-4D88-867F-3111DD8FB6FF}.Release|x64.Build.0 = Release|x64
		{108F65A6-9744-4F59-B70D-15EC24C5098B}.Debug_HMI|x64.ActiveCfg = Debug|x64
		{108F65A6-9744-4F59-B70D-15EC24C5098B}.Debug_HMI|x64.Build.0 = Debug|x64
		{108F65A6-9744-4F59-B70D-15EC24C5098B}.Debug|x64.ActiveCfg = Debug|x64
		{108F65A6-9744-4F59-B70D-15EC24C5098B}.Debug|x64.Build.0 = Debug|x64
		{108F65A6-9744-4F59-B70D-15EC24C5098B}.Release|x64.ActiveCfg = Release|x64
		{108F65A6-9744-4F59-B70D-15EC24C5098B}.Release|x64.Build.0 = Release|x64
		{72D98D6F-3DC3-4148-A141-B2AD4C17C9DB}.Debug_HMI|x64.ActiveCfg = Debug|x64
		{72D98D6F-3DC3-4148-A141-B2AD4C17C9DB}.Debug_HMI|x64.Build.0 = Debug|x64
		{72D98D6F-3DC3-4148-A141-B2AD4C17C9DB}.Debug|x64.ActiveCfg = Debug|x64
		{72D98D6F-3DC3-4148-A141-B2AD4C17C9DB}.Debug|x64.Build.0 = Debug|x64
		{72D98D6F-3DC3-4148-A141-B2AD4C17C9DB}.Release|x64.ActiveCfg = Release|x64
		{72D98D6F-3DC3-4148-A141-B2AD4C17C9DB}.Release|x64.Build.0 = Release|x64
		{C899AA41-A83A-405E-8351-05021DAE0958}.Debug_HMI|x64.ActiveCfg = Debug|x64
		{C899AA41-A83A-405E-8351-05021DAE0958}.Debug_HMI|x64.Build.0 = Debug|x64
		{C899AA41-A83A-405E-8351-05021DAE0958}.Debug|x64.ActiveCfg = Debug|x64
		{C899AA41-A83A-405E-8351-05021DAE0958}.Debug|x64.Build.0 = Debug|x64
		{C899AA41-A83A-405E-8351-05021DAE0958}.Release|x64.ActiveCfg = Release|x64
		{C899AA41-A83A-405E-8351-05021DAE0958}.Release|x64.Build.0 = Release|x64
		{EDD38F09-9DA4-4E8B-B388-FD13176EEC37}.Debug_HMI|x64.ActiveCfg = Debug|x64
		{EDD38F09-9DA4-4E8B-B388-FD13176EEC37}.Debug_HMI|x64.Build.0 = Debug|x64
		{EDD38F09-9DA4-4E8B-B388-FD13176EEC37}.Debug|x64.ActiveCfg = Debug|x64
		{EDD38F09-9DA4-4E8B-B388-FD13176EEC37}.Debug|x64.Build.0 = Debug|x64
		{EDD38F09-9DA4-4E8B-B388-FD13176EEC37}.Release|x64.ActiveCfg = Release|x64
		{EDD38F09-9DA4-4E8B-B388-FD13176EEC37}.Release|x64.Build.0 = Release|x64
		{DDAD1006-F8E4-4904-9004-0810A47CA810}.Debug_HMI|x64.ActiveCfg = Debug|x64
		{DDAD1006-F8E4-4904-9004-0810A47CA810}.Debug_HMI|x64.Build.0 = Debug|x64
		{DDAD1006-F8E4-4904-9004-0810A47CA810}.Debug|x64.ActiveCfg = Debug|x64
		{DDAD1006-F8E4-4904-9004-0810A47CA810}.Debug|x64.Build.0 = Debug|x64
		{DDAD1006-F8E4-4904-9004-0810A47CA810}.Release|x64.ActiveCfg = Release|x64
		{DDAD1006-F8E4-4904-9004-0810A47CA810}.Release|x64.Build.0 = Release|x64
		{F5DF897E-39CA-4C8F-A324-7DC38F7FBE53}.Debug_HMI|x64.ActiveCfg = Debug|x64
		{F5DF897E-39CA-4C8F-A324-7DC38F7FBE53}.Debug_HMI|x64.Build.0 = Debug|x64
		{F5DF897E-39CA-4C8F-A324-7DC38F7FBE53}.Debug|x64.ActiveCfg = Debug|x64
		{F5DF897E-39CA-4C8F-A324-7DC38F7FBE53}.Debug|x64.Build.0 = Debug|x64
		{F5DF897E-39CA-4C8F-A324-7DC38F7FBE53}.Release|x64.ActiveCfg = Release|x64
		{F5DF897E-39CA-4C8F-A324-7DC38F7FBE53}.Release|x64.Build.0 = Release|x64
		{046875E4-F367-4B10-955A-C33F6F7A249A}.Debug_HMI|x64.ActiveCfg = Debug|x64
		{046875E4-F367-4B10-955A-C33F6F7A249A}.Debug_HMI|x64.Build.0 = Debug|x64
		{046875E4-F367-4B10-955A-C33F6F7A249A}.Debug|x64.ActiveCfg = Debug|x64
		{046875E4-F367-4B10-955A-C33F6F7A249A}.Debug|x64.Build.0 = Debug|x64
		{046875E4-F367-4B10-955A-C33F6F7A249A}.Release|x64.ActiveCfg = Release|x64
		{046875E4-F367-4B10-955A-C33F6F7A249A}.Release|x64.Build.0 = Release|x64
		{109758C2-2744-48E5-85C6-7BCE6ABACCA6}.Debug_HMI|x64.ActiveCfg = Debug|x64
		{109758C2-2744-48E5-85C6-7BCE6ABACCA6}.Debug_HMI|x64.Build.0 = Debug|x64
		{109758C2-2744-48E5-85C6-7BCE6ABACCA6}.Debug|x64.ActiveCfg = Debug|x64
		{109758C2-2744-48E5-85C6-7BCE6ABACCA6}.Debug|x64.Build.0 = Debug|x64
		{109758C2-2744-48E5-85C6-7BCE6ABACCA6}.Release|x64.ActiveCfg = Release|x64
		{109758C2-2744-48E5-85C6-7BCE6ABACCA6}.Release|x64.Build.0 = Release|x64
		{B8F464FB-3E5D-4823-80A7-FA6DDB9991A3}.Debug_HMI|x64.ActiveCfg = Debug|x64
		{B8F464FB-3E5D-4823-80A7-FA6DDB9991A3}.Debug_HMI|x64.Build.0 = Debug|x64
		{B8F464FB-3E5D-4823-80A7-FA6DDB9991A3}.Debug|x64.ActiveCfg = Debug|x64
		{B8F464FB-3E5D-4823-80A7-FA6DDB9991A3}.Debug|x64.Build.0 = Debug|x64
		{B8F464FB-3E5D-4823-80A7-FA6DDB9991A3}.Release|x64.ActiveCfg = Release|x64
		{B8F464FB-3E5D-4823-80A7-FA6DDB9991A3}.Release|x64.Build.0 = Release|x64
		{3D86D41D-0A40-4A32-8005-216A4E3540C9}.Debug_HMI|x64.ActiveCfg = Debug|x64
		{3D86D41D-0A40-4A32-8005-216A4E3540C9}.Debug_HMI|x64.Build.0 = Debug|x64
		{3D86D41D-0A40-4A32-8005-216A4E3540C9}.Debug|x64.ActiveCfg = Debug|x64
		{3D86D41D-0A40-4A32-8005-216A4E3540C9}.Debug|x64.Build.0 = Debug|x64
		{3D86D41D-0A40-4A32-8005-216A4E3540C9}.Release|x64.ActiveCfg = Release|x64
		{3D86D41D-0A40-4A32-8005-216A4E3540C9}.Release|x64.Build.0 = Release|x64
		{EFDE8F3C-B2EB-4B24-8698-C42C6412D01D}.Debug_HMI|x64.ActiveCfg = Debug|x64
		{EFDE8F3C-B2EB-4B24-8698-C42C6412D01D}.Debug_HMI|x64.Build.0 = Debug|x64
		{EFDE8F3C-B2EB-4B24-8698-C42C6412D01D}.Debug|x64.ActiveCfg = Debug|x64
		{EFDE8F3C-B2EB-4B24-8698-C42C6412D01D}.Debug|x64.Build.0 = Debug|x64
		{EFDE8F3C-B2EB-4B24-8698-C42C6412D01D}.Release|x64.ActiveCfg = Release|x64
		{EFDE8F3C-B2EB-4B24-8698-C42C6412D01D}.Release|x64.Build.0 = Release|x64
		{149FEBAB-84DD-4B95-8DEA-60F22BB8EC1B}.Debug_HMI|x64.ActiveCfg = Debug|x64
		{149FEBAB-84DD-4B95-8DEA-60F22BB8EC1B}.Debug_HMI|x64.Build.0 = Debug|x64
		{149FEBAB-84DD-4B95-8DEA-60F22BB8EC1B}.Debug|x64.ActiveCfg = Debug|x64
		{149FEBAB-84DD-4B95-8DEA-60F22BB8EC1B}.Debug|x64.Build.0 = Debug|x64
		{149FEBAB-84DD-4B95-8DEA-60F22BB8EC1B}.Release|x64.ActiveCfg = Release|x64
		{149FEBAB-84DD-4B95-8DEA-60F22BB8EC1B}.Release|x64.Build.0 = Release|x64
		{766D8E5D-3AA3-4B76-A6B1-FB3757DC0832}.Debug_HMI|x64.ActiveCfg = Debug|x64
		{766D8E5D-3AA3-4B76-A6B1-FB3757DC0832}.Debug_HMI|x64.Build.0 = Debug|x64
		{766D8E5D-3AA3-4B76-A6B1-FB3757DC0832}.Debug|x64.ActiveCfg = Debug|x64
		{766D8E5D-3AA3-4B76-A6B1-FB3757DC0832}.Debug|x64.Build.0 = Debug|x64
		{766D8E5D-3AA3-4B76-A6B1-FB3757DC0832}.Release|x64.ActiveCfg = Release|x64
		{766D8E5D-3AA3-4B76-A6B1-FB3757DC0832}.Release|x64.Build.0 = Release|x64
		{F3073F80-8CED-4FBD-BC89-96B564E00DD3}.Debug_HMI|x64.ActiveCfg = Debug|x64
		{F3073F80-8CED-4FBD-BC89-96B564E00DD3}.Debug_HMI|x64.Build.0 = Debug|x64
		{F3073F80-8CED-4FBD-BC89-96B564E00DD3}.Debug|x64.ActiveCfg = Debug|x64
		{F3073F80-8CED-4FBD-BC89-96B564E00DD3}.Debug|x64.Build.0 = Debug|x64
		{F3073F80-8CED-4FBD-BC89-96B564E00DD3}.Release|x64.ActiveCfg = Release|x64
		{F3073F80-8CED-4FBD-BC89-96B564E00DD3}.Release|x64.Build.0 = Release|x64
		{EEB1AD97-A4EA-4532-B718-BDED7FCF9AF0}.Debug_HMI|x64.ActiveCfg = Debug|x64
		{EEB1AD97-A4EA-4532-B718-BDED7FCF9AF0}.Debug_HMI|x64.Build.0 = Debug|x64
		{EEB1AD97-A4EA-4532-B718-BDED7FCF9AF0}.Debug|x64.ActiveCfg = Debug|x64
		{EEB1AD97-A4EA-4532-B718-BDED7FCF9AF0}.Debug|x64.Build.0 = Debug|x64
		{EEB1AD97-A4EA-4532-B718-BDED7FCF9AF0}.Release|x64.ActiveCfg = Release|x64
		{EEB1AD97-A4EA-4532-B718-BDED7FCF9AF0}.Release|x64.Build.0 = Release|x64
		{E0EB594B-4DE9-4F70-ACE0-F51BEAF42A53}.Debug_HMI|x64.ActiveCfg = Debug|x64
		{E0EB594B-4DE9-4F70-ACE0-F51BEAF42A53}.Debug_HMI|x64.Build.0 = Debug|x64
		{E0EB594B-4DE9-4F70-ACE0-F51BEAF42A53}.Debug|x64.ActiveCfg = Debug|x64
		{E0EB594B-4DE9-4F70-ACE0-F51BEAF42A53}.Debug|x64.Build.0 = Debug|x64
		{E0EB594B-4DE9-4F70-ACE0-F51BEAF42A53}.Release|x64.ActiveCfg = Release|x64
		{E0EB594B-4DE9-4F70-ACE0-F51BEAF42A53}.Release|x64.Build.0 = Release|x64
		{1F1426D1-838C-4E37-8598-8533BF310975}.Debug_HMI|x64.ActiveCfg = Debug|x64
		{1F1426D1-838C-4E37-8598-8533BF310975}.Debug_HMI|x64.Build.0 = Debug|x64
		{1F1426D1-838C-4E37-8598-8533BF310975}.Debug|x64.ActiveCfg = Debug|x64
		{1F1426D1-838C-4E37-8598-8533BF310975}.Debug|x64.Build.0 = Debug|x64
		{1F1426D1-838C-4E37-8598-8533BF310975}.Release|x64.ActiveCfg = Release|x64
		{1F1426D1-838C-4E37-8598-8533BF310975}.Release|x64.Build.0 = Release|x64
		{B04C78DE-F8DB-4CCD-A074-24F88FBBEA4A}.Debug_HMI|x64.ActiveCfg = Debug|x64
		{B04C78DE-F8DB-4CCD-A074-24F88FBBEA4A}.Debug_HMI|x64.Build.0 = Debug|x64
		{B04C78DE-F8DB-4CCD-A074-24F88FBBEA4A}.Debug|x64.ActiveCfg = Debug|x64
		{B04C78DE-F8DB-4CCD-A074-24F88FBBEA4A}.Debug|x64.Build.0 = Debug|x64
		{B04C78DE-F8DB-4CCD-A074-24F88FBBEA4A}.Release|x64.ActiveCfg = Release|x64
		{B04C78DE-F8DB-4CCD-A074-24F88FBBEA4A}.Release|x64.Build.0 = Release|x64
		{E7D74FE4-F983-439F-BF5E-BB548B08A498}.Debug_HMI|x64.ActiveCfg = Debug|x64
		{E7D74FE4-F983-439F-BF5E-BB548B08A498}.Debug_HMI|x64.Build.0 = Debug|x64
		{E7D74FE4-F983-439F-BF5E-BB548B08A498}.Debug|x64.ActiveCfg = Debug|x64
		{E7D74FE4-F983-439F-BF5E-BB548B08A498}.Debug|x64.Build.0 = Debug|x64
		{E7D74FE4-F983-439F-BF5E-BB548B08A498}.Release|x64.ActiveCfg = Release|x64
		{E7D74FE4-F983-439F-BF5E-BB548B08A498}.Release|x64.Build.0 = Release|x64
		{D344632E-77E6-402A-AEF1-5590905F08C9}.Debug_HMI|x64.ActiveCfg = Debug|x64
		{D344632E-77E6-402A-AEF1-5590905F08C9}.Debug_HMI|x64.Build.0 = Debug|x64
		{D344632E-77E6-402A-AEF1-5590905F08C9}.Debug|x64.ActiveCfg = Debug|x64
		{D344632E-77E6-402A-AEF1-5590905F08C9}.Debug|x64.Build.0 = Debug|x64
		{D344632E-77E6-402A-AEF1-5590905F08C9}.Release|x64.ActiveCfg = Release|x64
		{D344632E-77E6-402A-AEF1-5590905F08C9}.Release|x64.Build.0 = Release|x64
		{9C0EEAF0-9DB1-426B-B3E6-717C176E1B09}.Debug_HMI|x64.ActiveCfg = Debug|x64
		{9C0EEAF0-9DB1-426B-B3E6-717C176E1B09}.Debug_HMI|x64.Build.0 = Debug|x64
		{9C0EEAF0-9DB1-426B-B3E6-717C176E1B09}.Debug|x64.ActiveCfg = Debug|x64
		{9C0EEAF0-9DB1-426B-B3E6-717C176E1B09}.Debug|x64.Build.0 = Debug|x64
		{9C0EEAF0-9DB1-426B-B3E6-717C176E1B09}.Release|x64.ActiveCfg = Release|x64
		{9C0EEAF0-9DB1-426B-B3E6-717C176E1B09}.Release|x64.Build.0 = Release|x64
		{60E8BCF5-FB48-4224-B4B3-BC3979A8106C}.Debug_HMI|x64.ActiveCfg = Debug|x64
		{60E8BCF5-FB48-4224-B4B3-BC3979A8106C}.Debug_HMI|x64.Build.0 = Debug|x64
		{60E8BCF5-FB48-4224-B4B3-BC3979A8106C}.Debug|x64.ActiveCfg = Debug|x64
		{60E8BCF5-FB48-4224-B4B3-BC3979A8106C}.Debug|x64.Build.0 = Debug|x64
		{60E8BCF5-FB48-4224-B4B3-BC3979A8106C}.Release|x64.ActiveCfg = Release|x64
		{60E8BCF5-FB48-4224-B4B3-BC3979A8106C}.Release|x64.Build.0 = Release|x64
		{529C212F-3333-43D2-A7EF-AC4EA7D5A21E}.Debug_HMI|x64.ActiveCfg = Debug|x64
		{529C212F-3333-43D2-A7EF-AC4EA7D5A21E}.Debug_HMI|x64.Build.0 = Debug|x64
		{529C212F-3333-43D2-A7EF-AC4EA7D5A21E}.Debug|x64.ActiveCfg = Debug|x64
		{529C212F-3333-43D2-A7EF-AC4EA7D5A21E}.Debug|x64.Build.0 = Debug|x64
		{529C212F-3333-43D2-A7EF-AC4EA7D5A21E}.Release|x64.ActiveCfg = Release|x64
		{529C212F-3333-43D2-A7EF-AC4EA7D5A21E}.Release|x64.Build.0 = Release|x64
		{C479E5B7-73B7-4A22-8790-74592E2F35CB}.Debug_HMI|x64.ActiveCfg = Debug|x64
		{C479E5B7-73B7-4A22-8790-74592E2F35CB}.Debug_HMI|x64.Build.0 = Debug|x64
		{C479E5B7-73B7-4A22-8790-74592E2F35CB}.Debug|x64.ActiveCfg = Debug|x64
		{C479E5B7-73B7-4A22-8790-74592E2F35CB}.Debug|x64.Build.0 = Debug|x64
		{C479E5B7-73B7-4A22-8790-74592E2F35CB}.Release|x64.ActiveCfg = Release|x64
		{C479E5B7-73B7-4A22-8790-74592E2F35CB}.Release|x64.Build.0 = Release|x64
		{B912B62C-4F7E-40DA-815C-68AA6744923F}.Debug_HMI|x64.ActiveCfg = Debug|x64
		{B912B62C-4F7E-40DA-815C-68AA6744923F}.Debug_HMI|x64.Build.0 = Debug|x64
		{B912B62C-4F7E-40DA-815C-68AA6744923F}.Debug|x64.ActiveCfg = Debug|x64
		{B912B62C-4F7E-40DA-815C-68AA6744923F}.Debug|x64.Build.0 = Debug|x64
		{B912B62C-4F7E-40DA-815C-68AA6744923F}.Release|x64.ActiveCfg = Release|x64
		{B912B62C-4F7E-40DA-815C-68AA6744923F}.Release|x64.Build.0 = Release|x64
		{0D35046F-06C2-4EC8-B81A-3F93F483A3B9}.Debug_HMI|x64.ActiveCfg = Debug|x64
		{0D35046F-06C2-4EC8-B81A-3F93F483A3B9}.Debug_HMI|x64.Build.0 = Debug|x64
		{0D35046F-06C2-4EC8-B81A-3F93F483A3B9}.Debug|x64.ActiveCfg = Debug|x64
		{0D35046F-06C2-4EC8-B81A-3F93F483A3B9}.Debug|x64.Build.0 = Debug|x64
		{0D35046F-06C2-4EC8-B81A-3F93F483A3B9}.Release|x64.ActiveCfg = Release|x64
		{0D35046F-06C2-4EC8-B81A-3F93F483A3B9}.Release|x64.Build.0 = Release|x64
		{010D57AA-CFB3-4BCC-857C-15DB015290B7}.Debug_HMI|x64.ActiveCfg = Debug|x64
		{010D57AA-CFB3-4BCC-857C-15DB015290B7}.Debug_HMI|x64.Build.0 = Debug|x64
		{010D57AA-CFB3-4BCC-857C-15DB015290B7}.Debug|x64.ActiveCfg = Debug|x64
		{010D57AA-CFB3-4BCC-857C-15DB015290B7}.Debug|x64.Build.0 = Debug|x64
		{010D57AA-CFB3-4BCC-857C-15DB015290B7}.Release|x64.ActiveCfg = Release|x64
		{010D57AA-CFB3-4BCC-857C-15DB015290B7}.Release|x64.Build.0 = Release|x64
		{7D23C8BA-0743-4225-A265-1BE02B0F9B9E}.Debug_HMI|x64.ActiveCfg = Debug|x64
		{7D23C8BA-0743-4225-A265-1BE02B0F9B9E}.Debug_HMI|x64.Build.0 = Debug|x64
		{7D23C8BA-0743-4225-A265-1BE02B0F9B9E}.Debug|x64.ActiveCfg = Debug|x64
		{7D23C8BA-0743-4225-A265-1BE02B0F9B9E}.Debug|x64.Build.0 = Debug|x64
		{7D23C8BA-0743-4225-A265-1BE02B0F9B9E}.Release|x64.ActiveCfg = Release|x64
		{7D23C8BA-0743-4225-A265-1BE02B0F9B9E}.Release|x64.Build.0 = Release|x64
		{99E63FEE-1A70-48DF-BF4B-7FA9B549970E}.Debug_HMI|x64.ActiveCfg = Debug|x64
		{99E63FEE-1A70-48DF-BF4B-7FA9B549970E}.Debug_HMI|x64.Build.0 = Debug|x64
		{99E63FEE-1A70-48DF-BF4B-7FA9B549970E}.Debug|x64.ActiveCfg = Debug|x64
		{99E63FEE-1A70-48DF-BF4B-7FA9B549970E}.Debug|x64.Build.0 = Debug|x64
		{99E63FEE-1A70-48DF-BF4B-7FA9B549970E}.Release|x64.ActiveCfg = Release|x64
		{99E63FEE-1A70-48DF-BF4B-7FA9B549970E}.Release|x64.Build.0 = Release|x64
		{80484A41-7523-430E-B56E-1433457DA5FB}.Debug_HMI|x64.ActiveCfg = Debug|x64
		{80484A41-7523-430E-B56E-1433457DA5FB}.Debug_HMI|x64.Build.0 = Debug|x64
		{80484A41-7523-430E-B56E-1433457DA5FB}.Debug|x64.ActiveCfg = Debug|x64
		{80484A41-7523-430E-B56E-1433457DA5FB}.Debug|x64.Build.0 = Debug|x64
		{80484A41-7523-430E-B56E-1433457DA5FB}.Release|x64.ActiveCfg = Release|x64
		{80484A41-7523-430E-B56E-1433457DA5FB}.Release|x64.Build.0 = Release|x64
		{35911960-2EA5-4505-AB61-C98D8B5345F7}.Debug_HMI|x64.ActiveCfg = Debug|x64
		{35911960-2EA5-4505-AB61-C98D8B5345F7}.Debug_HMI|x64.Build.0 = Debug|x64
		{35911960-2EA5-4505-AB61-C98D8B5345F7}.Debug|x64.ActiveCfg = Debug|x64
		{35911960-2EA5-4505-AB61-C98D8B5345F7}.Debug|x64.Build.0 = Debug|x64
		{35911960-2EA5-4505-AB61-C98D8B5345F7}.Release|x64.ActiveCfg = Release|x64
		{35911960-2EA5-4505-AB61-C98D8B5345F7}.Release|x64.Build.0 = Release|x64
		{4D864350-DA42-456A-905A-9E022813CF5A}.Debug_HMI|x64.ActiveCfg = Debug|x64
		{4D864350-DA42-456A-905A-9E022813CF5A}.Debug_HMI|x64.Build.0 = Debug|x64
		{4D864350-DA42-456A-905A-9E022813CF5A}.Debug|x64.ActiveCfg = Debug|x64
		{4D864350-DA42-456A-905A-9E022813CF5A}.Debug|x64.Build.0 = Debug|x64
		{4D864350-DA42-456A-905A-9E022813CF5A}.Release|x64.ActiveCfg = Release|x64
		{4D864350-DA42-456A-905A-9E022813CF5A}.Release|x64.Build.0 = Release|x64
		{E3C63C0D-1A89-496D-9E5A-8DF038988E75}.Debug_HMI|x64.ActiveCfg = Debug|x64
		{E3C63C0D-1A89-496D-9E5A-8DF038988E75}.Debug_HMI|x64.Build.0 = Debug|x64
		{E3C63C0D-1A89-496D-9E5A-8DF038988E75}.Debug|x64.ActiveCfg = Debug|x64
		{E3C63C0D-1A89-496D-9E5A-8DF038988E75}.Debug|x64.Build.0 = Debug|x64
		{E3C63C0D-1A89-496D-9E5A-8DF038988E75}.Release|x64.ActiveCfg = Release|x64
		{E3C63C0D-1A89-496D-9E5A-8DF038988E75}.Release|x64.Build.0 = Release|x64
		{24D77AFC-CDF3-4606-A18E-BE9C6FD80E84}.Debug_HMI|x64.ActiveCfg = Debug|x64
		{24D77AFC-CDF3-4606-A18E-BE9C6FD80E84}.Debug_HMI|x64.Build.0 = Debug|x64
		{24D77AFC-CDF3-4606-A18E-BE9C6FD80E84}.Debug|x64.ActiveCfg = Debug|x64
		{24D77AFC-CDF3-4606-A18E-BE9C6FD80E84}.Debug|x64.Build.0 = Debug|x64
		{24D77AFC-CDF3-4606-A18E-BE9C6FD80E84}.Release|x64.ActiveCfg = Release|x64
		{24D77AFC-CDF3-4606-A18E-BE9C6FD80E84}.Release|x64.Build.0 = Release|x64
		{93A76A32-190A-4716-8B4E-64112C73ACE1}.Debug_HMI|x64.ActiveCfg = Debug|x64
		{93A76A32-190A-4716-8B4E-64112C73ACE1}.Debug_HMI|x64.Build.0 = Debug|x64
		{93A76A32-190A-4716-8B4E-64112C73ACE1}.Debug|x64.ActiveCfg = Debug|x64
		{93A76A32-190A-4716-8B4E-64112C73ACE1}.Debug|x64.Build.0 = Debug|x64
		{93A76A32-190A-4716-8B4E-64112C73ACE1}.Release|x64.ActiveCfg = Release|x64
		{93A76A32-190A-4716-8B4E-64112C73ACE1}.Release|x64.Build.0 = Release|x64
		{E17AB098-6E3A-4A00-8C32-F18838851AA7}.Debug_HMI|x64.ActiveCfg = Debug|x64
		{E17AB098-6E3A-4A00-8C32-F18838851AA7}.Debug_HMI|x64.Build.0 = Debug|x64
		{E17AB098-6E3A-4A00-8C32-F18838851AA7}.Debug|x64.ActiveCfg = Debug|x64
		{E17AB098-6E3A-4A00-8C32-F18838851AA7}.Debug|x64.Build.0 = Debug|x64
		{E17AB098-6E3A-4A00-8C32-F18838851AA7}.Release|x64.ActiveCfg = Release|x64
		{E17AB098-6E3A-4A00-8C32-F18838851AA7}.Release|x64.Build.0 = Release|x64
		{39963275-20FA-4989-8ECD-9EC92E3DE5B4}.Debug_HMI|x64.ActiveCfg = Debug|x64
		{39963275-20FA-4989-8ECD-9EC92E3DE5B4}.Debug_HMI|x64.Build.0 = Debug|x64
		{39963275-20FA-4989-8ECD-9EC92E3DE5B4}.Debug|x64.ActiveCfg = Debug|x64
		{39963275-20FA-4989-8ECD-9EC92E3DE5B4}.Debug|x64.Build.0 = Debug|x64
		{39963275-20FA-4989-8ECD-9EC92E3DE5B4}.Release|x64.ActiveCfg = Release|x64
		{39963275-20FA-4989-8ECD-9EC92E3DE5B4}.Release|x64.Build.0 = Release|x64
		{3F3CC7E4-7DE0-40B8-8C4F-096B5F1E0CDA}.Debug_HMI|x64.ActiveCfg = Debug|x64
		{3F3CC7E4-7DE0-40B8-8C4F-096B5F1E0CDA}.Debug_HMI|x64.Build.0 = Debug|x64
		{3F3CC7E4-7DE0-40B8-8C4F-096B5F1E0CDA}.Debug|x64.ActiveCfg = Debug|x64
		{3F3CC7E4-7DE0-40B8-8C4F-096B5F1E0CDA}.Debug|x64.Build.0 = Debug|x64
		{3F3CC7E4-7DE0-40B8-8C4F-096B5F1E0CDA}.Release|x64.ActiveCfg = Release|x64
		{3F3CC7E4-7DE0-40B8-8C4F-096B5F1E0CDA}.Release|x64.Build.0 = Release|x64
		{FC646E0D-EA98-425F-B08A-3C361ED7CD9C}.Debug_HMI|x64.ActiveCfg = Debug|x64
		{FC646E0D-EA98-425F-B08A-3C361ED7CD9C}.Debug_HMI|x64.Build.0 = Debug|x64
		{FC646E0D-EA98-425F-B08A-3C361ED7CD9C}.Debug|x64.ActiveCfg = Debug|x64
		{FC646E0D-EA98-425F-B08A-3C361ED7CD9C}.Debug|x64.Build.0 = Debug|x64
		{FC646E0D-EA98-425F-B08A-3C361ED7CD9C}.Release|x64.ActiveCfg = Release|x64
		{FC646E0D-EA98-425F-B08A-3C361ED7CD9C}.Release|x64.Build.0 = Release|x64
		{79F7E968-C5FD-4307-9127-C9C96691E505}.Debug_HMI|x64.ActiveCfg = Debug|x64
		{79F7E968-C5FD-4307-9127-C9C96691E505}.Debug_HMI|x64.Build.0 = Debug|x64
		{79F7E968-C5FD-4307-9127-C9C96691E505}.Debug|x64.ActiveCfg = Debug|x64
		{79F7E968-C5FD-4307-9127-C9C96691E505}.Debug|x64.Build.0 = Debug|x64
		{79F7E968-C5FD-4307-9127-C9C96691E505}.Release|x64.ActiveCfg = Release|x64
		{79F7E968-C5FD-4307-9127-C9C96691E505}.Release|x64.Build.0 = Release|x64
		{9B4A20A7-1327-4265-89EC-C8852957C05F}.Debug_HMI|x64.ActiveCfg = Debug|x64
		{9B4A20A7-1327-4265-89EC-C8852957C05F}.Debug_HMI|x64.Build.0 = Debug|x64
		{9B4A20A7-1327-4265-89EC-C8852957C05F}.Debug|x64.ActiveCfg = Debug|x64
		{9B4A20A7-1327-4265-89EC-C8852957C05F}.Debug|x64.Build.0 = Debug|x64
		{9B4A20A7-1327-4265-89EC-C8852957C05F}.Release|x64.ActiveCfg = Release|x64
		{9B4A20A7-1327-4265-89EC-C8852957C05F}.Release|x64.Build.0 = Release|x64
		{BA61082A-1B78-48EE-8EE0-704208209F9D}.Debug_HMI|x64.ActiveCfg = Debug|x64
		{BA61082A-1B78-48EE-8EE0-704208209F9D}.Debug_HMI|x64.Build.0 = Debug|x64
		{BA61082A-1B78-48EE-8EE0-704208209F9D}.Debug|x64.ActiveCfg = Debug|x64
		{BA61082A-1B78-48EE-8EE0-704208209F9D}.Debug|x64.Build.0 = Debug|x64
		{BA61082A-1B78-48EE-8EE0-704208209F9D}.Release|x64.ActiveCfg = Release|x64
		{BA61082A-1B78-48EE-8EE0-704208209F9D}.Release|x64.Build.0 = Release|x64
		{8A288ABB-F8C5-40B3-ABEC-051409043B7F}.Debug_HMI|x64.ActiveCfg = Debug|x64
		{8A288ABB-F8C5-40B3-ABEC-051409043B7F}.Debug_HMI|x64.Build.0 = Debug|x64
		{8A288ABB-F8C5-40B3-ABEC-051409043B7F}.Debug|x64.ActiveCfg = Debug|x64
		{8A288ABB-F8C5-40B3-ABEC-051409043B7F}.Debug|x64.Build.0 = Debug|x64
		{8A288ABB-F8C5-40B3-ABEC-051409043B7F}.Release|x64.ActiveCfg = Release|x64
		{8A288ABB-F8C5-40B3-ABEC-051409043B7F}.Release|x64.Build.0 = Release|x64
		{9F5CA226-C727-4E27-9183-4D805AAD9C44}.Debug_HMI|x64.ActiveCfg = Debug|x64
		{9F5CA226-C727-4E27-9183-4D805AAD9C44}.Debug_HMI|x64.Build.0 = Debug|x64
		{9F5CA226-C727-4E27-9183-4D805AAD9C44}.Debug|x64.ActiveCfg = Debug|x64
		{9F5CA226-C727-4E27-9183-4D805AAD9C44}.Debug|x64.Build.0 = Debug|x64
		{9F5CA226-C727-4E27-9183-4D805AAD9C44}.Release|x64.ActiveCfg = Release|x64
		{9F5CA226-C727-4E27-9183-4D805AAD9C44}.Release|x64.Build.0 = Release|x64
		{3279189A-863B-486C-ADD3-8CFC8F39839E}.Debug_HMI|x64.ActiveCfg = Debug|x64
		{3279189A-863B-486C-ADD3-8CFC8F39839E}.Debug_HMI|x64.Build.0 = Debug|x64
		{3279189A-863B-486C-ADD3-8CFC8F39839E}.Debug|x64.ActiveCfg = Debug|x64
		{3279189A-863B-486C-ADD3-8CFC8F39839E}.Debug|x64.Build.0 = Debug|x64
		{3279189A-863B-486C-ADD3-8CFC8F39839E}.Release|x64.ActiveCfg = Release|x64
		{3279189A-863B-486C-ADD3-8CFC8F39839E}.Release|x64.Build.0 = Release|x64
		{5BF3ED80-F107-409B-BCB4-DA408BC890E1}.Debug_HMI|x64.ActiveCfg = Debug|x64
		{5BF3ED80-F107-409B-BCB4-DA408BC890E1}.Debug_HMI|x64.Build.0 = Debug|x64
		{5BF3ED80-F107-409B-BCB4-DA408BC890E1}.Debug|x64.ActiveCfg = Debug|x64
		{5BF3ED80-F107-409B-BCB4-DA408BC890E1}.Debug|x64.Build.0 = Debug|x64
		{5BF3ED80-F107-409B-BCB4-DA408BC890E1}.Release|x64.ActiveCfg = Release|x64
		{5BF3ED80-F107-409B-BCB4-DA408BC890E1}.Release|x64.Build.0 = Release|x64
		{5EDE0E44-7EBB-40C7-A624-44D3824AAC80}.Debug_HMI|x64.ActiveCfg = Debug|x64
		{5EDE0E44-7EBB-40C7-A624-44D3824AAC80}.Debug_HMI|x64.Build.0 = Debug|x64
		{5EDE0E44-7EBB-40C7-A624-44D3824AAC80}.Debug|x64.ActiveCfg = Debug|x64
		{5EDE0E44-7EBB-40C7-A624-44D3824AAC80}.Debug|x64.Build.0 = Debug|x64
		{5EDE0E44-7EBB-40C7-A624-44D3824AAC80}.Release|x64.ActiveCfg = Release|x64
		{5EDE0E44-7EBB-40C7-A624-44D3824AAC80}.Release|x64.Build.0 = Release|x64
		{94336578-B961-47E9-A74D-D7ADFEF5B129}.Debug_HMI|x64.ActiveCfg = Debug|x64
		{94336578-B961-47E9-A74D-D7ADFEF5B129}.Debug_HMI|x64.Build.0 = Debug|x64
		{94336578-B961-47E9-A74D-D7ADFEF5B129}.Debug|x64.ActiveCfg = Debug|x64
		{94336578-B961-47E9-A74D-D7ADFEF5B129}.Debug|x64.Build.0 = Debug|x64
		{94336578-B961-47E9-A74D-D7ADFEF5B129}.Release|x64.ActiveCfg = Release|x64
		{94336578-B961-47E9-A74D-D7ADFEF5B129}.Release|x64.Build.0 = Release|x64
		{3004C12D-E0E1-422A-BFAC-FC288C2D7E16}.Debug_HMI|x64.ActiveCfg = Debug|x64
		{3004C12D-E0E1-422A-BFAC-FC288C2D7E16}.Debug_HMI|x64.Build.0 = Debug|x64
		{3004C12D-E0E1-422A-BFAC-FC288C2D7E16}.Debug|x64.ActiveCfg = Debug|x64
		{3004C12D-E0E1-422A-BFAC-FC288C2D7E16}.Debug|x64.Build.0 = Debug|x64
		{3004C12D-E0E1-422A-BFAC-FC288C2D7E16}.Release|x64.ActiveCfg = Release|x64
		{3004C12D-E0E1-422A-BFAC-FC288C2D7E16}.Release|x64.Build.0 = Release|x64
		{9C64DC4B-5DFB-4E28-8C2E-C5907B6D729F}.Debug_HMI|x64.ActiveCfg = Debug|x64
		{9C64DC4B-5DFB-4E28-8C2E-C5907B6D729F}.Debug_HMI|x64.Build.0 = Debug|x64
		{9C64DC4B-5DFB-4E28-8C2E-C5907B6D729F}.Debug|x64.ActiveCfg = Debug|x64
		{9C64DC4B-5DFB-4E28-8C2E-C5907B6D729F}.Debug|x64.Build.0 = Debug|x64
		{9C64DC4B-5DFB-4E28-8C2E-C5907B6D729F}.Release|x64.ActiveCfg = Release|x64
		{9C64DC4B-5DFB-4E28-8C2E-C5907B6D729F}.Release|x64.Build.0 = Release|x64
		{90BDBE2A-B307-4FE9-95AB-09A0673C2345}.Debug_HMI|x64.ActiveCfg = Debug|x64
		{90BDBE2A-B307-4FE9-95AB-09A0673C2345}.Debug_HMI|x64.Build.0 = Debug|x64
		{90BDBE2A-B307-4FE9-95AB-09A0673C2345}.Debug|x64.ActiveCfg = Debug|x64
		{90BDBE2A-B307-4FE9-95AB-09A0673C2345}.Debug|x64.Build.0 = Debug|x64
		{90BDBE2A-B307-4FE9-95AB-09A0673C2345}.Release|x64.ActiveCfg = Release|x64
		{90BDBE2A-B307-4FE9-95AB-09A0673C2345}.Release|x64.Build.0 = Release|x64
		{262A368D-E0D8-4B5D-BD58-F7220DEDCD97}.Debug_HMI|x64.ActiveCfg = Debug|x64
		{262A368D-E0D8-4B5D-BD58-F7220DEDCD97}.Debug_HMI|x64.Build.0 = Debug|x64
		{262A368D-E0D8-4B5D-BD58-F7220DEDCD97}.Debug|x64.ActiveCfg = Debug|x64
		{262A368D-E0D8-4B5D-BD58-F7220DEDCD97}.Debug|x64.Build.0 = Debug|x64
		{262A368D-E0D8-4B5D-BD58-F7220DEDCD97}.Release|x64.ActiveCfg = Release|x64
		{262A368D-E0D8-4B5D-BD58-F7220DEDCD97}.Release|x64.Build.0 = Release|x64
		{0B13860F-0A0C-40C3-B389-C5FA7BC59040}.Debug_HMI|x64.ActiveCfg = Debug|x64
		{0B13860F-0A0C-40C3-B389-C5FA7BC59040}.Debug_HMI|x64.Build.0 = Debug|x64
		{0B13860F-0A0C-40C3-B389-C5FA7BC59040}.Debug|x64.ActiveCfg = Debug|x64
		{0B13860F-0A0C-40C3-B389-C5FA7BC59040}.Debug|x64.Build.0 = Debug|x64
		{0B13860F-0A0C-40C3-B389-C5FA7BC59040}.Release|x64.ActiveCfg = Release|x64
		{0B13860F-0A0C-40C3-B389-C5FA7BC59040}.Release|x64.Build.0 = Release|x64
		{03D28205-0D36-48CF-A3C4-32A4BF565E03}.Debug_HMI|x64.ActiveCfg = Debug|x64
		{03D28205-0D36-48CF-A3C4-32A4BF565E03}.Debug_HMI|x64.Build.0 = Debug|x64
		{03D28205-0D36-48CF-A3C4-32A4BF565E03}.Debug|x64.ActiveCfg = Debug|x64
		{03D28205-0D36-48CF-A3C4-32A4BF565E03}.Debug|x64.Build.0 = Debug|x64
		{03D28205-0D36-48CF-A3C4-32A4BF565E03}.Release|x64.ActiveCfg = Release|x64
		{03D28205-0D36-48CF-A3C4-32A4BF565E03}.Release|x64.Build.0 = Release|x64
		{CDE3185A-C0BA-4EB5-B8C0-95B681AFC391}.Debug_HMI|x64.ActiveCfg = Debug|x64
		{CDE3185A-C0BA-4EB5-B8C0-95B681AFC391}.Debug_HMI|x64.Build.0 = Debug|x64
		{CDE3185A-C0BA-4EB5-B8C0-95B681AFC391}.Debug|x64.ActiveCfg = Debug|x64
		{CDE3185A-C0BA-4EB5-B8C0-95B681AFC391}.Debug|x64.Build.0 = Debug|x64
		{CDE3185A-C0BA-4EB5-B8C0-95B681AFC391}.Release|x64.ActiveCfg = Release|x64
		{CDE3185A-C0BA-4EB5-B8C0-95B681AFC391}.Release|x64.Build.0 = Release|x64
		{643CADEC-1417-4982-9B67-8DBD78DA7342}.Debug_HMI|x64.ActiveCfg = Debug|x64
		{643CADEC-1417-4982-9B67-8DBD78DA7342}.Debug_HMI|x64.Build.0 = Debug|x64
		{643CADEC-1417-4982-9B67-8DBD78DA7342}.Debug|x64.ActiveCfg = Debug|x64
		{643CADEC-1417-4982-9B67-8DBD78DA7342}.Debug|x64.Build.0 = Debug|x64
		{643CADEC-1417-4982-9B67-8DBD78DA7342}.Release|x64.ActiveCfg = Release|x64
		{643CADEC-1417-4982-9B67-8DBD78DA7342}.Release|x64.Build.0 = Release|x64
		{C0CB6035-BEB9-4397-9AC9-AD053F093EC1}.Debug_HMI|x64.ActiveCfg = Debug|x64
		{C0CB6035-BEB9-4397-9AC9-AD053F093EC1}.Debug_HMI|x64.Build.0 = Debug|x64
		{C0CB6035-BEB9-4397-9AC9-AD053F093EC1}.Debug|x64.ActiveCfg = Debug|x64
		{C0CB6035-BEB9-4397-9AC9-AD053F093EC1}.Debug|x64.Build.0 = Debug|x64
		{C0CB6035-BEB9-4397-9AC9-AD053F093EC1}.Release|x64.ActiveCfg = Release|x64
		{C0CB6035-BEB9-4397-9AC9-AD053F093EC1}.Release|x64.Build.0 = Release|x64
		{DE0ACA5D-D8EA-4131-B4F8-2D50028972E8}.Debug_HMI|x64.ActiveCfg = Debug|x64
		{DE0ACA5D-D8EA-4131-B4F8-2D50028972E8}.Debug_HMI|x64.Build.0 = Debug|x64
		{DE0ACA5D-D8EA-4131-B4F8-2D50028972E8}.Debug|x64.ActiveCfg = Debug|x64
		{DE0ACA5D-D8EA-4131-B4F8-2D50028972E8}.Debug|x64.Build.0 = Debug|x64
		{DE0ACA5D-D8EA-4131-B4F8-2D50028972E8}.Release|x64.ActiveCfg = Release|x64
		{DE0ACA5D-D8EA-4131-B4F8-2D50028972E8}.Release|x64.Build.0 = Release|x64
		{CDC60498-3B22-48B5-A73A-1273842D9E6F}.Debug_HMI|x64.ActiveCfg = Debug|x64
		{CDC60498-3B22-48B5-A73A-1273842D9E6F}.Debug_HMI|x64.Build.0 = Debug|x64
		{CDC60498-3B22-48B5-A73A-1273842D9E6F}.Debug|x64.ActiveCfg = Debug|x64
		{CDC60498-3B22-48B5-A73A-1273842D9E6F}.Debug|x64.Build.0 = Debug|x64
		{CDC60498-3B22-48B5-A73A-1273842D9E6F}.Release|x64.ActiveCfg = Release|x64
		{CDC60498-3B22-48B5-A73A-1273842D9E6F}.Release|x64.Build.0 = Release|x64
		{9FDE24D4-57E8-4AEA-A1B2-6126048232DF}.Debug_HMI|x64.ActiveCfg = Debug|x64
		{9FDE24D4-57E8-4AEA-A1B2-6126048232DF}.Debug_HMI|x64.Build.0 = Debug|x64
		{9FDE24D4-57E8-4AEA-A1B2-6126048232DF}.Debug|x64.ActiveCfg = Debug|x64
		{9FDE24D4-57E8-4AEA-A1B2-6126048232DF}.Debug|x64.Build.0 = Debug|x64
		{9FDE24D4-57E8-4AEA-A1B2-6126048232DF}.Release|x64.ActiveCfg = Release|x64
		{9FDE24D4-57E8-4AEA-A1B2-6126048232DF}.Release|x64.Build.0 = Release|x64
		{18E0C603-DEDC-40B3-84D6-AA1F21F31F7B}.Debug_HMI|x64.ActiveCfg = Debug|x64
		{18E0C603-DEDC-40B3-84D6-AA1F21F31F7B}.Debug_HMI|x64.Build.0 = Debug|x64
		{18E0C603-DEDC-40B3-84D6-AA1F21F31F7B}.Debug|x64.ActiveCfg = Debug|x64
		{18E0C603-DEDC-40B3-84D6-AA1F21F31F7B}.Debug|x64.Build.0 = Debug|x64
		{18E0C603-DEDC-40B3-84D6-AA1F21F31F7B}.Release|x64.ActiveCfg = Release|x64
		{18E0C603-DEDC-40B3-84D6-AA1F21F31F7B}.Release|x64.Build.0 = Release|x64
		{CE849B42-B59B-4189-A72A-07BC5CBBAE69}.Debug_HMI|x64.ActiveCfg = Debug|Any CPU
		{CE849B42-B59B-4189-A72A-07BC5CBBAE69}.Debug_HMI|x64.Build.0 = Debug|Any CPU
		{CE849B42-B59B-4189-A72A-07BC5CBBAE69}.Debug|x64.ActiveCfg = Debug|x64
		{CE849B42-B59B-4189-A72A-07BC5CBBAE69}.Debug|x64.Build.0 = Debug|x64
		{CE849B42-B59B-4189-A72A-07BC5CBBAE69}.Release|x64.ActiveCfg = Release|x64
		{CE849B42-B59B-4189-A72A-07BC5CBBAE69}.Release|x64.Build.0 = Release|x64
		{8632ADA8-4D90-4DE2-8520-9402C212BA70}.Debug_HMI|x64.ActiveCfg = Debug|Any CPU
		{8632ADA8-4D90-4DE2-8520-9402C212BA70}.Debug_HMI|x64.Build.0 = Debug|Any CPU
		{8632ADA8-4D90-4DE2-8520-9402C212BA70}.Debug|x64.ActiveCfg = Debug|x64
		{8632ADA8-4D90-4DE2-8520-9402C212BA70}.Debug|x64.Build.0 = Debug|x64
		{8632ADA8-4D90-4DE2-8520-9402C212BA70}.Release|x64.ActiveCfg = Release|x64
		{8632ADA8-4D90-4DE2-8520-9402C212BA70}.Release|x64.Build.0 = Release|x64
		{F8EF0AF6-9151-4A13-B7AA-56CD7F664647}.Debug_HMI|x64.ActiveCfg = Debug|x64
		{F8EF0AF6-9151-4A13-B7AA-56CD7F664647}.Debug_HMI|x64.Build.0 = Debug|x64
		{F8EF0AF6-9151-4A13-B7AA-56CD7F664647}.Debug|x64.ActiveCfg = Debug|x64
		{F8EF0AF6-9151-4A13-B7AA-56CD7F664647}.Debug|x64.Build.0 = Debug|x64
		{F8EF0AF6-9151-4A13-B7AA-56CD7F664647}.Release|x64.ActiveCfg = Release|x64
		{F8EF0AF6-9151-4A13-B7AA-56CD7F664647}.Release|x64.Build.0 = Release|x64
		{4F675830-79D2-41C7-BEE1-9DAEBCA35C75}.Debug_HMI|x64.ActiveCfg = Debug|Any CPU
		{4F675830-79D2-41C7-BEE1-9DAEBCA35C75}.Debug_HMI|x64.Build.0 = Debug|Any CPU
		{4F675830-79D2-41C7-BEE1-9DAEBCA35C75}.Debug|x64.ActiveCfg = Debug|x64
		{4F675830-79D2-41C7-BEE1-9DAEBCA35C75}.Debug|x64.Build.0 = Debug|x64
		{4F675830-79D2-41C7-BEE1-9DAEBCA35C75}.Release|x64.ActiveCfg = Release|x64
		{4F675830-79D2-41C7-BEE1-9DAEBCA35C75}.Release|x64.Build.0 = Release|x64
		{A4277C28-D526-4801-A4BF-A21106FC07A0}.Debug_HMI|x64.ActiveCfg = Debug|x64
		{A4277C28-D526-4801-A4BF-A21106FC07A0}.Debug_HMI|x64.Build.0 = Debug|x64
		{A4277C28-D526-4801-A4BF-A21106FC07A0}.Debug|x64.ActiveCfg = Debug|x64
		{A4277C28-D526-4801-A4BF-A21106FC07A0}.Debug|x64.Build.0 = Debug|x64
		{A4277C28-D526-4801-A4BF-A21106FC07A0}.Release|x64.ActiveCfg = Release|x64
		{A4277C28-D526-4801-A4BF-A21106FC07A0}.Release|x64.Build.0 = Release|x64
		{946EB8CB-20F1-4219-9361-35C0E7D60EB3}.Debug_HMI|x64.ActiveCfg = Debug|x64
		{946EB8CB-20F1-4219-9361-35C0E7D60EB3}.Debug_HMI|x64.Build.0 = Debug|x64
		{946EB8CB-20F1-4219-9361-35C0E7D60EB3}.Debug|x64.ActiveCfg = Debug|x64
		{946EB8CB-20F1-4219-9361-35C0E7D60EB3}.Debug|x64.Build.0 = Debug|x64
		{946EB8CB-20F1-4219-9361-35C0E7D60EB3}.Release|x64.ActiveCfg = Release|x64
		{946EB8CB-20F1-4219-9361-35C0E7D60EB3}.Release|x64.Build.0 = Release|x64
		{5B0FC3A1-6D00-4681-BBDA-76C81FBB1C3A}.Debug_HMI|x64.ActiveCfg = Debug|x64
		{5B0FC3A1-6D00-4681-BBDA-76C81FBB1C3A}.Debug_HMI|x64.Build.0 = Debug|x64
		{5B0FC3A1-6D00-4681-BBDA-76C81FBB1C3A}.Debug|x64.ActiveCfg = Debug|x64
		{5B0FC3A1-6D00-4681-BBDA-76C81FBB1C3A}.Debug|x64.Build.0 = Debug|x64
		{5B0FC3A1-6D00-4681-BBDA-76C81FBB1C3A}.Release|x64.ActiveCfg = Release|x64
		{5B0FC3A1-6D00-4681-BBDA-76C81FBB1C3A}.Release|x64.Build.0 = Release|x64
		{C1EBE8D6-7253-4A2E-85C1-E05D0190984F}.Debug_HMI|x64.ActiveCfg = Debug|x64
		{C1EBE8D6-7253-4A2E-85C1-E05D0190984F}.Debug_HMI|x64.Build.0 = Debug|x64
		{C1EBE8D6-7253-4A2E-85C1-E05D0190984F}.Debug|x64.ActiveCfg = Debug|x64
		{C1EBE8D6-7253-4A2E-85C1-E05D0190984F}.Debug|x64.Build.0 = Debug|x64
		{C1EBE8D6-7253-4A2E-85C1-E05D0190984F}.Release|x64.ActiveCfg = Release|x64
		{C1EBE8D6-7253-4A2E-85C1-E05D0190984F}.Release|x64.Build.0 = Release|x64
		{AA51C330-3024-4106-ABD9-19F194DB9218}.Debug_HMI|x64.ActiveCfg = Debug|x64
		{AA51C330-3024-4106-ABD9-19F194DB9218}.Debug_HMI|x64.Build.0 = Debug|x64
		{AA51C330-3024-4106-ABD9-19F194DB9218}.Debug|x64.ActiveCfg = Debug|x64
		{AA51C330-3024-4106-ABD9-19F194DB9218}.Debug|x64.Build.0 = Debug|x64
		{AA51C330-3024-4106-ABD9-19F194DB9218}.Release|x64.ActiveCfg = Release|x64
		{AA51C330-3024-4106-ABD9-19F194DB9218}.Release|x64.Build.0 = Release|x64
		{C9C3E279-EFFD-407E-81AF-BCBDDB12E25A}.Debug_HMI|x64.ActiveCfg = Debug|x64
		{C9C3E279-EFFD-407E-81AF-BCBDDB12E25A}.Debug_HMI|x64.Build.0 = Debug|x64
		{C9C3E279-EFFD-407E-81AF-BCBDDB12E25A}.Debug|x64.ActiveCfg = Debug|x64
		{C9C3E279-EFFD-407E-81AF-BCBDDB12E25A}.Debug|x64.Build.0 = Debug|x64
		{C9C3E279-EFFD-407E-81AF-BCBDDB12E25A}.Release|x64.ActiveCfg = Release|x64
		{C9C3E279-EFFD-407E-81AF-BCBDDB12E25A}.Release|x64.Build.0 = Release|x64
		{C9C3E279-EFFD-407E-81AF-BCBDDB12E25A}.Debug_HMI|x64.ActiveCfg = Debug|x64
		{C9C3E279-EFFD-407E-81AF-BCBDDB12E25A}.Debug_HMI|x64.Build.0 = Debug|x64
		{C9C3E279-EFFD-407E-81AF-BCBDDB12E25A}.Debug|x64.ActiveCfg = Debug|x64
		{C9C3E279-EFFD-407E-81AF-BCBDDB12E25A}.Debug|x64.Build.0 = Debug|x64
		{C9C3E279-EFFD-407E-81AF-BCBDDB12E25A}.Release|x64.ActiveCfg = Release|x64
		{C9C3E279-EFFD-407E-81AF-BCBDDB12E25A}.Release|x64.Build.0 = Release|x64
		{CF1B4C31-0420-401F-9DD5-2BC4B5D091E8}.Debug_HMI|x64.ActiveCfg = Debug|Any CPU
		{CF1B4C31-0420-401F-9DD5-2BC4B5D091E8}.Debug_HMI|x64.Build.0 = Debug|Any CPU
		{CF1B4C31-0420-401F-9DD5-2BC4B5D091E8}.Debug|x64.ActiveCfg = Debug|x64
		{CF1B4C31-0420-401F-9DD5-2BC4B5D091E8}.Debug|x64.Build.0 = Debug|x64
		{CF1B4C31-0420-401F-9DD5-2BC4B5D091E8}.Release|x64.ActiveCfg = Release|x64
		{CF1B4C31-0420-401F-9DD5-2BC4B5D091E8}.Release|x64.Build.0 = Release|x64
	EndGlobalSection
	GlobalSection(SolutionProperties) = preSolution
		HideSolutionNode = FALSE
	EndGlobalSection
	GlobalSection(NestedProjects) = preSolution
		{40C09A85-1A57-4232-9FF8-61CF274735C8} = {E30403A5-E4EC-46E3-9F9F-F90DFB249281}
		{2F55B3A5-F966-4650-9EDB-EDA8F4B4F3E2} = {565E58E5-28D5-4DB7-9D6C-9D36300B6C6D}
		{5E8633AB-C625-49EF-A0A1-632C630E97C8} = {565E58E5-28D5-4DB7-9D6C-9D36300B6C6D}
		{FC8ED3A2-FF0A-48B1-A35D-BF6AF5C3DDC7} = {565E58E5-28D5-4DB7-9D6C-9D36300B6C6D}
		{ABA2C6A4-BCB4-478A-BE76-CB62AB4941E9} = {565E58E5-28D5-4DB7-9D6C-9D36300B6C6D}
		{2F5F6FB2-6DFC-4FAC-891E-3BA88F3B7A33} = {7363D014-BF1C-4BE4-BF9D-56D80215A79F}
		{097A017C-AB63-42BD-987B-6BC537EE36F2} = {7363D014-BF1C-4BE4-BF9D-56D80215A79F}
		{468DB3CC-73CB-46B8-94F2-5829D24AF3AA} = {476A00A1-0EF9-4227-A625-3BEBED19BE13}
		{5256D984-4871-4D6A-9CAF-CE8F45A51A70} = {AAF7D806-B7D6-49EE-8432-5C3AA83EA3DD}
		{EEE94F55-381C-4FCE-A35C-3AEAE3EC7C63} = {E2C91C8A-2EFE-47E2-9A1E-010ECC65DA81}
		{04AD1C23-71C2-46C4-880E-BC5CC2541DA4} = {E2C91C8A-2EFE-47E2-9A1E-010ECC65DA81}
		{53BD49C3-C5CE-4EAD-8261-A95C2A003A5E} = {E87A489F-0E33-4703-97B1-B7D26596FDA7}
		{606809FE-7DFF-4ED0-82A9-EEB525A97BD8} = {631C72D8-70BF-4264-81C7-4E2CD45C037D}
		{D1D97C03-4864-48C6-8F97-C666629BFB4C} = {02F63339-47E8-4F98-BAFB-0F40D0E1B6F3}
		{01624866-5C0A-4F7E-A355-8D03680B3466} = {02F63339-47E8-4F98-BAFB-0F40D0E1B6F3}
		{34913414-05DA-458D-AD73-CC233DE1B0B5} = {C4A5BBB6-CB21-4BB6-995D-22CAE059FDC0}
		{77F22706-7C58-4193-AE97-85347CBDE3A2} = {1310075A-28CD-4295-BA80-1FF4949AC954}
		{33FCE426-267B-4820-9836-4A382A0B75DB} = {565E58E5-28D5-4DB7-9D6C-9D36300B6C6D}
		{BD238D45-4BCA-4D19-90DF-AF8B752E59A5} = {7363D014-BF1C-4BE4-BF9D-56D80215A79F}
		{B5FB9569-4BCF-435A-8C3D-1A051C47F24D} = {AAF7D806-B7D6-49EE-8432-5C3AA83EA3DD}
		{D4E1FE6A-B948-4F37-942D-F2C03B598510} = {476A00A1-0EF9-4227-A625-3BEBED19BE13}
		{33001885-19D0-466E-88A9-5024983E8397} = {AAF7D806-B7D6-49EE-8432-5C3AA83EA3DD}
		{97C741A4-6213-470B-9EB1-F19F61DF281C} = {C4A5BBB6-CB21-4BB6-995D-22CAE059FDC0}
		{7363D014-BF1C-4BE4-BF9D-56D80215A79F} = {565E58E5-28D5-4DB7-9D6C-9D36300B6C6D}
		{476A00A1-0EF9-4227-A625-3BEBED19BE13} = {565E58E5-28D5-4DB7-9D6C-9D36300B6C6D}
		{6B81D50C-BAEA-4FEF-BE22-28202B004200} = {E30403A5-E4EC-46E3-9F9F-F90DFB249281}
		{81D91FCA-DAE7-4F69-9D05-2F6E308837D8} = {6B81D50C-BAEA-4FEF-BE22-28202B004200}
		{C4A5BBB6-CB21-4BB6-995D-22CAE059FDC0} = {565E58E5-28D5-4DB7-9D6C-9D36300B6C6D}
		{E87A489F-0E33-4703-97B1-B7D26596FDA7} = {C4A5BBB6-CB21-4BB6-995D-22CAE059FDC0}
		{F6A1A9A8-40B1-4015-A228-6F548EDF8755} = {E87A489F-0E33-4703-97B1-B7D26596FDA7}
		{E2C91C8A-2EFE-47E2-9A1E-010ECC65DA81} = {C4A5BBB6-CB21-4BB6-995D-22CAE059FDC0}
		{0B138AE8-3243-4D88-867F-3111DD8FB6FF} = {E2C91C8A-2EFE-47E2-9A1E-010ECC65DA81}
		{108F65A6-9744-4F59-B70D-15EC24C5098B} = {737B8DBA-F014-4E73-8FB6-E5C77F218FE8}
		{02F63339-47E8-4F98-BAFB-0F40D0E1B6F3} = {565E58E5-28D5-4DB7-9D6C-9D36300B6C6D}
		{631C72D8-70BF-4264-81C7-4E2CD45C037D} = {C4A5BBB6-CB21-4BB6-995D-22CAE059FDC0}
		{72D98D6F-3DC3-4148-A141-B2AD4C17C9DB} = {631C72D8-70BF-4264-81C7-4E2CD45C037D}
		{C899AA41-A83A-405E-8351-05021DAE0958} = {737B8DBA-F014-4E73-8FB6-E5C77F218FE8}
		{EDD38F09-9DA4-4E8B-B388-FD13176EEC37} = {033B2DD1-AD36-41FD-9298-338F89E32EC6}
		{DDAD1006-F8E4-4904-9004-0810A47CA810} = {E2C91C8A-2EFE-47E2-9A1E-010ECC65DA81}
		{0EE61CA6-ADF0-4EB5-B197-9606F1C66873} = {E2C91C8A-2EFE-47E2-9A1E-010ECC65DA81}
		{F5DF897E-39CA-4C8F-A324-7DC38F7FBE53} = {0EE61CA6-ADF0-4EB5-B197-9606F1C66873}
		{046875E4-F367-4B10-955A-C33F6F7A249A} = {0EE61CA6-ADF0-4EB5-B197-9606F1C66873}
		{109758C2-2744-48E5-85C6-7BCE6ABACCA6} = {0EE61CA6-ADF0-4EB5-B197-9606F1C66873}
		{B8F464FB-3E5D-4823-80A7-FA6DDB9991A3} = {0EE61CA6-ADF0-4EB5-B197-9606F1C66873}
		{3D86D41D-0A40-4A32-8005-216A4E3540C9} = {0EE61CA6-ADF0-4EB5-B197-9606F1C66873}
		{EFDE8F3C-B2EB-4B24-8698-C42C6412D01D} = {0EE61CA6-ADF0-4EB5-B197-9606F1C66873}
		{149FEBAB-84DD-4B95-8DEA-60F22BB8EC1B} = {0EE61CA6-ADF0-4EB5-B197-9606F1C66873}
		{766D8E5D-3AA3-4B76-A6B1-FB3757DC0832} = {0EE61CA6-ADF0-4EB5-B197-9606F1C66873}
		{F3073F80-8CED-4FBD-BC89-96B564E00DD3} = {0EE61CA6-ADF0-4EB5-B197-9606F1C66873}
		{EEB1AD97-A4EA-4532-B718-BDED7FCF9AF0} = {0EE61CA6-ADF0-4EB5-B197-9606F1C66873}
		{E0EB594B-4DE9-4F70-ACE0-F51BEAF42A53} = {0EE61CA6-ADF0-4EB5-B197-9606F1C66873}
		{A1784397-2EDD-4E10-8CD1-512DAE9E2C57} = {E2C91C8A-2EFE-47E2-9A1E-010ECC65DA81}
		{1F1426D1-838C-4E37-8598-8533BF310975} = {A1784397-2EDD-4E10-8CD1-512DAE9E2C57}
		{B04C78DE-F8DB-4CCD-A074-24F88FBBEA4A} = {E2C91C8A-2EFE-47E2-9A1E-010ECC65DA81}
		{E7D74FE4-F983-439F-BF5E-BB548B08A498} = {E2C91C8A-2EFE-47E2-9A1E-010ECC65DA81}
		{D344632E-77E6-402A-AEF1-5590905F08C9} = {E30403A5-E4EC-46E3-9F9F-F90DFB249281}
		{9C0EEAF0-9DB1-426B-B3E6-717C176E1B09} = {E30403A5-E4EC-46E3-9F9F-F90DFB249281}
		{60E8BCF5-FB48-4224-B4B3-BC3979A8106C} = {033B2DD1-AD36-41FD-9298-338F89E32EC6}
		{529C212F-3333-43D2-A7EF-AC4EA7D5A21E} = {6B81D50C-BAEA-4FEF-BE22-28202B004200}
		{85294973-E8B1-4237-88EF-52D86CFE90D1} = {737B8DBA-F014-4E73-8FB6-E5C77F218FE8}
		{C479E5B7-73B7-4A22-8790-74592E2F35CB} = {85294973-E8B1-4237-88EF-52D86CFE90D1}
		{B912B62C-4F7E-40DA-815C-68AA6744923F} = {0EE61CA6-ADF0-4EB5-B197-9606F1C66873}
		{23297BBB-7D00-4BAF-88A1-E1F0AE87DCDC} = {6D83CF1B-BEDE-4671-9BB6-20D4AC2FF8D3}
		{C40D44CA-4C91-4D64-BEF9-69A8C50FCEFB} = {78B59A58-BDDC-46AB-A30A-3A2A4CE7CA83}
		{D9C59038-5F5A-4172-BBB1-DC7010D3570A} = {C40D44CA-4C91-4D64-BEF9-69A8C50FCEFB}
		{2CB2AACF-2704-49ED-A43E-3289CF24F02C} = {D9C59038-5F5A-4172-BBB1-DC7010D3570A}
		{0D35046F-06C2-4EC8-B81A-3F93F483A3B9} = {6B81D50C-BAEA-4FEF-BE22-28202B004200}
		{010D57AA-CFB3-4BCC-857C-15DB015290B7} = {737B8DBA-F014-4E73-8FB6-E5C77F218FE8}
		{7D23C8BA-0743-4225-A265-1BE02B0F9B9E} = {737B8DBA-F014-4E73-8FB6-E5C77F218FE8}
		{99E63FEE-1A70-48DF-BF4B-7FA9B549970E} = {85294973-E8B1-4237-88EF-52D86CFE90D1}
		{1310075A-28CD-4295-BA80-1FF4949AC954} = {C4A5BBB6-CB21-4BB6-995D-22CAE059FDC0}
		{80484A41-7523-430E-B56E-1433457DA5FB} = {1310075A-28CD-4295-BA80-1FF4949AC954}
		{07EE2554-1DF9-4C5F-B17C-513F9A728109} = {565E58E5-28D5-4DB7-9D6C-9D36300B6C6D}
		{35911960-2EA5-4505-AB61-C98D8B5345F7} = {07EE2554-1DF9-4C5F-B17C-513F9A728109}
		{4D864350-DA42-456A-905A-9E022813CF5A} = {85294973-E8B1-4237-88EF-52D86CFE90D1}
		{E3C63C0D-1A89-496D-9E5A-8DF038988E75} = {85294973-E8B1-4237-88EF-52D86CFE90D1}
		{24D77AFC-CDF3-4606-A18E-BE9C6FD80E84} = {6B81D50C-BAEA-4FEF-BE22-28202B004200}
		{14EF531B-57FA-4259-86C7-E65C48D8BD8E} = {737B8DBA-F014-4E73-8FB6-E5C77F218FE8}
		{93A76A32-190A-4716-8B4E-64112C73ACE1} = {14EF531B-57FA-4259-86C7-E65C48D8BD8E}
		{E17AB098-6E3A-4A00-8C32-F18838851AA7} = {E30403A5-E4EC-46E3-9F9F-F90DFB249281}
		{39963275-20FA-4989-8ECD-9EC92E3DE5B4} = {737B8DBA-F014-4E73-8FB6-E5C77F218FE8}
		{1DE2F57F-8AA5-4BCF-B5DA-5ADBA5A171DE} = {C40D44CA-4C91-4D64-BEF9-69A8C50FCEFB}
		{3F3CC7E4-7DE0-40B8-8C4F-096B5F1E0CDA} = {565E58E5-28D5-4DB7-9D6C-9D36300B6C6D}
		{FC646E0D-EA98-425F-B08A-3C361ED7CD9C} = {6B81D50C-BAEA-4FEF-BE22-28202B004200}
		{79F7E968-C5FD-4307-9127-C9C96691E505} = {565E58E5-28D5-4DB7-9D6C-9D36300B6C6D}
		{9B4A20A7-1327-4265-89EC-C8852957C05F} = {6B81D50C-BAEA-4FEF-BE22-28202B004200}
		{BA61082A-1B78-48EE-8EE0-704208209F9D} = {E30403A5-E4EC-46E3-9F9F-F90DFB249281}
		{8A288ABB-F8C5-40B3-ABEC-051409043B7F} = {565E58E5-28D5-4DB7-9D6C-9D36300B6C6D}
		{9F5CA226-C727-4E27-9183-4D805AAD9C44} = {0EE61CA6-ADF0-4EB5-B197-9606F1C66873}
		{5BF3ED80-F107-409B-BCB4-DA408BC890E1} = {6B81D50C-BAEA-4FEF-BE22-28202B004200}
		{5EDE0E44-7EBB-40C7-A624-44D3824AAC80} = {E30403A5-E4EC-46E3-9F9F-F90DFB249281}
		{DD1EEA17-AC64-45A5-ADE6-80CAFC281721} = {C4A5BBB6-CB21-4BB6-995D-22CAE059FDC0}
		{94336578-B961-47E9-A74D-D7ADFEF5B129} = {85294973-E8B1-4237-88EF-52D86CFE90D1}
		{3004C12D-E0E1-422A-BFAC-FC288C2D7E16} = {565E58E5-28D5-4DB7-9D6C-9D36300B6C6D}
		{9C64DC4B-5DFB-4E28-8C2E-C5907B6D729F} = {565E58E5-28D5-4DB7-9D6C-9D36300B6C6D}
		{90BDBE2A-B307-4FE9-95AB-09A0673C2345} = {565E58E5-28D5-4DB7-9D6C-9D36300B6C6D}
		{262A368D-E0D8-4B5D-BD58-F7220DEDCD97} = {E30403A5-E4EC-46E3-9F9F-F90DFB249281}
		{0B13860F-0A0C-40C3-B389-C5FA7BC59040} = {0EE61CA6-ADF0-4EB5-B197-9606F1C66873}
		{03D28205-0D36-48CF-A3C4-32A4BF565E03} = {E30403A5-E4EC-46E3-9F9F-F90DFB249281}
		{CDE3185A-C0BA-4EB5-B8C0-95B681AFC391} = {0EE61CA6-ADF0-4EB5-B197-9606F1C66873}
		{643CADEC-1417-4982-9B67-8DBD78DA7342} = {DD1EEA17-AC64-45A5-ADE6-80CAFC281721}
		{C0CB6035-BEB9-4397-9AC9-AD053F093EC1} = {0EE61CA6-ADF0-4EB5-B197-9606F1C66873}
		{DE0ACA5D-D8EA-4131-B4F8-2D50028972E8} = {0EE61CA6-ADF0-4EB5-B197-9606F1C66873}
		{CDC60498-3B22-48B5-A73A-1273842D9E6F} = {E30403A5-E4EC-46E3-9F9F-F90DFB249281}
		{9FDE24D4-57E8-4AEA-A1B2-6126048232DF} = {85294973-E8B1-4237-88EF-52D86CFE90D1}
		{18E0C603-DEDC-40B3-84D6-AA1F21F31F7B} = {85294973-E8B1-4237-88EF-52D86CFE90D1}
		{CE849B42-B59B-4189-A72A-07BC5CBBAE69} = {565E58E5-28D5-4DB7-9D6C-9D36300B6C6D}
		{8632ADA8-4D90-4DE2-8520-9402C212BA70} = {0EE61CA6-ADF0-4EB5-B197-9606F1C66873}
		{8B5901FE-C0AF-4B9D-80B9-569B8AB8FBF3} = {565E58E5-28D5-4DB7-9D6C-9D36300B6C6D}
		{F8EF0AF6-9151-4A13-B7AA-56CD7F664647} = {8B5901FE-C0AF-4B9D-80B9-569B8AB8FBF3}
		{4F675830-79D2-41C7-BEE1-9DAEBCA35C75} = {7B83B7C4-F96A-4D47-BD2C-1584402D91D8}
		{AAF7D806-B7D6-49EE-8432-5C3AA83EA3DD} = {476A00A1-0EF9-4227-A625-3BEBED19BE13}
		{A4277C28-D526-4801-A4BF-A21106FC07A0} = {AAF7D806-B7D6-49EE-8432-5C3AA83EA3DD}
		{946EB8CB-20F1-4219-9361-35C0E7D60EB3} = {D70BBB65-F344-475F-9F08-B8036485D7DE}
		{5B0FC3A1-6D00-4681-BBDA-76C81FBB1C3A} = {476A00A1-0EF9-4227-A625-3BEBED19BE13}
		{C1EBE8D6-7253-4A2E-85C1-E05D0190984F} = {7363D014-BF1C-4BE4-BF9D-56D80215A79F}
		{AA51C330-3024-4106-ABD9-19F194DB9218} = {476A00A1-0EF9-4227-A625-3BEBED19BE13}
		{1D4DA016-47CF-471B-9E67-F943CF323D72} = {D9C59038-5F5A-4172-BBB1-DC7010D3570A}
		{591AD84E-A7DC-490C-87F2-49C90E5EBBF2} = {565E58E5-28D5-4DB7-9D6C-9D36300B6C6D}
		{CF1B4C31-0420-401F-9DD5-2BC4B5D091E8} = {591AD84E-A7DC-490C-87F2-49C90E5EBBF2}
	EndGlobalSection
	GlobalSection(ExtensibilityGlobals) = postSolution
		SolutionGuid = {D7B1E266-8F57-4CE9-9039-3BD733CD75EB}
	EndGlobalSection
EndGlobal
