<?xml version="1.0" encoding="utf-8"?>
<Project ToolsVersion="4.0" xmlns="http://schemas.microsoft.com/developer/msbuild/2003">
  <ItemGroup>
    <Filter Include="Source Files">
      <UniqueIdentifier>{24ff8cff-54b5-48f1-9bfc-d80aa2c2307f}</UniqueIdentifier>
      <Extensions>cpp;c;cxx;rc;def;r;odl;idl;hpj;bat</Extensions>
    </Filter>
    <Filter Include="Header Files">
      <UniqueIdentifier>{3ce9b305-0eaa-481a-922d-1ff569b5ec6e}</UniqueIdentifier>
      <Extensions>h;hpp;hxx;hm;inl</Extensions>
    </Filter>
    <Filter Include="Resource Files">
      <UniqueIdentifier>{9e0c0bc4-45e3-4fd3-9822-ecc4e95dc51e}</UniqueIdentifier>
      <Extensions>ico;cur;bmp;dlg;rc2;rct;bin;rgs;gif;jpg;jpeg;jpe</Extensions>
    </Filter>
  </ItemGroup>
  <ItemGroup>
    <ClCompile Include="Dib.cpp">
      <Filter>Source Files</Filter>
    </ClCompile>
    <ClCompile Include="DisplayDlg.cpp">
      <Filter>Source Files</Filter>
    </ClCompile>
    <ClCompile Include="H3Display.cpp">
      <Filter>Source Files</Filter>
    </ClCompile>
    <ClCompile Include="H3DisplayTools.cpp">
      <Filter>Source Files</Filter>
    </ClCompile>
    <ClCompile Include="IntensityProfile.cpp">
      <Filter>Source Files</Filter>
    </ClCompile>
    <ClCompile Include="StdAfx.cpp">
      <Filter>Source Files</Filter>
    </ClCompile>
  </ItemGroup>
  <ItemGroup>
    <None Include="H3DisplayTools.def">
      <Filter>Source Files</Filter>
    </None>
    <None Include="res\H3DisplayTools.rc2">
      <Filter>Resource Files</Filter>
    </None>
  </ItemGroup>
  <ItemGroup>
    <ResourceCompile Include="H3DisplayTools.rc">
      <Filter>Source Files</Filter>
    </ResourceCompile>
  </ItemGroup>
  <ItemGroup>
    <ClInclude Include="Dib.h">
      <Filter>Header Files</Filter>
    </ClInclude>
    <ClInclude Include="DisplayDlg.h">
      <Filter>Header Files</Filter>
    </ClInclude>
    <ClInclude Include="H3Display.h">
      <Filter>Header Files</Filter>
    </ClInclude>
    <ClInclude Include="H3DisplayTools.h">
      <Filter>Header Files</Filter>
    </ClInclude>
    <ClInclude Include="IntensityProfile.h">
      <Filter>Header Files</Filter>
    </ClInclude>
    <ClInclude Include="Resource.h">
      <Filter>Header Files</Filter>
    </ClInclude>
    <ClInclude Include="StdAfx.h">
      <Filter>Header Files</Filter>
    </ClInclude>
  </ItemGroup>
  <ItemGroup>
    <Image Include="bitmap1.bmp">
      <Filter>Resource Files</Filter>
    </Image>
  </ItemGroup>
  <ItemGroup>
    <Text Include="ReadMe.txt" />
    <Text Include="Versions.txt" />
  </ItemGroup>
</Project>